// !$*UTF8*$!
{
	archiveVersion = 1;
	classes = {
	};
	objectVersion = 46;
	objects = {

/* Begin PBXBuildFile section */
		E41ED90E151F6DCC00F4D87F /* UIKit.framework in Frameworks */ = {isa = PBXBuildFile; fileRef = E41ED90D151F6DCC00F4D87F /* UIKit.framework */; };
		E41ED910151F6DCC00F4D87F /* Foundation.framework in Frameworks */ = {isa = PBXBuildFile; fileRef = E41ED90F151F6DCC00F4D87F /* Foundation.framework */; };
		E41ED912151F6DCC00F4D87F /* CoreGraphics.framework in Frameworks */ = {isa = PBXBuildFile; fileRef = E41ED911151F6DCC00F4D87F /* CoreGraphics.framework */; };
		E41ED918151F6DCC00F4D87F /* InfoPlist.strings in Resources */ = {isa = PBXBuildFile; fileRef = E41ED916151F6DCC00F4D87F /* InfoPlist.strings */; };
		E41ED91A151F6DCC00F4D87F /* main.m in Sources */ = {isa = PBXBuildFile; fileRef = E41ED919151F6DCC00F4D87F /* main.m */; };
		E41ED91E151F6DCC00F4D87F /* AppDelegate.m in Sources */ = {isa = PBXBuildFile; fileRef = E41ED91D151F6DCC00F4D87F /* AppDelegate.m */; };
		E41ED921151F6DCC00F4D87F /* MainStoryboard.storyboard in Resources */ = {isa = PBXBuildFile; fileRef = E41ED91F151F6DCC00F4D87F /* MainStoryboard.storyboard */; };
		E41ED924151F6DCC00F4D87F /* ViewController.m in Sources */ = {isa = PBXBuildFile; fileRef = E41ED923151F6DCC00F4D87F /* ViewController.m */; };
		E41ED92C151F6DCD00F4D87F /* SenTestingKit.framework in Frameworks */ = {isa = PBXBuildFile; fileRef = E41ED92B151F6DCD00F4D87F /* SenTestingKit.framework */; };
		E41ED92D151F6DCD00F4D87F /* UIKit.framework in Frameworks */ = {isa = PBXBuildFile; fileRef = E41ED90D151F6DCC00F4D87F /* UIKit.framework */; };
		E41ED92E151F6DCD00F4D87F /* Foundation.framework in Frameworks */ = {isa = PBXBuildFile; fileRef = E41ED90F151F6DCC00F4D87F /* Foundation.framework */; };
		E41ED936151F6DCD00F4D87F /* InfoPlist.strings in Resources */ = {isa = PBXBuildFile; fileRef = E41ED934151F6DCD00F4D87F /* InfoPlist.strings */; };
		E41ED939151F6DCD00F4D87F /* UltraCalcTests.m in Sources */ = {isa = PBXBuildFile; fileRef = E41ED938151F6DCD00F4D87F /* UltraCalcTests.m */; };
		E41ED9B8151F6E7800F4D87F /* _DDFunctionContainer.m in Sources */ = {isa = PBXBuildFile; fileRef = E41ED98C151F6E7800F4D87F /* _DDFunctionContainer.m */; };
		E41ED9B9151F6E7800F4D87F /* _DDFunctionExpression.m in Sources */ = {isa = PBXBuildFile; fileRef = E41ED98E151F6E7800F4D87F /* _DDFunctionExpression.m */; };
		E41ED9BA151F6E7800F4D87F /* _DDFunctionTerm.m in Sources */ = {isa = PBXBuildFile; fileRef = E41ED990151F6E7800F4D87F /* _DDFunctionTerm.m */; };
		E41ED9BB151F6E7800F4D87F /* _DDFunctionUtilities.m in Sources */ = {isa = PBXBuildFile; fileRef = E41ED992151F6E7800F4D87F /* _DDFunctionUtilities.m */; };
		E41ED9BC151F6E7800F4D87F /* _DDGroupTerm.m in Sources */ = {isa = PBXBuildFile; fileRef = E41ED994151F6E7800F4D87F /* _DDGroupTerm.m */; };
		E41ED9BD151F6E7800F4D87F /* _DDNumberExpression.m in Sources */ = {isa = PBXBuildFile; fileRef = E41ED996151F6E7800F4D87F /* _DDNumberExpression.m */; };
		E41ED9BE151F6E7800F4D87F /* _DDNumberTerm.m in Sources */ = {isa = PBXBuildFile; fileRef = E41ED998151F6E7800F4D87F /* _DDNumberTerm.m */; };
		E41ED9BF151F6E7800F4D87F /* _DDOperatorInfo.m in Sources */ = {isa = PBXBuildFile; fileRef = E41ED99A151F6E7800F4D87F /* _DDOperatorInfo.m */; };
		E41ED9C0151F6E7800F4D87F /* _DDOperatorTerm.m in Sources */ = {isa = PBXBuildFile; fileRef = E41ED99C151F6E7800F4D87F /* _DDOperatorTerm.m */; };
		E41ED9C1151F6E7800F4D87F /* _DDParserTerm.m in Sources */ = {isa = PBXBuildFile; fileRef = E41ED99E151F6E7800F4D87F /* _DDParserTerm.m */; };
		E41ED9C2151F6E7800F4D87F /* _DDRewriteRule.m in Sources */ = {isa = PBXBuildFile; fileRef = E41ED9A0151F6E7800F4D87F /* _DDRewriteRule.m */; };
		E41ED9C3151F6E7800F4D87F /* _DDVariableExpression.m in Sources */ = {isa = PBXBuildFile; fileRef = E41ED9A2151F6E7800F4D87F /* _DDVariableExpression.m */; };
		E41ED9C4151F6E7800F4D87F /* _DDVariableTerm.m in Sources */ = {isa = PBXBuildFile; fileRef = E41ED9A4151F6E7800F4D87F /* _DDVariableTerm.m */; };
		E41ED9C5151F6E7800F4D87F /* DDExpression.m in Sources */ = {isa = PBXBuildFile; fileRef = E41ED9A6151F6E7800F4D87F /* DDExpression.m */; };
		E41ED9C6151F6E7800F4D87F /* DDMathEvaluator.m in Sources */ = {isa = PBXBuildFile; fileRef = E41ED9A9151F6E7800F4D87F /* DDMathEvaluator.m */; };
		E41ED9C7151F6E7800F4D87F /* DDMathStringToken.m in Sources */ = {isa = PBXBuildFile; fileRef = E41ED9AD151F6E7800F4D87F /* DDMathStringToken.m */; };
		E41ED9C8151F6E7800F4D87F /* DDMathStringTokenizer.m in Sources */ = {isa = PBXBuildFile; fileRef = E41ED9AF151F6E7800F4D87F /* DDMathStringTokenizer.m */; };
		E41ED9C9151F6E7800F4D87F /* DDParser.m in Sources */ = {isa = PBXBuildFile; fileRef = E41ED9B1151F6E7800F4D87F /* DDParser.m */; };
		E41ED9CA151F6E7800F4D87F /* DDParserTypes.m in Sources */ = {isa = PBXBuildFile; fileRef = E41ED9B3151F6E7800F4D87F /* DDParserTypes.m */; };
		E41ED9CB151F6E7800F4D87F /* DDTypes.m in Sources */ = {isa = PBXBuildFile; fileRef = E41ED9B5151F6E7800F4D87F /* DDTypes.m */; };
		E41ED9CC151F6E7800F4D87F /* NSString+DDMathParsing.m in Sources */ = {isa = PBXBuildFile; fileRef = E41ED9B7151F6E7800F4D87F /* NSString+DDMathParsing.m */; };
		E42AD39E152D2C2A0049546F /* Eurostile.ttf in Resources */ = {isa = PBXBuildFile; fileRef = E42AD39D152D2C2A0049546F /* Eurostile.ttf */; };
		E43B232D1535C74E00B7B52A /* FXLabel.m in Sources */ = {isa = PBXBuildFile; fileRef = E43B232C1535C74E00B7B52A /* FXLabel.m */; };
		E45EF500152D56CF00E9F48A /* Eurostile.ttf in Resources */ = {isa = PBXBuildFile; fileRef = E42AD39D152D2C2A0049546F /* Eurostile.ttf */; };
		E45F3A5915398923004CAC5B /* Brain.m in Sources */ = {isa = PBXBuildFile; fileRef = E45F3A5815398923004CAC5B /* Brain.m */; };
		E45F3A6015399E27004CAC5B /* screen_bracket_body.png in Resources */ = {isa = PBXBuildFile; fileRef = E45F3A5A15399E27004CAC5B /* screen_bracket_body.png */; };
		E45F3A6115399E27004CAC5B /* screen_bracket_body@2x.png in Resources */ = {isa = PBXBuildFile; fileRef = E45F3A5B15399E27004CAC5B /* screen_bracket_body@2x.png */; };
		E45F3A6215399E27004CAC5B /* screen_bracket_left.png in Resources */ = {isa = PBXBuildFile; fileRef = E45F3A5C15399E27004CAC5B /* screen_bracket_left.png */; };
		E45F3A6315399E27004CAC5B /* screen_bracket_left@2x.png in Resources */ = {isa = PBXBuildFile; fileRef = E45F3A5D15399E27004CAC5B /* screen_bracket_left@2x.png */; };
		E45F3A6415399E27004CAC5B /* screen_bracket_right.png in Resources */ = {isa = PBXBuildFile; fileRef = E45F3A5E15399E27004CAC5B /* screen_bracket_right.png */; };
		E45F3A6515399E27004CAC5B /* screen_bracket_right@2x.png in Resources */ = {isa = PBXBuildFile; fileRef = E45F3A5F15399E27004CAC5B /* screen_bracket_right@2x.png */; };
		E48918A315356CC300398B17 /* InputScrollViewController.m in Sources */ = {isa = PBXBuildFile; fileRef = E48918A215356CC300398B17 /* InputScrollViewController.m */; };
		E4AB2440152368CB005D2443 /* MultipleButtonViewController.m in Sources */ = {isa = PBXBuildFile; fileRef = E4AB243F152368CB005D2443 /* MultipleButtonViewController.m */; };
		E4CBDB79152C834B00521FB9 /* brashes_color_black.png in Resources */ = {isa = PBXBuildFile; fileRef = E4CBDB0B152C834B00521FB9 /* brashes_color_black.png */; };
		E4CBDB7A152C834B00521FB9 /* brashes_color_black@2x.png in Resources */ = {isa = PBXBuildFile; fileRef = E4CBDB0C152C834B00521FB9 /* brashes_color_black@2x.png */; };
		E4CBDB7B152C834B00521FB9 /* brashes_color_blue.png in Resources */ = {isa = PBXBuildFile; fileRef = E4CBDB0D152C834B00521FB9 /* brashes_color_blue.png */; };
		E4CBDB7C152C834B00521FB9 /* brashes_color_blue@2x.png in Resources */ = {isa = PBXBuildFile; fileRef = E4CBDB0E152C834B00521FB9 /* brashes_color_blue@2x.png */; };
		E4CBDB7D152C834B00521FB9 /* brashes_color_green.png in Resources */ = {isa = PBXBuildFile; fileRef = E4CBDB0F152C834B00521FB9 /* brashes_color_green.png */; };
		E4CBDB7E152C834B00521FB9 /* brashes_color_green@2x.png in Resources */ = {isa = PBXBuildFile; fileRef = E4CBDB10152C834B00521FB9 /* brashes_color_green@2x.png */; };
		E4CBDB7F152C834B00521FB9 /* brashes_color_red.png in Resources */ = {isa = PBXBuildFile; fileRef = E4CBDB11152C834B00521FB9 /* brashes_color_red.png */; };
		E4CBDB80152C834B00521FB9 /* brashes_color_red@2x.png in Resources */ = {isa = PBXBuildFile; fileRef = E4CBDB12152C834B00521FB9 /* brashes_color_red@2x.png */; };
		E4CBDB81152C834B00521FB9 /* brashes_color_yellow.png in Resources */ = {isa = PBXBuildFile; fileRef = E4CBDB13152C834B00521FB9 /* brashes_color_yellow.png */; };
		E4CBDB82152C834B00521FB9 /* brashes_color_yellow@2x.png in Resources */ = {isa = PBXBuildFile; fileRef = E4CBDB14152C834B00521FB9 /* brashes_color_yellow@2x.png */; };
		E4CBDB83152C834B00521FB9 /* button_arccos.png in Resources */ = {isa = PBXBuildFile; fileRef = E4CBDB15152C834B00521FB9 /* button_arccos.png */; };
		E4CBDB84152C834B00521FB9 /* button_arccos@2x.png in Resources */ = {isa = PBXBuildFile; fileRef = E4CBDB16152C834B00521FB9 /* button_arccos@2x.png */; };
		E4CBDB85152C834B00521FB9 /* button_arcsin.png in Resources */ = {isa = PBXBuildFile; fileRef = E4CBDB17152C834B00521FB9 /* button_arcsin.png */; };
		E4CBDB86152C834B00521FB9 /* button_arcsin@2x.png in Resources */ = {isa = PBXBuildFile; fileRef = E4CBDB18152C834B00521FB9 /* button_arcsin@2x.png */; };
		E4CBDB87152C834B00521FB9 /* button_arctan.png in Resources */ = {isa = PBXBuildFile; fileRef = E4CBDB19152C834B00521FB9 /* button_arctan.png */; };
		E4CBDB88152C834B00521FB9 /* button_arctan@2x.png in Resources */ = {isa = PBXBuildFile; fileRef = E4CBDB1A152C834B00521FB9 /* button_arctan@2x.png */; };
		E4CBDB89152C834B00521FB9 /* button_cos.png in Resources */ = {isa = PBXBuildFile; fileRef = E4CBDB1B152C834B00521FB9 /* button_cos.png */; };
		E4CBDB8A152C834B00521FB9 /* button_cos@2x.png in Resources */ = {isa = PBXBuildFile; fileRef = E4CBDB1C152C834B00521FB9 /* button_cos@2x.png */; };
		E4CBDB8B152C834B00521FB9 /* button_cosh.png in Resources */ = {isa = PBXBuildFile; fileRef = E4CBDB1D152C834B00521FB9 /* button_cosh.png */; };
		E4CBDB8C152C834B00521FB9 /* button_cosh@2x.png in Resources */ = {isa = PBXBuildFile; fileRef = E4CBDB1E152C834B00521FB9 /* button_cosh@2x.png */; };
		E4CBDB8D152C834B00521FB9 /* button_drawer.png in Resources */ = {isa = PBXBuildFile; fileRef = E4CBDB1F152C834B00521FB9 /* button_drawer.png */; };
		E4CBDB8E152C834B00521FB9 /* button_drawer@2x.png in Resources */ = {isa = PBXBuildFile; fileRef = E4CBDB20152C834B00521FB9 /* button_drawer@2x.png */; };
		E4CBDB8F152C834B00521FB9 /* button_edit.png in Resources */ = {isa = PBXBuildFile; fileRef = E4CBDB21152C834B00521FB9 /* button_edit.png */; };
		E4CBDB90152C834B00521FB9 /* button_edit@2x.png in Resources */ = {isa = PBXBuildFile; fileRef = E4CBDB22152C834B00521FB9 /* button_edit@2x.png */; };
		E4CBDB91152C834B00521FB9 /* button_eraser.png in Resources */ = {isa = PBXBuildFile; fileRef = E4CBDB23152C834B00521FB9 /* button_eraser.png */; };
		E4CBDB92152C834B00521FB9 /* button_eraser@2x.png in Resources */ = {isa = PBXBuildFile; fileRef = E4CBDB24152C834B00521FB9 /* button_eraser@2x.png */; };
		E4CBDB93152C834B00521FB9 /* button_hover.png in Resources */ = {isa = PBXBuildFile; fileRef = E4CBDB25152C834B00521FB9 /* button_hover.png */; };
		E4CBDB94152C834B00521FB9 /* button_hover@2x.png in Resources */ = {isa = PBXBuildFile; fileRef = E4CBDB26152C834B00521FB9 /* button_hover@2x.png */; };
		E4CBDB95152C834B00521FB9 /* button_ln.png in Resources */ = {isa = PBXBuildFile; fileRef = E4CBDB27152C834B00521FB9 /* button_ln.png */; };
		E4CBDB96152C834B00521FB9 /* button_ln@2x.png in Resources */ = {isa = PBXBuildFile; fileRef = E4CBDB28152C834B00521FB9 /* button_ln@2x.png */; };
		E4CBDB97152C834B00521FB9 /* button_log.png in Resources */ = {isa = PBXBuildFile; fileRef = E4CBDB29152C834B00521FB9 /* button_log.png */; };
		E4CBDB98152C834B00521FB9 /* button_log@2x.png in Resources */ = {isa = PBXBuildFile; fileRef = E4CBDB2A152C834B00521FB9 /* button_log@2x.png */; };
		E4CBDB99152C834B00521FB9 /* button_logxy.png in Resources */ = {isa = PBXBuildFile; fileRef = E4CBDB2B152C834B00521FB9 /* button_logxy.png */; };
		E4CBDB9A152C834B00521FB9 /* button_logxy@2x.png in Resources */ = {isa = PBXBuildFile; fileRef = E4CBDB2C152C834B00521FB9 /* button_logxy@2x.png */; };
		E4CBDB9B152C834B00521FB9 /* button_marker.png in Resources */ = {isa = PBXBuildFile; fileRef = E4CBDB2D152C834B00521FB9 /* button_marker.png */; };
		E4CBDB9C152C834B00521FB9 /* button_marker@2x.png in Resources */ = {isa = PBXBuildFile; fileRef = E4CBDB2E152C834B00521FB9 /* button_marker@2x.png */; };
		E4CBDB9D152C834B00521FB9 /* button_move.png in Resources */ = {isa = PBXBuildFile; fileRef = E4CBDB2F152C834B00521FB9 /* button_move.png */; };
		E4CBDB9E152C834B00521FB9 /* button_move@2x.png in Resources */ = {isa = PBXBuildFile; fileRef = E4CBDB30152C834B00521FB9 /* button_move@2x.png */; };
		E4CBDB9F152C834B00521FB9 /* button_notes.png in Resources */ = {isa = PBXBuildFile; fileRef = E4CBDB31152C834B00521FB9 /* button_notes.png */; };
		E4CBDBA0152C834B00521FB9 /* button_notes@2x.png in Resources */ = {isa = PBXBuildFile; fileRef = E4CBDB32152C834B00521FB9 /* button_notes@2x.png */; };
		E4CBDBA1152C834B00521FB9 /* button_pencil.png in Resources */ = {isa = PBXBuildFile; fileRef = E4CBDB33152C834B00521FB9 /* button_pencil.png */; };
		E4CBDBA2152C834B00521FB9 /* button_pencil@2x.png in Resources */ = {isa = PBXBuildFile; fileRef = E4CBDB34152C834B00521FB9 /* button_pencil@2x.png */; };
		E4CBDBA3152C834B00521FB9 /* button_root.png in Resources */ = {isa = PBXBuildFile; fileRef = E4CBDB35152C834B00521FB9 /* button_root.png */; };
		E4CBDBA4152C834B00521FB9 /* button_root3.png in Resources */ = {isa = PBXBuildFile; fileRef = E4CBDB36152C834B00521FB9 /* button_root3.png */; };
		E4CBDBA5152C834B00521FB9 /* button_root3@2x.png in Resources */ = {isa = PBXBuildFile; fileRef = E4CBDB37152C834B00521FB9 /* button_root3@2x.png */; };
		E4CBDBA6152C834B00521FB9 /* button_root@2x.png in Resources */ = {isa = PBXBuildFile; fileRef = E4CBDB38152C834B00521FB9 /* button_root@2x.png */; };
		E4CBDBA7152C834B00521FB9 /* button_rootx.png in Resources */ = {isa = PBXBuildFile; fileRef = E4CBDB39152C834B00521FB9 /* button_rootx.png */; };
		E4CBDBA8152C834B00521FB9 /* button_rootx@2x.png in Resources */ = {isa = PBXBuildFile; fileRef = E4CBDB3A152C834B00521FB9 /* button_rootx@2x.png */; };
		E4CBDBA9152C834B00521FB9 /* button_ruler.png in Resources */ = {isa = PBXBuildFile; fileRef = E4CBDB3B152C834B00521FB9 /* button_ruler.png */; };
		E4CBDBAA152C834B00521FB9 /* button_ruler@2x.png in Resources */ = {isa = PBXBuildFile; fileRef = E4CBDB3C152C834B00521FB9 /* button_ruler@2x.png */; };
		E4CBDBAB152C834B00521FB9 /* button_selected_bg.png in Resources */ = {isa = PBXBuildFile; fileRef = E4CBDB3D152C834B00521FB9 /* button_selected_bg.png */; };
		E4CBDBAC152C834B00521FB9 /* button_selected_bg@2x.png in Resources */ = {isa = PBXBuildFile; fileRef = E4CBDB3E152C834B00521FB9 /* button_selected_bg@2x.png */; };
		E4CBDBAD152C834B00521FB9 /* button_share.png in Resources */ = {isa = PBXBuildFile; fileRef = E4CBDB3F152C834B00521FB9 /* button_share.png */; };
		E4CBDBAE152C834B00521FB9 /* button_share@2x.png in Resources */ = {isa = PBXBuildFile; fileRef = E4CBDB40152C834B00521FB9 /* button_share@2x.png */; };
		E4CBDBAF152C834B00521FB9 /* button_shownote.png in Resources */ = {isa = PBXBuildFile; fileRef = E4CBDB41152C834B00521FB9 /* button_shownote.png */; };
		E4CBDBB0152C834B00521FB9 /* button_shownote@2x.png in Resources */ = {isa = PBXBuildFile; fileRef = E4CBDB42152C834B00521FB9 /* button_shownote@2x.png */; };
		E4CBDBB1152C834B00521FB9 /* button_sin.png in Resources */ = {isa = PBXBuildFile; fileRef = E4CBDB43152C834B00521FB9 /* button_sin.png */; };
		E4CBDBB2152C834B00521FB9 /* button_sin@2x.png in Resources */ = {isa = PBXBuildFile; fileRef = E4CBDB44152C834B00521FB9 /* button_sin@2x.png */; };
		E4CBDBB3152C834B00521FB9 /* button_sinh.png in Resources */ = {isa = PBXBuildFile; fileRef = E4CBDB45152C834B00521FB9 /* button_sinh.png */; };
		E4CBDBB4152C834B00521FB9 /* button_sinh@2x.png in Resources */ = {isa = PBXBuildFile; fileRef = E4CBDB46152C834B00521FB9 /* button_sinh@2x.png */; };
		E4CBDBB5152C834B00521FB9 /* button_tan.png in Resources */ = {isa = PBXBuildFile; fileRef = E4CBDB47152C834B00521FB9 /* button_tan.png */; };
		E4CBDBB6152C834B00521FB9 /* button_tan@2x.png in Resources */ = {isa = PBXBuildFile; fileRef = E4CBDB48152C834B00521FB9 /* button_tan@2x.png */; };
		E4CBDBB7152C834B00521FB9 /* button_tanh.png in Resources */ = {isa = PBXBuildFile; fileRef = E4CBDB49152C834B00521FB9 /* button_tanh.png */; };
		E4CBDBB8152C834B00521FB9 /* button_tanh@2x.png in Resources */ = {isa = PBXBuildFile; fileRef = E4CBDB4A152C834B00521FB9 /* button_tanh@2x.png */; };
		E4CBDBB9152C834B00521FB9 /* button_x2.png in Resources */ = {isa = PBXBuildFile; fileRef = E4CBDB4B152C834B00521FB9 /* button_x2.png */; };
		E4CBDBBA152C834B00521FB9 /* button_x2@2x.png in Resources */ = {isa = PBXBuildFile; fileRef = E4CBDB4C152C834B00521FB9 /* button_x2@2x.png */; };
		E4CBDBBB152C834B00521FB9 /* button_x3.png in Resources */ = {isa = PBXBuildFile; fileRef = E4CBDB4D152C834B00521FB9 /* button_x3.png */; };
		E4CBDBBC152C834B00521FB9 /* button_x3@2x.png in Resources */ = {isa = PBXBuildFile; fileRef = E4CBDB4E152C834B00521FB9 /* button_x3@2x.png */; };
		E4CBDBBD152C834B00521FB9 /* button_xy.png in Resources */ = {isa = PBXBuildFile; fileRef = E4CBDB4F152C834B00521FB9 /* button_xy.png */; };
		E4CBDBBE152C834B00521FB9 /* button_xy@2x.png in Resources */ = {isa = PBXBuildFile; fileRef = E4CBDB50152C834B00521FB9 /* button_xy@2x.png */; };
		E4CBDBBF152C834B00521FB9 /* cell_bg.png in Resources */ = {isa = PBXBuildFile; fileRef = E4CBDB51152C834B00521FB9 /* cell_bg.png */; };
		E4CBDBC0152C834B00521FB9 /* cell_bg@2x.png in Resources */ = {isa = PBXBuildFile; fileRef = E4CBDB52152C834B00521FB9 /* cell_bg@2x.png */; };
		E4CBDBC1152C834B00521FB9 /* cell_seperator.png in Resources */ = {isa = PBXBuildFile; fileRef = E4CBDB53152C834B00521FB9 /* cell_seperator.png */; };
		E4CBDBC2152C834B00521FB9 /* cell_seperator@2x.png in Resources */ = {isa = PBXBuildFile; fileRef = E4CBDB54152C834B00521FB9 /* cell_seperator@2x.png */; };
		E4CBDBC3152C834B00521FB9 /* Default-Landscape@2x~ipad.png in Resources */ = {isa = PBXBuildFile; fileRef = E4CBDB55152C834B00521FB9 /* Default-Landscape@2x~ipad.png */; };
		E4CBDBC4152C834B00521FB9 /* Default-Landscape~ipad.png in Resources */ = {isa = PBXBuildFile; fileRef = E4CBDB56152C834B00521FB9 /* Default-Landscape~ipad.png */; };
		E4CBDBC5152C834B00521FB9 /* emgx_bg.png in Resources */ = {isa = PBXBuildFile; fileRef = E4CBDB57152C834B00521FB9 /* emgx_bg.png */; };
		E4CBDBC6152C834B00521FB9 /* emgx_bg@2x.png in Resources */ = {isa = PBXBuildFile; fileRef = E4CBDB58152C834B00521FB9 /* emgx_bg@2x.png */; };
		E4CBDBC7152C834B00521FB9 /* launchimage.png in Resources */ = {isa = PBXBuildFile; fileRef = E4CBDB59152C834B00521FB9 /* launchimage.png */; };
		E4CBDBC8152C834B00521FB9 /* launchimage@2x.png in Resources */ = {isa = PBXBuildFile; fileRef = E4CBDB5A152C834B00521FB9 /* launchimage@2x.png */; };
		E4CBDBC9152C834B00521FB9 /* light_l.png in Resources */ = {isa = PBXBuildFile; fileRef = E4CBDB5B152C834B00521FB9 /* light_l.png */; };
		E4CBDBCA152C834B00521FB9 /* light_l@2x.png in Resources */ = {isa = PBXBuildFile; fileRef = E4CBDB5C152C834B00521FB9 /* light_l@2x.png */; };
		E4CBDBCB152C834B00521FB9 /* light_r.png in Resources */ = {isa = PBXBuildFile; fileRef = E4CBDB5D152C834B00521FB9 /* light_r.png */; };
		E4CBDBCC152C834B00521FB9 /* light_r@2x.png in Resources */ = {isa = PBXBuildFile; fileRef = E4CBDB5E152C834B00521FB9 /* light_r@2x.png */; };
		E4CBDBCD152C834B00521FB9 /* marker_head_black.png in Resources */ = {isa = PBXBuildFile; fileRef = E4CBDB5F152C834B00521FB9 /* marker_head_black.png */; };
		E4CBDBCE152C834B00521FB9 /* marker_head_black@2x.png in Resources */ = {isa = PBXBuildFile; fileRef = E4CBDB60152C834B00521FB9 /* marker_head_black@2x.png */; };
		E4CBDBCF152C834B00521FB9 /* marker_head_blue.png in Resources */ = {isa = PBXBuildFile; fileRef = E4CBDB61152C834B00521FB9 /* marker_head_blue.png */; };
		E4CBDBD0152C834B00521FB9 /* marker_head_blue@2x.png in Resources */ = {isa = PBXBuildFile; fileRef = E4CBDB62152C834B00521FB9 /* marker_head_blue@2x.png */; };
		E4CBDBD1152C834B00521FB9 /* marker_head_green.png in Resources */ = {isa = PBXBuildFile; fileRef = E4CBDB63152C834B00521FB9 /* marker_head_green.png */; };
		E4CBDBD2152C834B00521FB9 /* marker_head_green@2x.png in Resources */ = {isa = PBXBuildFile; fileRef = E4CBDB64152C834B00521FB9 /* marker_head_green@2x.png */; };
		E4CBDBD3152C834B00521FB9 /* marker_head_red.png in Resources */ = {isa = PBXBuildFile; fileRef = E4CBDB65152C834B00521FB9 /* marker_head_red.png */; };
		E4CBDBD4152C834B00521FB9 /* marker_head_red@2x.png in Resources */ = {isa = PBXBuildFile; fileRef = E4CBDB66152C834B00521FB9 /* marker_head_red@2x.png */; };
		E4CBDBD5152C834B00521FB9 /* marker_head_yellow.png in Resources */ = {isa = PBXBuildFile; fileRef = E4CBDB67152C834B00521FB9 /* marker_head_yellow.png */; };
		E4CBDBD6152C834B00521FB9 /* marker_head_yellow@2x.png in Resources */ = {isa = PBXBuildFile; fileRef = E4CBDB68152C834B00521FB9 /* marker_head_yellow@2x.png */; };
		E4CBDBD7152C834B00521FB9 /* marker_large.png in Resources */ = {isa = PBXBuildFile; fileRef = E4CBDB69152C834B00521FB9 /* marker_large.png */; };
		E4CBDBD8152C834B00521FB9 /* marker_large@2x.png in Resources */ = {isa = PBXBuildFile; fileRef = E4CBDB6A152C834B00521FB9 /* marker_large@2x.png */; };
		E4CBDBD9152C834B00521FB9 /* numpad_up.png in Resources */ = {isa = PBXBuildFile; fileRef = E4CBDB6B152C834B00521FB9 /* numpad_up.png */; };
		E4CBDBDA152C834B00521FB9 /* numpad_up@2x.png in Resources */ = {isa = PBXBuildFile; fileRef = E4CBDB6C152C834B00521FB9 /* numpad_up@2x.png */; };
		E4CBDBDB152C834B00521FB9 /* pencil_large.png in Resources */ = {isa = PBXBuildFile; fileRef = E4CBDB6D152C834B00521FB9 /* pencil_large.png */; };
		E4CBDBDC152C834B00521FB9 /* pencil_large@2x.png in Resources */ = {isa = PBXBuildFile; fileRef = E4CBDB6E152C834B00521FB9 /* pencil_large@2x.png */; };
		E4CBDBDD152C834B00521FB9 /* popover_brashes_bg.png in Resources */ = {isa = PBXBuildFile; fileRef = E4CBDB6F152C834B00521FB9 /* popover_brashes_bg.png */; };
		E4CBDBDE152C834B00521FB9 /* popover_brashes_bg@2x.png in Resources */ = {isa = PBXBuildFile; fileRef = E4CBDB70152C834B00521FB9 /* popover_brashes_bg@2x.png */; };
		E4CBDBDF152C834B00521FB9 /* popover_brashes_color_selected.png in Resources */ = {isa = PBXBuildFile; fileRef = E4CBDB71152C834B00521FB9 /* popover_brashes_color_selected.png */; };
		E4CBDBE0152C834B00521FB9 /* popover_brashes_color_selected@2x.png in Resources */ = {isa = PBXBuildFile; fileRef = E4CBDB72152C834B00521FB9 /* popover_brashes_color_selected@2x.png */; };
		E4CBDBE1152C834B00521FB9 /* popover_brashes_selected_bg.png in Resources */ = {isa = PBXBuildFile; fileRef = E4CBDB73152C834B00521FB9 /* popover_brashes_selected_bg.png */; };
		E4CBDBE2152C834B00521FB9 /* popover_brashes_selected_bg@2x.png in Resources */ = {isa = PBXBuildFile; fileRef = E4CBDB74152C834B00521FB9 /* popover_brashes_selected_bg@2x.png */; };
		E4CBDBE3152C834B00521FB9 /* popover_brashes_shadow_up.png in Resources */ = {isa = PBXBuildFile; fileRef = E4CBDB75152C834B00521FB9 /* popover_brashes_shadow_up.png */; };
		E4CBDBE4152C834B00521FB9 /* popover_brashes_shadow_up@2x.png in Resources */ = {isa = PBXBuildFile; fileRef = E4CBDB76152C834B00521FB9 /* popover_brashes_shadow_up@2x.png */; };
		E4CBDBE5152C834B00521FB9 /* ruler_large.png in Resources */ = {isa = PBXBuildFile; fileRef = E4CBDB77152C834B00521FB9 /* ruler_large.png */; };
		E4CBDBE6152C834B00521FB9 /* ruler_large@2x.png in Resources */ = {isa = PBXBuildFile; fileRef = E4CBDB78152C834B00521FB9 /* ruler_large@2x.png */; };
		E4CBDBEB152C853C00521FB9 /* AnswerCellModel.m in Sources */ = {isa = PBXBuildFile; fileRef = E4CBDBEA152C853C00521FB9 /* AnswerCellModel.m */; };
		E4CBDBEE152C862A00521FB9 /* AnswerTableModel.m in Sources */ = {isa = PBXBuildFile; fileRef = E4CBDBED152C862A00521FB9 /* AnswerTableModel.m */; };
/* End PBXBuildFile section */

/* Begin PBXContainerItemProxy section */
		E41ED92F151F6DCD00F4D87F /* PBXContainerItemProxy */ = {
			isa = PBXContainerItemProxy;
			containerPortal = E41ED900151F6DCC00F4D87F /* Project object */;
			proxyType = 1;
			remoteGlobalIDString = E41ED908151F6DCC00F4D87F;
			remoteInfo = UltraCalc;
		};
/* End PBXContainerItemProxy section */

/* Begin PBXFileReference section */
		E41ED909151F6DCC00F4D87F /* UltraCalc.app */ = {isa = PBXFileReference; explicitFileType = wrapper.application; includeInIndex = 0; path = UltraCalc.app; sourceTree = BUILT_PRODUCTS_DIR; };
		E41ED90D151F6DCC00F4D87F /* UIKit.framework */ = {isa = PBXFileReference; lastKnownFileType = wrapper.framework; name = UIKit.framework; path = System/Library/Frameworks/UIKit.framework; sourceTree = SDKROOT; };
		E41ED90F151F6DCC00F4D87F /* Foundation.framework */ = {isa = PBXFileReference; lastKnownFileType = wrapper.framework; name = Foundation.framework; path = System/Library/Frameworks/Foundation.framework; sourceTree = SDKROOT; };
		E41ED911151F6DCC00F4D87F /* CoreGraphics.framework */ = {isa = PBXFileReference; lastKnownFileType = wrapper.framework; name = CoreGraphics.framework; path = System/Library/Frameworks/CoreGraphics.framework; sourceTree = SDKROOT; };
		E41ED915151F6DCC00F4D87F /* UltraCalc-Info.plist */ = {isa = PBXFileReference; lastKnownFileType = text.plist.xml; path = "UltraCalc-Info.plist"; sourceTree = "<group>"; };
		E41ED917151F6DCC00F4D87F /* en */ = {isa = PBXFileReference; lastKnownFileType = text.plist.strings; name = en; path = en.lproj/InfoPlist.strings; sourceTree = "<group>"; };
		E41ED919151F6DCC00F4D87F /* main.m */ = {isa = PBXFileReference; lastKnownFileType = sourcecode.c.objc; path = main.m; sourceTree = "<group>"; };
		E41ED91B151F6DCC00F4D87F /* UltraCalc-Prefix.pch */ = {isa = PBXFileReference; lastKnownFileType = sourcecode.c.h; path = "UltraCalc-Prefix.pch"; sourceTree = "<group>"; };
		E41ED91C151F6DCC00F4D87F /* AppDelegate.h */ = {isa = PBXFileReference; lastKnownFileType = sourcecode.c.h; path = AppDelegate.h; sourceTree = "<group>"; };
		E41ED91D151F6DCC00F4D87F /* AppDelegate.m */ = {isa = PBXFileReference; lastKnownFileType = sourcecode.c.objc; path = AppDelegate.m; sourceTree = "<group>"; };
		E41ED920151F6DCC00F4D87F /* en */ = {isa = PBXFileReference; lastKnownFileType = file.storyboard; name = en; path = en.lproj/MainStoryboard.storyboard; sourceTree = "<group>"; };
		E41ED922151F6DCC00F4D87F /* ViewController.h */ = {isa = PBXFileReference; lastKnownFileType = sourcecode.c.h; path = ViewController.h; sourceTree = "<group>"; };
		E41ED923151F6DCC00F4D87F /* ViewController.m */ = {isa = PBXFileReference; lastKnownFileType = sourcecode.c.objc; path = ViewController.m; sourceTree = "<group>"; };
		E41ED92A151F6DCD00F4D87F /* UltraCalcTests.octest */ = {isa = PBXFileReference; explicitFileType = wrapper.cfbundle; includeInIndex = 0; path = UltraCalcTests.octest; sourceTree = BUILT_PRODUCTS_DIR; };
		E41ED92B151F6DCD00F4D87F /* SenTestingKit.framework */ = {isa = PBXFileReference; lastKnownFileType = wrapper.framework; name = SenTestingKit.framework; path = Library/Frameworks/SenTestingKit.framework; sourceTree = DEVELOPER_DIR; };
		E41ED933151F6DCD00F4D87F /* UltraCalcTests-Info.plist */ = {isa = PBXFileReference; lastKnownFileType = text.plist.xml; path = "UltraCalcTests-Info.plist"; sourceTree = "<group>"; };
		E41ED935151F6DCD00F4D87F /* en */ = {isa = PBXFileReference; lastKnownFileType = text.plist.strings; name = en; path = en.lproj/InfoPlist.strings; sourceTree = "<group>"; };
		E41ED937151F6DCD00F4D87F /* UltraCalcTests.h */ = {isa = PBXFileReference; lastKnownFileType = sourcecode.c.h; path = UltraCalcTests.h; sourceTree = "<group>"; };
		E41ED938151F6DCD00F4D87F /* UltraCalcTests.m */ = {isa = PBXFileReference; lastKnownFileType = sourcecode.c.objc; path = UltraCalcTests.m; sourceTree = "<group>"; };
		E41ED98B151F6E7800F4D87F /* _DDFunctionContainer.h */ = {isa = PBXFileReference; fileEncoding = 4; lastKnownFileType = sourcecode.c.h; path = _DDFunctionContainer.h; sourceTree = "<group>"; };
		E41ED98C151F6E7800F4D87F /* _DDFunctionContainer.m */ = {isa = PBXFileReference; fileEncoding = 4; lastKnownFileType = sourcecode.c.objc; path = _DDFunctionContainer.m; sourceTree = "<group>"; };
		E41ED98D151F6E7800F4D87F /* _DDFunctionExpression.h */ = {isa = PBXFileReference; fileEncoding = 4; lastKnownFileType = sourcecode.c.h; path = _DDFunctionExpression.h; sourceTree = "<group>"; };
		E41ED98E151F6E7800F4D87F /* _DDFunctionExpression.m */ = {isa = PBXFileReference; fileEncoding = 4; lastKnownFileType = sourcecode.c.objc; path = _DDFunctionExpression.m; sourceTree = "<group>"; };
		E41ED98F151F6E7800F4D87F /* _DDFunctionTerm.h */ = {isa = PBXFileReference; fileEncoding = 4; lastKnownFileType = sourcecode.c.h; path = _DDFunctionTerm.h; sourceTree = "<group>"; };
		E41ED990151F6E7800F4D87F /* _DDFunctionTerm.m */ = {isa = PBXFileReference; fileEncoding = 4; lastKnownFileType = sourcecode.c.objc; path = _DDFunctionTerm.m; sourceTree = "<group>"; };
		E41ED991151F6E7800F4D87F /* _DDFunctionUtilities.h */ = {isa = PBXFileReference; fileEncoding = 4; lastKnownFileType = sourcecode.c.h; path = _DDFunctionUtilities.h; sourceTree = "<group>"; };
		E41ED992151F6E7800F4D87F /* _DDFunctionUtilities.m */ = {isa = PBXFileReference; fileEncoding = 4; lastKnownFileType = sourcecode.c.objc; path = _DDFunctionUtilities.m; sourceTree = "<group>"; };
		E41ED993151F6E7800F4D87F /* _DDGroupTerm.h */ = {isa = PBXFileReference; fileEncoding = 4; lastKnownFileType = sourcecode.c.h; path = _DDGroupTerm.h; sourceTree = "<group>"; };
		E41ED994151F6E7800F4D87F /* _DDGroupTerm.m */ = {isa = PBXFileReference; fileEncoding = 4; lastKnownFileType = sourcecode.c.objc; path = _DDGroupTerm.m; sourceTree = "<group>"; };
		E41ED995151F6E7800F4D87F /* _DDNumberExpression.h */ = {isa = PBXFileReference; fileEncoding = 4; lastKnownFileType = sourcecode.c.h; path = _DDNumberExpression.h; sourceTree = "<group>"; };
		E41ED996151F6E7800F4D87F /* _DDNumberExpression.m */ = {isa = PBXFileReference; fileEncoding = 4; lastKnownFileType = sourcecode.c.objc; path = _DDNumberExpression.m; sourceTree = "<group>"; };
		E41ED997151F6E7800F4D87F /* _DDNumberTerm.h */ = {isa = PBXFileReference; fileEncoding = 4; lastKnownFileType = sourcecode.c.h; path = _DDNumberTerm.h; sourceTree = "<group>"; };
		E41ED998151F6E7800F4D87F /* _DDNumberTerm.m */ = {isa = PBXFileReference; fileEncoding = 4; lastKnownFileType = sourcecode.c.objc; path = _DDNumberTerm.m; sourceTree = "<group>"; };
		E41ED999151F6E7800F4D87F /* _DDOperatorInfo.h */ = {isa = PBXFileReference; fileEncoding = 4; lastKnownFileType = sourcecode.c.h; path = _DDOperatorInfo.h; sourceTree = "<group>"; };
		E41ED99A151F6E7800F4D87F /* _DDOperatorInfo.m */ = {isa = PBXFileReference; fileEncoding = 4; lastKnownFileType = sourcecode.c.objc; path = _DDOperatorInfo.m; sourceTree = "<group>"; };
		E41ED99B151F6E7800F4D87F /* _DDOperatorTerm.h */ = {isa = PBXFileReference; fileEncoding = 4; lastKnownFileType = sourcecode.c.h; path = _DDOperatorTerm.h; sourceTree = "<group>"; };
		E41ED99C151F6E7800F4D87F /* _DDOperatorTerm.m */ = {isa = PBXFileReference; fileEncoding = 4; lastKnownFileType = sourcecode.c.objc; path = _DDOperatorTerm.m; sourceTree = "<group>"; };
		E41ED99D151F6E7800F4D87F /* _DDParserTerm.h */ = {isa = PBXFileReference; fileEncoding = 4; lastKnownFileType = sourcecode.c.h; path = _DDParserTerm.h; sourceTree = "<group>"; };
		E41ED99E151F6E7800F4D87F /* _DDParserTerm.m */ = {isa = PBXFileReference; fileEncoding = 4; lastKnownFileType = sourcecode.c.objc; path = _DDParserTerm.m; sourceTree = "<group>"; };
		E41ED99F151F6E7800F4D87F /* _DDRewriteRule.h */ = {isa = PBXFileReference; fileEncoding = 4; lastKnownFileType = sourcecode.c.h; path = _DDRewriteRule.h; sourceTree = "<group>"; };
		E41ED9A0151F6E7800F4D87F /* _DDRewriteRule.m */ = {isa = PBXFileReference; fileEncoding = 4; lastKnownFileType = sourcecode.c.objc; path = _DDRewriteRule.m; sourceTree = "<group>"; };
		E41ED9A1151F6E7800F4D87F /* _DDVariableExpression.h */ = {isa = PBXFileReference; fileEncoding = 4; lastKnownFileType = sourcecode.c.h; path = _DDVariableExpression.h; sourceTree = "<group>"; };
		E41ED9A2151F6E7800F4D87F /* _DDVariableExpression.m */ = {isa = PBXFileReference; fileEncoding = 4; lastKnownFileType = sourcecode.c.objc; path = _DDVariableExpression.m; sourceTree = "<group>"; };
		E41ED9A3151F6E7800F4D87F /* _DDVariableTerm.h */ = {isa = PBXFileReference; fileEncoding = 4; lastKnownFileType = sourcecode.c.h; path = _DDVariableTerm.h; sourceTree = "<group>"; };
		E41ED9A4151F6E7800F4D87F /* _DDVariableTerm.m */ = {isa = PBXFileReference; fileEncoding = 4; lastKnownFileType = sourcecode.c.objc; path = _DDVariableTerm.m; sourceTree = "<group>"; };
		E41ED9A5151F6E7800F4D87F /* DDExpression.h */ = {isa = PBXFileReference; fileEncoding = 4; lastKnownFileType = sourcecode.c.h; path = DDExpression.h; sourceTree = "<group>"; };
		E41ED9A6151F6E7800F4D87F /* DDExpression.m */ = {isa = PBXFileReference; fileEncoding = 4; lastKnownFileType = sourcecode.c.objc; path = DDExpression.m; sourceTree = "<group>"; };
		E41ED9A7151F6E7800F4D87F /* DDMathEvaluator+Private.h */ = {isa = PBXFileReference; fileEncoding = 4; lastKnownFileType = sourcecode.c.h; path = "DDMathEvaluator+Private.h"; sourceTree = "<group>"; };
		E41ED9A8151F6E7800F4D87F /* DDMathEvaluator.h */ = {isa = PBXFileReference; fileEncoding = 4; lastKnownFileType = sourcecode.c.h; path = DDMathEvaluator.h; sourceTree = "<group>"; };
		E41ED9A9151F6E7800F4D87F /* DDMathEvaluator.m */ = {isa = PBXFileReference; fileEncoding = 4; lastKnownFileType = sourcecode.c.objc; path = DDMathEvaluator.m; sourceTree = "<group>"; };
		E41ED9AA151F6E7800F4D87F /* DDMathParser.h */ = {isa = PBXFileReference; fileEncoding = 4; lastKnownFileType = sourcecode.c.h; path = DDMathParser.h; sourceTree = "<group>"; };
		E41ED9AB151F6E7800F4D87F /* DDMathParserMacros.h */ = {isa = PBXFileReference; fileEncoding = 4; lastKnownFileType = sourcecode.c.h; path = DDMathParserMacros.h; sourceTree = "<group>"; };
		E41ED9AC151F6E7800F4D87F /* DDMathStringToken.h */ = {isa = PBXFileReference; fileEncoding = 4; lastKnownFileType = sourcecode.c.h; path = DDMathStringToken.h; sourceTree = "<group>"; };
		E41ED9AD151F6E7800F4D87F /* DDMathStringToken.m */ = {isa = PBXFileReference; fileEncoding = 4; lastKnownFileType = sourcecode.c.objc; path = DDMathStringToken.m; sourceTree = "<group>"; };
		E41ED9AE151F6E7800F4D87F /* DDMathStringTokenizer.h */ = {isa = PBXFileReference; fileEncoding = 4; lastKnownFileType = sourcecode.c.h; path = DDMathStringTokenizer.h; sourceTree = "<group>"; };
		E41ED9AF151F6E7800F4D87F /* DDMathStringTokenizer.m */ = {isa = PBXFileReference; fileEncoding = 4; lastKnownFileType = sourcecode.c.objc; path = DDMathStringTokenizer.m; sourceTree = "<group>"; };
		E41ED9B0151F6E7800F4D87F /* DDParser.h */ = {isa = PBXFileReference; fileEncoding = 4; lastKnownFileType = sourcecode.c.h; path = DDParser.h; sourceTree = "<group>"; };
		E41ED9B1151F6E7800F4D87F /* DDParser.m */ = {isa = PBXFileReference; fileEncoding = 4; lastKnownFileType = sourcecode.c.objc; path = DDParser.m; sourceTree = "<group>"; };
		E41ED9B2151F6E7800F4D87F /* DDParserTypes.h */ = {isa = PBXFileReference; fileEncoding = 4; lastKnownFileType = sourcecode.c.h; path = DDParserTypes.h; sourceTree = "<group>"; };
		E41ED9B3151F6E7800F4D87F /* DDParserTypes.m */ = {isa = PBXFileReference; fileEncoding = 4; lastKnownFileType = sourcecode.c.objc; path = DDParserTypes.m; sourceTree = "<group>"; };
		E41ED9B4151F6E7800F4D87F /* DDTypes.h */ = {isa = PBXFileReference; fileEncoding = 4; lastKnownFileType = sourcecode.c.h; path = DDTypes.h; sourceTree = "<group>"; };
		E41ED9B5151F6E7800F4D87F /* DDTypes.m */ = {isa = PBXFileReference; fileEncoding = 4; lastKnownFileType = sourcecode.c.objc; path = DDTypes.m; sourceTree = "<group>"; };
		E41ED9B6151F6E7800F4D87F /* NSString+DDMathParsing.h */ = {isa = PBXFileReference; fileEncoding = 4; lastKnownFileType = sourcecode.c.h; path = "NSString+DDMathParsing.h"; sourceTree = "<group>"; };
		E41ED9B7151F6E7800F4D87F /* NSString+DDMathParsing.m */ = {isa = PBXFileReference; fileEncoding = 4; lastKnownFileType = sourcecode.c.objc; path = "NSString+DDMathParsing.m"; sourceTree = "<group>"; };
		E42AD39D152D2C2A0049546F /* Eurostile.ttf */ = {isa = PBXFileReference; lastKnownFileType = file; path = Eurostile.ttf; sourceTree = "<group>"; };
		E43B232B1535C74E00B7B52A /* FXLabel.h */ = {isa = PBXFileReference; fileEncoding = 4; lastKnownFileType = sourcecode.c.h; path = FXLabel.h; sourceTree = "<group>"; };
		E43B232C1535C74E00B7B52A /* FXLabel.m */ = {isa = PBXFileReference; fileEncoding = 4; lastKnownFileType = sourcecode.c.objc; path = FXLabel.m; sourceTree = "<group>"; };
		E45F3A5715398923004CAC5B /* Brain.h */ = {isa = PBXFileReference; fileEncoding = 4; lastKnownFileType = sourcecode.c.h; path = Brain.h; sourceTree = "<group>"; };
		E45F3A5815398923004CAC5B /* Brain.m */ = {isa = PBXFileReference; fileEncoding = 4; lastKnownFileType = sourcecode.c.objc; path = Brain.m; sourceTree = "<group>"; };
		E45F3A5A15399E27004CAC5B /* screen_bracket_body.png */ = {isa = PBXFileReference; lastKnownFileType = image.png; path = screen_bracket_body.png; sourceTree = "<group>"; };
		E45F3A5B15399E27004CAC5B /* screen_bracket_body@2x.png */ = {isa = PBXFileReference; lastKnownFileType = image.png; path = "screen_bracket_body@2x.png"; sourceTree = "<group>"; };
		E45F3A5C15399E27004CAC5B /* screen_bracket_left.png */ = {isa = PBXFileReference; lastKnownFileType = image.png; path = screen_bracket_left.png; sourceTree = "<group>"; };
		E45F3A5D15399E27004CAC5B /* screen_bracket_left@2x.png */ = {isa = PBXFileReference; lastKnownFileType = image.png; path = "screen_bracket_left@2x.png"; sourceTree = "<group>"; };
		E45F3A5E15399E27004CAC5B /* screen_bracket_right.png */ = {isa = PBXFileReference; lastKnownFileType = image.png; path = screen_bracket_right.png; sourceTree = "<group>"; };
		E45F3A5F15399E27004CAC5B /* screen_bracket_right@2x.png */ = {isa = PBXFileReference; lastKnownFileType = image.png; path = "screen_bracket_right@2x.png"; sourceTree = "<group>"; };
		E48918A115356CC300398B17 /* InputScrollViewController.h */ = {isa = PBXFileReference; fileEncoding = 4; lastKnownFileType = sourcecode.c.h; path = InputScrollViewController.h; sourceTree = "<group>"; };
		E48918A215356CC300398B17 /* InputScrollViewController.m */ = {isa = PBXFileReference; fileEncoding = 4; lastKnownFileType = sourcecode.c.objc; path = InputScrollViewController.m; sourceTree = "<group>"; };
		E4AB243E152368CB005D2443 /* MultipleButtonViewController.h */ = {isa = PBXFileReference; fileEncoding = 4; lastKnownFileType = sourcecode.c.h; path = MultipleButtonViewController.h; sourceTree = "<group>"; };
		E4AB243F152368CB005D2443 /* MultipleButtonViewController.m */ = {isa = PBXFileReference; fileEncoding = 4; lastKnownFileType = sourcecode.c.objc; path = MultipleButtonViewController.m; sourceTree = "<group>"; };
		E4AB2441152368FC005D2443 /* MultipleButtonDataSource.h */ = {isa = PBXFileReference; lastKnownFileType = sourcecode.c.h; path = MultipleButtonDataSource.h; sourceTree = "<group>"; };
		E4CBDB0B152C834B00521FB9 /* brashes_color_black.png */ = {isa = PBXFileReference; lastKnownFileType = image.png; path = brashes_color_black.png; sourceTree = "<group>"; };
		E4CBDB0C152C834B00521FB9 /* brashes_color_black@2x.png */ = {isa = PBXFileReference; lastKnownFileType = image.png; path = "brashes_color_black@2x.png"; sourceTree = "<group>"; };
		E4CBDB0D152C834B00521FB9 /* brashes_color_blue.png */ = {isa = PBXFileReference; lastKnownFileType = image.png; path = brashes_color_blue.png; sourceTree = "<group>"; };
		E4CBDB0E152C834B00521FB9 /* brashes_color_blue@2x.png */ = {isa = PBXFileReference; lastKnownFileType = image.png; path = "brashes_color_blue@2x.png"; sourceTree = "<group>"; };
		E4CBDB0F152C834B00521FB9 /* brashes_color_green.png */ = {isa = PBXFileReference; lastKnownFileType = image.png; path = brashes_color_green.png; sourceTree = "<group>"; };
		E4CBDB10152C834B00521FB9 /* brashes_color_green@2x.png */ = {isa = PBXFileReference; lastKnownFileType = image.png; path = "brashes_color_green@2x.png"; sourceTree = "<group>"; };
		E4CBDB11152C834B00521FB9 /* brashes_color_red.png */ = {isa = PBXFileReference; lastKnownFileType = image.png; path = brashes_color_red.png; sourceTree = "<group>"; };
		E4CBDB12152C834B00521FB9 /* brashes_color_red@2x.png */ = {isa = PBXFileReference; lastKnownFileType = image.png; path = "brashes_color_red@2x.png"; sourceTree = "<group>"; };
		E4CBDB13152C834B00521FB9 /* brashes_color_yellow.png */ = {isa = PBXFileReference; lastKnownFileType = image.png; path = brashes_color_yellow.png; sourceTree = "<group>"; };
		E4CBDB14152C834B00521FB9 /* brashes_color_yellow@2x.png */ = {isa = PBXFileReference; lastKnownFileType = image.png; path = "brashes_color_yellow@2x.png"; sourceTree = "<group>"; };
		E4CBDB15152C834B00521FB9 /* button_arccos.png */ = {isa = PBXFileReference; lastKnownFileType = image.png; path = button_arccos.png; sourceTree = "<group>"; };
		E4CBDB16152C834B00521FB9 /* button_arccos@2x.png */ = {isa = PBXFileReference; lastKnownFileType = image.png; path = "button_arccos@2x.png"; sourceTree = "<group>"; };
		E4CBDB17152C834B00521FB9 /* button_arcsin.png */ = {isa = PBXFileReference; lastKnownFileType = image.png; path = button_arcsin.png; sourceTree = "<group>"; };
		E4CBDB18152C834B00521FB9 /* button_arcsin@2x.png */ = {isa = PBXFileReference; lastKnownFileType = image.png; path = "button_arcsin@2x.png"; sourceTree = "<group>"; };
		E4CBDB19152C834B00521FB9 /* button_arctan.png */ = {isa = PBXFileReference; lastKnownFileType = image.png; path = button_arctan.png; sourceTree = "<group>"; };
		E4CBDB1A152C834B00521FB9 /* button_arctan@2x.png */ = {isa = PBXFileReference; lastKnownFileType = image.png; path = "button_arctan@2x.png"; sourceTree = "<group>"; };
		E4CBDB1B152C834B00521FB9 /* button_cos.png */ = {isa = PBXFileReference; lastKnownFileType = image.png; path = button_cos.png; sourceTree = "<group>"; };
		E4CBDB1C152C834B00521FB9 /* button_cos@2x.png */ = {isa = PBXFileReference; lastKnownFileType = image.png; path = "button_cos@2x.png"; sourceTree = "<group>"; };
		E4CBDB1D152C834B00521FB9 /* button_cosh.png */ = {isa = PBXFileReference; lastKnownFileType = image.png; path = button_cosh.png; sourceTree = "<group>"; };
		E4CBDB1E152C834B00521FB9 /* button_cosh@2x.png */ = {isa = PBXFileReference; lastKnownFileType = image.png; path = "button_cosh@2x.png"; sourceTree = "<group>"; };
		E4CBDB1F152C834B00521FB9 /* button_drawer.png */ = {isa = PBXFileReference; lastKnownFileType = image.png; path = button_drawer.png; sourceTree = "<group>"; };
		E4CBDB20152C834B00521FB9 /* button_drawer@2x.png */ = {isa = PBXFileReference; lastKnownFileType = image.png; path = "button_drawer@2x.png"; sourceTree = "<group>"; };
		E4CBDB21152C834B00521FB9 /* button_edit.png */ = {isa = PBXFileReference; lastKnownFileType = image.png; path = button_edit.png; sourceTree = "<group>"; };
		E4CBDB22152C834B00521FB9 /* button_edit@2x.png */ = {isa = PBXFileReference; lastKnownFileType = image.png; path = "button_edit@2x.png"; sourceTree = "<group>"; };
		E4CBDB23152C834B00521FB9 /* button_eraser.png */ = {isa = PBXFileReference; lastKnownFileType = image.png; path = button_eraser.png; sourceTree = "<group>"; };
		E4CBDB24152C834B00521FB9 /* button_eraser@2x.png */ = {isa = PBXFileReference; lastKnownFileType = image.png; path = "button_eraser@2x.png"; sourceTree = "<group>"; };
		E4CBDB25152C834B00521FB9 /* button_hover.png */ = {isa = PBXFileReference; lastKnownFileType = image.png; path = button_hover.png; sourceTree = "<group>"; };
		E4CBDB26152C834B00521FB9 /* button_hover@2x.png */ = {isa = PBXFileReference; lastKnownFileType = image.png; path = "button_hover@2x.png"; sourceTree = "<group>"; };
		E4CBDB27152C834B00521FB9 /* button_ln.png */ = {isa = PBXFileReference; lastKnownFileType = image.png; path = button_ln.png; sourceTree = "<group>"; };
		E4CBDB28152C834B00521FB9 /* button_ln@2x.png */ = {isa = PBXFileReference; lastKnownFileType = image.png; path = "button_ln@2x.png"; sourceTree = "<group>"; };
		E4CBDB29152C834B00521FB9 /* button_log.png */ = {isa = PBXFileReference; lastKnownFileType = image.png; path = button_log.png; sourceTree = "<group>"; };
		E4CBDB2A152C834B00521FB9 /* button_log@2x.png */ = {isa = PBXFileReference; lastKnownFileType = image.png; path = "button_log@2x.png"; sourceTree = "<group>"; };
		E4CBDB2B152C834B00521FB9 /* button_logxy.png */ = {isa = PBXFileReference; lastKnownFileType = image.png; path = button_logxy.png; sourceTree = "<group>"; };
		E4CBDB2C152C834B00521FB9 /* button_logxy@2x.png */ = {isa = PBXFileReference; lastKnownFileType = image.png; path = "button_logxy@2x.png"; sourceTree = "<group>"; };
		E4CBDB2D152C834B00521FB9 /* button_marker.png */ = {isa = PBXFileReference; lastKnownFileType = image.png; path = button_marker.png; sourceTree = "<group>"; };
		E4CBDB2E152C834B00521FB9 /* button_marker@2x.png */ = {isa = PBXFileReference; lastKnownFileType = image.png; path = "button_marker@2x.png"; sourceTree = "<group>"; };
		E4CBDB2F152C834B00521FB9 /* button_move.png */ = {isa = PBXFileReference; lastKnownFileType = image.png; path = button_move.png; sourceTree = "<group>"; };
		E4CBDB30152C834B00521FB9 /* button_move@2x.png */ = {isa = PBXFileReference; lastKnownFileType = image.png; path = "button_move@2x.png"; sourceTree = "<group>"; };
		E4CBDB31152C834B00521FB9 /* button_notes.png */ = {isa = PBXFileReference; lastKnownFileType = image.png; path = button_notes.png; sourceTree = "<group>"; };
		E4CBDB32152C834B00521FB9 /* button_notes@2x.png */ = {isa = PBXFileReference; lastKnownFileType = image.png; path = "button_notes@2x.png"; sourceTree = "<group>"; };
		E4CBDB33152C834B00521FB9 /* button_pencil.png */ = {isa = PBXFileReference; lastKnownFileType = image.png; path = button_pencil.png; sourceTree = "<group>"; };
		E4CBDB34152C834B00521FB9 /* button_pencil@2x.png */ = {isa = PBXFileReference; lastKnownFileType = image.png; path = "button_pencil@2x.png"; sourceTree = "<group>"; };
		E4CBDB35152C834B00521FB9 /* button_root.png */ = {isa = PBXFileReference; lastKnownFileType = image.png; path = button_root.png; sourceTree = "<group>"; };
		E4CBDB36152C834B00521FB9 /* button_root3.png */ = {isa = PBXFileReference; lastKnownFileType = image.png; path = button_root3.png; sourceTree = "<group>"; };
		E4CBDB37152C834B00521FB9 /* button_root3@2x.png */ = {isa = PBXFileReference; lastKnownFileType = image.png; path = "button_root3@2x.png"; sourceTree = "<group>"; };
		E4CBDB38152C834B00521FB9 /* button_root@2x.png */ = {isa = PBXFileReference; lastKnownFileType = image.png; path = "button_root@2x.png"; sourceTree = "<group>"; };
		E4CBDB39152C834B00521FB9 /* button_rootx.png */ = {isa = PBXFileReference; lastKnownFileType = image.png; path = button_rootx.png; sourceTree = "<group>"; };
		E4CBDB3A152C834B00521FB9 /* button_rootx@2x.png */ = {isa = PBXFileReference; lastKnownFileType = image.png; path = "button_rootx@2x.png"; sourceTree = "<group>"; };
		E4CBDB3B152C834B00521FB9 /* button_ruler.png */ = {isa = PBXFileReference; lastKnownFileType = image.png; path = button_ruler.png; sourceTree = "<group>"; };
		E4CBDB3C152C834B00521FB9 /* button_ruler@2x.png */ = {isa = PBXFileReference; lastKnownFileType = image.png; path = "button_ruler@2x.png"; sourceTree = "<group>"; };
		E4CBDB3D152C834B00521FB9 /* button_selected_bg.png */ = {isa = PBXFileReference; lastKnownFileType = image.png; path = button_selected_bg.png; sourceTree = "<group>"; };
		E4CBDB3E152C834B00521FB9 /* button_selected_bg@2x.png */ = {isa = PBXFileReference; lastKnownFileType = image.png; path = "button_selected_bg@2x.png"; sourceTree = "<group>"; };
		E4CBDB3F152C834B00521FB9 /* button_share.png */ = {isa = PBXFileReference; lastKnownFileType = image.png; path = button_share.png; sourceTree = "<group>"; };
		E4CBDB40152C834B00521FB9 /* button_share@2x.png */ = {isa = PBXFileReference; lastKnownFileType = image.png; path = "button_share@2x.png"; sourceTree = "<group>"; };
		E4CBDB41152C834B00521FB9 /* button_shownote.png */ = {isa = PBXFileReference; lastKnownFileType = image.png; path = button_shownote.png; sourceTree = "<group>"; };
		E4CBDB42152C834B00521FB9 /* button_shownote@2x.png */ = {isa = PBXFileReference; lastKnownFileType = image.png; path = "button_shownote@2x.png"; sourceTree = "<group>"; };
		E4CBDB43152C834B00521FB9 /* button_sin.png */ = {isa = PBXFileReference; lastKnownFileType = image.png; path = button_sin.png; sourceTree = "<group>"; };
		E4CBDB44152C834B00521FB9 /* button_sin@2x.png */ = {isa = PBXFileReference; lastKnownFileType = image.png; path = "button_sin@2x.png"; sourceTree = "<group>"; };
		E4CBDB45152C834B00521FB9 /* button_sinh.png */ = {isa = PBXFileReference; lastKnownFileType = image.png; path = button_sinh.png; sourceTree = "<group>"; };
		E4CBDB46152C834B00521FB9 /* button_sinh@2x.png */ = {isa = PBXFileReference; lastKnownFileType = image.png; path = "button_sinh@2x.png"; sourceTree = "<group>"; };
		E4CBDB47152C834B00521FB9 /* button_tan.png */ = {isa = PBXFileReference; lastKnownFileType = image.png; path = button_tan.png; sourceTree = "<group>"; };
		E4CBDB48152C834B00521FB9 /* button_tan@2x.png */ = {isa = PBXFileReference; lastKnownFileType = image.png; path = "button_tan@2x.png"; sourceTree = "<group>"; };
		E4CBDB49152C834B00521FB9 /* button_tanh.png */ = {isa = PBXFileReference; lastKnownFileType = image.png; path = button_tanh.png; sourceTree = "<group>"; };
		E4CBDB4A152C834B00521FB9 /* button_tanh@2x.png */ = {isa = PBXFileReference; lastKnownFileType = image.png; path = "button_tanh@2x.png"; sourceTree = "<group>"; };
		E4CBDB4B152C834B00521FB9 /* button_x2.png */ = {isa = PBXFileReference; lastKnownFileType = image.png; path = button_x2.png; sourceTree = "<group>"; };
		E4CBDB4C152C834B00521FB9 /* button_x2@2x.png */ = {isa = PBXFileReference; lastKnownFileType = image.png; path = "button_x2@2x.png"; sourceTree = "<group>"; };
		E4CBDB4D152C834B00521FB9 /* button_x3.png */ = {isa = PBXFileReference; lastKnownFileType = image.png; path = button_x3.png; sourceTree = "<group>"; };
		E4CBDB4E152C834B00521FB9 /* button_x3@2x.png */ = {isa = PBXFileReference; lastKnownFileType = image.png; path = "button_x3@2x.png"; sourceTree = "<group>"; };
		E4CBDB4F152C834B00521FB9 /* button_xy.png */ = {isa = PBXFileReference; lastKnownFileType = image.png; path = button_xy.png; sourceTree = "<group>"; };
		E4CBDB50152C834B00521FB9 /* button_xy@2x.png */ = {isa = PBXFileReference; lastKnownFileType = image.png; path = "button_xy@2x.png"; sourceTree = "<group>"; };
		E4CBDB51152C834B00521FB9 /* cell_bg.png */ = {isa = PBXFileReference; lastKnownFileType = image.png; path = cell_bg.png; sourceTree = "<group>"; };
		E4CBDB52152C834B00521FB9 /* cell_bg@2x.png */ = {isa = PBXFileReference; lastKnownFileType = image.png; path = "cell_bg@2x.png"; sourceTree = "<group>"; };
		E4CBDB53152C834B00521FB9 /* cell_seperator.png */ = {isa = PBXFileReference; lastKnownFileType = image.png; path = cell_seperator.png; sourceTree = "<group>"; };
		E4CBDB54152C834B00521FB9 /* cell_seperator@2x.png */ = {isa = PBXFileReference; lastKnownFileType = image.png; path = "cell_seperator@2x.png"; sourceTree = "<group>"; };
		E4CBDB55152C834B00521FB9 /* Default-Landscape@2x~ipad.png */ = {isa = PBXFileReference; lastKnownFileType = image.png; path = "Default-Landscape@2x~ipad.png"; sourceTree = "<group>"; };
		E4CBDB56152C834B00521FB9 /* Default-Landscape~ipad.png */ = {isa = PBXFileReference; lastKnownFileType = image.png; path = "Default-Landscape~ipad.png"; sourceTree = "<group>"; };
		E4CBDB57152C834B00521FB9 /* emgx_bg.png */ = {isa = PBXFileReference; lastKnownFileType = image.png; path = emgx_bg.png; sourceTree = "<group>"; };
		E4CBDB58152C834B00521FB9 /* emgx_bg@2x.png */ = {isa = PBXFileReference; lastKnownFileType = image.png; path = "emgx_bg@2x.png"; sourceTree = "<group>"; };
		E4CBDB59152C834B00521FB9 /* launchimage.png */ = {isa = PBXFileReference; lastKnownFileType = image.png; path = launchimage.png; sourceTree = "<group>"; };
		E4CBDB5A152C834B00521FB9 /* launchimage@2x.png */ = {isa = PBXFileReference; lastKnownFileType = image.png; path = "launchimage@2x.png"; sourceTree = "<group>"; };
		E4CBDB5B152C834B00521FB9 /* light_l.png */ = {isa = PBXFileReference; lastKnownFileType = image.png; path = light_l.png; sourceTree = "<group>"; };
		E4CBDB5C152C834B00521FB9 /* light_l@2x.png */ = {isa = PBXFileReference; lastKnownFileType = image.png; path = "light_l@2x.png"; sourceTree = "<group>"; };
		E4CBDB5D152C834B00521FB9 /* light_r.png */ = {isa = PBXFileReference; lastKnownFileType = image.png; path = light_r.png; sourceTree = "<group>"; };
		E4CBDB5E152C834B00521FB9 /* light_r@2x.png */ = {isa = PBXFileReference; lastKnownFileType = image.png; path = "light_r@2x.png"; sourceTree = "<group>"; };
		E4CBDB5F152C834B00521FB9 /* marker_head_black.png */ = {isa = PBXFileReference; lastKnownFileType = image.png; path = marker_head_black.png; sourceTree = "<group>"; };
		E4CBDB60152C834B00521FB9 /* marker_head_black@2x.png */ = {isa = PBXFileReference; lastKnownFileType = image.png; path = "marker_head_black@2x.png"; sourceTree = "<group>"; };
		E4CBDB61152C834B00521FB9 /* marker_head_blue.png */ = {isa = PBXFileReference; lastKnownFileType = image.png; path = marker_head_blue.png; sourceTree = "<group>"; };
		E4CBDB62152C834B00521FB9 /* marker_head_blue@2x.png */ = {isa = PBXFileReference; lastKnownFileType = image.png; path = "marker_head_blue@2x.png"; sourceTree = "<group>"; };
		E4CBDB63152C834B00521FB9 /* marker_head_green.png */ = {isa = PBXFileReference; lastKnownFileType = image.png; path = marker_head_green.png; sourceTree = "<group>"; };
		E4CBDB64152C834B00521FB9 /* marker_head_green@2x.png */ = {isa = PBXFileReference; lastKnownFileType = image.png; path = "marker_head_green@2x.png"; sourceTree = "<group>"; };
		E4CBDB65152C834B00521FB9 /* marker_head_red.png */ = {isa = PBXFileReference; lastKnownFileType = image.png; path = marker_head_red.png; sourceTree = "<group>"; };
		E4CBDB66152C834B00521FB9 /* marker_head_red@2x.png */ = {isa = PBXFileReference; lastKnownFileType = image.png; path = "marker_head_red@2x.png"; sourceTree = "<group>"; };
		E4CBDB67152C834B00521FB9 /* marker_head_yellow.png */ = {isa = PBXFileReference; lastKnownFileType = image.png; path = marker_head_yellow.png; sourceTree = "<group>"; };
		E4CBDB68152C834B00521FB9 /* marker_head_yellow@2x.png */ = {isa = PBXFileReference; lastKnownFileType = image.png; path = "marker_head_yellow@2x.png"; sourceTree = "<group>"; };
		E4CBDB69152C834B00521FB9 /* marker_large.png */ = {isa = PBXFileReference; lastKnownFileType = image.png; path = marker_large.png; sourceTree = "<group>"; };
		E4CBDB6A152C834B00521FB9 /* marker_large@2x.png */ = {isa = PBXFileReference; lastKnownFileType = image.png; path = "marker_large@2x.png"; sourceTree = "<group>"; };
		E4CBDB6B152C834B00521FB9 /* numpad_up.png */ = {isa = PBXFileReference; lastKnownFileType = image.png; path = numpad_up.png; sourceTree = "<group>"; };
		E4CBDB6C152C834B00521FB9 /* numpad_up@2x.png */ = {isa = PBXFileReference; lastKnownFileType = image.png; path = "numpad_up@2x.png"; sourceTree = "<group>"; };
		E4CBDB6D152C834B00521FB9 /* pencil_large.png */ = {isa = PBXFileReference; lastKnownFileType = image.png; path = pencil_large.png; sourceTree = "<group>"; };
		E4CBDB6E152C834B00521FB9 /* pencil_large@2x.png */ = {isa = PBXFileReference; lastKnownFileType = image.png; path = "pencil_large@2x.png"; sourceTree = "<group>"; };
		E4CBDB6F152C834B00521FB9 /* popover_brashes_bg.png */ = {isa = PBXFileReference; lastKnownFileType = image.png; path = popover_brashes_bg.png; sourceTree = "<group>"; };
		E4CBDB70152C834B00521FB9 /* popover_brashes_bg@2x.png */ = {isa = PBXFileReference; lastKnownFileType = image.png; path = "popover_brashes_bg@2x.png"; sourceTree = "<group>"; };
		E4CBDB71152C834B00521FB9 /* popover_brashes_color_selected.png */ = {isa = PBXFileReference; lastKnownFileType = image.png; path = popover_brashes_color_selected.png; sourceTree = "<group>"; };
		E4CBDB72152C834B00521FB9 /* popover_brashes_color_selected@2x.png */ = {isa = PBXFileReference; lastKnownFileType = image.png; path = "popover_brashes_color_selected@2x.png"; sourceTree = "<group>"; };
		E4CBDB73152C834B00521FB9 /* popover_brashes_selected_bg.png */ = {isa = PBXFileReference; lastKnownFileType = image.png; path = popover_brashes_selected_bg.png; sourceTree = "<group>"; };
		E4CBDB74152C834B00521FB9 /* popover_brashes_selected_bg@2x.png */ = {isa = PBXFileReference; lastKnownFileType = image.png; path = "popover_brashes_selected_bg@2x.png"; sourceTree = "<group>"; };
		E4CBDB75152C834B00521FB9 /* popover_brashes_shadow_up.png */ = {isa = PBXFileReference; lastKnownFileType = image.png; path = popover_brashes_shadow_up.png; sourceTree = "<group>"; };
		E4CBDB76152C834B00521FB9 /* popover_brashes_shadow_up@2x.png */ = {isa = PBXFileReference; lastKnownFileType = image.png; path = "popover_brashes_shadow_up@2x.png"; sourceTree = "<group>"; };
		E4CBDB77152C834B00521FB9 /* ruler_large.png */ = {isa = PBXFileReference; lastKnownFileType = image.png; path = ruler_large.png; sourceTree = "<group>"; };
		E4CBDB78152C834B00521FB9 /* ruler_large@2x.png */ = {isa = PBXFileReference; lastKnownFileType = image.png; path = "ruler_large@2x.png"; sourceTree = "<group>"; };
		E4CBDBE9152C853C00521FB9 /* AnswerCellModel.h */ = {isa = PBXFileReference; fileEncoding = 4; lastKnownFileType = sourcecode.c.h; path = AnswerCellModel.h; sourceTree = "<group>"; };
		E4CBDBEA152C853C00521FB9 /* AnswerCellModel.m */ = {isa = PBXFileReference; fileEncoding = 4; lastKnownFileType = sourcecode.c.objc; path = AnswerCellModel.m; sourceTree = "<group>"; };
		E4CBDBEC152C862A00521FB9 /* AnswerTableModel.h */ = {isa = PBXFileReference; fileEncoding = 4; lastKnownFileType = sourcecode.c.h; path = AnswerTableModel.h; sourceTree = "<group>"; };
		E4CBDBED152C862A00521FB9 /* AnswerTableModel.m */ = {isa = PBXFileReference; fileEncoding = 4; lastKnownFileType = sourcecode.c.objc; path = AnswerTableModel.m; sourceTree = "<group>"; };
/* End PBXFileReference section */

/* Begin PBXFrameworksBuildPhase section */
		E41ED906151F6DCC00F4D87F /* Frameworks */ = {
			isa = PBXFrameworksBuildPhase;
			buildActionMask = 2147483647;
			files = (
				E41ED90E151F6DCC00F4D87F /* UIKit.framework in Frameworks */,
				E41ED910151F6DCC00F4D87F /* Foundation.framework in Frameworks */,
				E41ED912151F6DCC00F4D87F /* CoreGraphics.framework in Frameworks */,
			);
			runOnlyForDeploymentPostprocessing = 0;
		};
		E41ED926151F6DCD00F4D87F /* Frameworks */ = {
			isa = PBXFrameworksBuildPhase;
			buildActionMask = 2147483647;
			files = (
				E41ED92C151F6DCD00F4D87F /* SenTestingKit.framework in Frameworks */,
				E41ED92D151F6DCD00F4D87F /* UIKit.framework in Frameworks */,
				E41ED92E151F6DCD00F4D87F /* Foundation.framework in Frameworks */,
			);
			runOnlyForDeploymentPostprocessing = 0;
		};
/* End PBXFrameworksBuildPhase section */

/* Begin PBXGroup section */
		E41ED8FE151F6DCC00F4D87F = {
			isa = PBXGroup;
			children = (
				E4A4ADA51522062D006B5977 /* Resouces */,
				E43B232A1535C74E00B7B52A /* FXLabel */,
				E41ED98A151F6E7800F4D87F /* DDMathParser */,
				E41ED913151F6DCC00F4D87F /* UltraCalc */,
				E41ED931151F6DCD00F4D87F /* UltraCalcTests */,
				E41ED90C151F6DCC00F4D87F /* Frameworks */,
				E41ED90A151F6DCC00F4D87F /* Products */,
			);
			sourceTree = "<group>";
		};
		E41ED90A151F6DCC00F4D87F /* Products */ = {
			isa = PBXGroup;
			children = (
				E41ED909151F6DCC00F4D87F /* UltraCalc.app */,
				E41ED92A151F6DCD00F4D87F /* UltraCalcTests.octest */,
			);
			name = Products;
			sourceTree = "<group>";
		};
		E41ED90C151F6DCC00F4D87F /* Frameworks */ = {
			isa = PBXGroup;
			children = (
				E41ED90D151F6DCC00F4D87F /* UIKit.framework */,
				E41ED90F151F6DCC00F4D87F /* Foundation.framework */,
				E41ED911151F6DCC00F4D87F /* CoreGraphics.framework */,
				E41ED92B151F6DCD00F4D87F /* SenTestingKit.framework */,
			);
			name = Frameworks;
			sourceTree = "<group>";
		};
		E41ED913151F6DCC00F4D87F /* UltraCalc */ = {
			isa = PBXGroup;
			children = (
				E4CBDBE8152C850800521FB9 /* MultipleButton */,
				E41ED91C151F6DCC00F4D87F /* AppDelegate.h */,
				E41ED91D151F6DCC00F4D87F /* AppDelegate.m */,
				E41ED91F151F6DCC00F4D87F /* MainStoryboard.storyboard */,
				E41ED922151F6DCC00F4D87F /* ViewController.h */,
				E41ED923151F6DCC00F4D87F /* ViewController.m */,
				E4CBDBE9152C853C00521FB9 /* AnswerCellModel.h */,
				E4CBDBEA152C853C00521FB9 /* AnswerCellModel.m */,
				E4CBDBEC152C862A00521FB9 /* AnswerTableModel.h */,
				E4CBDBED152C862A00521FB9 /* AnswerTableModel.m */,
				E48918A115356CC300398B17 /* InputScrollViewController.h */,
				E48918A215356CC300398B17 /* InputScrollViewController.m */,
				E45F3A5715398923004CAC5B /* Brain.h */,
				E45F3A5815398923004CAC5B /* Brain.m */,
				E41ED914151F6DCC00F4D87F /* Supporting Files */,
			);
			path = UltraCalc;
			sourceTree = "<group>";
		};
		E41ED914151F6DCC00F4D87F /* Supporting Files */ = {
			isa = PBXGroup;
			children = (
				E41ED915151F6DCC00F4D87F /* UltraCalc-Info.plist */,
				E41ED916151F6DCC00F4D87F /* InfoPlist.strings */,
				E41ED919151F6DCC00F4D87F /* main.m */,
				E41ED91B151F6DCC00F4D87F /* UltraCalc-Prefix.pch */,
			);
			name = "Supporting Files";
			sourceTree = "<group>";
		};
		E41ED931151F6DCD00F4D87F /* UltraCalcTests */ = {
			isa = PBXGroup;
			children = (
				E41ED937151F6DCD00F4D87F /* UltraCalcTests.h */,
				E41ED938151F6DCD00F4D87F /* UltraCalcTests.m */,
				E41ED932151F6DCD00F4D87F /* Supporting Files */,
			);
			path = UltraCalcTests;
			sourceTree = "<group>";
		};
		E41ED932151F6DCD00F4D87F /* Supporting Files */ = {
			isa = PBXGroup;
			children = (
				E41ED933151F6DCD00F4D87F /* UltraCalcTests-Info.plist */,
				E41ED934151F6DCD00F4D87F /* InfoPlist.strings */,
			);
			name = "Supporting Files";
			sourceTree = "<group>";
		};
		E41ED98A151F6E7800F4D87F /* DDMathParser */ = {
			isa = PBXGroup;
			children = (
				E41ED98B151F6E7800F4D87F /* _DDFunctionContainer.h */,
				E41ED98C151F6E7800F4D87F /* _DDFunctionContainer.m */,
				E41ED98D151F6E7800F4D87F /* _DDFunctionExpression.h */,
				E41ED98E151F6E7800F4D87F /* _DDFunctionExpression.m */,
				E41ED98F151F6E7800F4D87F /* _DDFunctionTerm.h */,
				E41ED990151F6E7800F4D87F /* _DDFunctionTerm.m */,
				E41ED991151F6E7800F4D87F /* _DDFunctionUtilities.h */,
				E41ED992151F6E7800F4D87F /* _DDFunctionUtilities.m */,
				E41ED993151F6E7800F4D87F /* _DDGroupTerm.h */,
				E41ED994151F6E7800F4D87F /* _DDGroupTerm.m */,
				E41ED995151F6E7800F4D87F /* _DDNumberExpression.h */,
				E41ED996151F6E7800F4D87F /* _DDNumberExpression.m */,
				E41ED997151F6E7800F4D87F /* _DDNumberTerm.h */,
				E41ED998151F6E7800F4D87F /* _DDNumberTerm.m */,
				E41ED999151F6E7800F4D87F /* _DDOperatorInfo.h */,
				E41ED99A151F6E7800F4D87F /* _DDOperatorInfo.m */,
				E41ED99B151F6E7800F4D87F /* _DDOperatorTerm.h */,
				E41ED99C151F6E7800F4D87F /* _DDOperatorTerm.m */,
				E41ED99D151F6E7800F4D87F /* _DDParserTerm.h */,
				E41ED99E151F6E7800F4D87F /* _DDParserTerm.m */,
				E41ED99F151F6E7800F4D87F /* _DDRewriteRule.h */,
				E41ED9A0151F6E7800F4D87F /* _DDRewriteRule.m */,
				E41ED9A1151F6E7800F4D87F /* _DDVariableExpression.h */,
				E41ED9A2151F6E7800F4D87F /* _DDVariableExpression.m */,
				E41ED9A3151F6E7800F4D87F /* _DDVariableTerm.h */,
				E41ED9A4151F6E7800F4D87F /* _DDVariableTerm.m */,
				E41ED9A5151F6E7800F4D87F /* DDExpression.h */,
				E41ED9A6151F6E7800F4D87F /* DDExpression.m */,
				E41ED9A7151F6E7800F4D87F /* DDMathEvaluator+Private.h */,
				E41ED9A8151F6E7800F4D87F /* DDMathEvaluator.h */,
				E41ED9A9151F6E7800F4D87F /* DDMathEvaluator.m */,
				E41ED9AA151F6E7800F4D87F /* DDMathParser.h */,
				E41ED9AB151F6E7800F4D87F /* DDMathParserMacros.h */,
				E41ED9AC151F6E7800F4D87F /* DDMathStringToken.h */,
				E41ED9AD151F6E7800F4D87F /* DDMathStringToken.m */,
				E41ED9AE151F6E7800F4D87F /* DDMathStringTokenizer.h */,
				E41ED9AF151F6E7800F4D87F /* DDMathStringTokenizer.m */,
				E41ED9B0151F6E7800F4D87F /* DDParser.h */,
				E41ED9B1151F6E7800F4D87F /* DDParser.m */,
				E41ED9B2151F6E7800F4D87F /* DDParserTypes.h */,
				E41ED9B3151F6E7800F4D87F /* DDParserTypes.m */,
				E41ED9B4151F6E7800F4D87F /* DDTypes.h */,
				E41ED9B5151F6E7800F4D87F /* DDTypes.m */,
				E41ED9B6151F6E7800F4D87F /* NSString+DDMathParsing.h */,
				E41ED9B7151F6E7800F4D87F /* NSString+DDMathParsing.m */,
			);
			path = DDMathParser;
			sourceTree = "<group>";
		};
		E43B232A1535C74E00B7B52A /* FXLabel */ = {
			isa = PBXGroup;
			children = (
				E43B232B1535C74E00B7B52A /* FXLabel.h */,
				E43B232C1535C74E00B7B52A /* FXLabel.m */,
			);
			path = FXLabel;
			sourceTree = "<group>";
		};
		E4A4ADA51522062D006B5977 /* Resouces */ = {
			isa = PBXGroup;
			children = (
				E42AD39D152D2C2A0049546F /* Eurostile.ttf */,
				E4CBDB0A152C834B00521FB9 /* Images */,
			);
			name = Resouces;
			sourceTree = "<group>";
		};
		E4CBDB0A152C834B00521FB9 /* Images */ = {
			isa = PBXGroup;
			children = (
				E45F3A5A15399E27004CAC5B /* screen_bracket_body.png */,
				E45F3A5B15399E27004CAC5B /* screen_bracket_body@2x.png */,
				E45F3A5C15399E27004CAC5B /* screen_bracket_left.png */,
				E45F3A5D15399E27004CAC5B /* screen_bracket_left@2x.png */,
				E45F3A5E15399E27004CAC5B /* screen_bracket_right.png */,
				E45F3A5F15399E27004CAC5B /* screen_bracket_right@2x.png */,
				E4CBDB0B152C834B00521FB9 /* brashes_color_black.png */,
				E4CBDB0C152C834B00521FB9 /* brashes_color_black@2x.png */,
				E4CBDB0D152C834B00521FB9 /* brashes_color_blue.png */,
				E4CBDB0E152C834B00521FB9 /* brashes_color_blue@2x.png */,
				E4CBDB0F152C834B00521FB9 /* brashes_color_green.png */,
				E4CBDB10152C834B00521FB9 /* brashes_color_green@2x.png */,
				E4CBDB11152C834B00521FB9 /* brashes_color_red.png */,
				E4CBDB12152C834B00521FB9 /* brashes_color_red@2x.png */,
				E4CBDB13152C834B00521FB9 /* brashes_color_yellow.png */,
				E4CBDB14152C834B00521FB9 /* brashes_color_yellow@2x.png */,
				E4CBDB15152C834B00521FB9 /* button_arccos.png */,
				E4CBDB16152C834B00521FB9 /* button_arccos@2x.png */,
				E4CBDB17152C834B00521FB9 /* button_arcsin.png */,
				E4CBDB18152C834B00521FB9 /* button_arcsin@2x.png */,
				E4CBDB19152C834B00521FB9 /* button_arctan.png */,
				E4CBDB1A152C834B00521FB9 /* button_arctan@2x.png */,
				E4CBDB1B152C834B00521FB9 /* button_cos.png */,
				E4CBDB1C152C834B00521FB9 /* button_cos@2x.png */,
				E4CBDB1D152C834B00521FB9 /* button_cosh.png */,
				E4CBDB1E152C834B00521FB9 /* button_cosh@2x.png */,
				E4CBDB1F152C834B00521FB9 /* button_drawer.png */,
				E4CBDB20152C834B00521FB9 /* button_drawer@2x.png */,
				E4CBDB21152C834B00521FB9 /* button_edit.png */,
				E4CBDB22152C834B00521FB9 /* button_edit@2x.png */,
				E4CBDB23152C834B00521FB9 /* button_eraser.png */,
				E4CBDB24152C834B00521FB9 /* button_eraser@2x.png */,
				E4CBDB25152C834B00521FB9 /* button_hover.png */,
				E4CBDB26152C834B00521FB9 /* button_hover@2x.png */,
				E4CBDB27152C834B00521FB9 /* button_ln.png */,
				E4CBDB28152C834B00521FB9 /* button_ln@2x.png */,
				E4CBDB29152C834B00521FB9 /* button_log.png */,
				E4CBDB2A152C834B00521FB9 /* button_log@2x.png */,
				E4CBDB2B152C834B00521FB9 /* button_logxy.png */,
				E4CBDB2C152C834B00521FB9 /* button_logxy@2x.png */,
				E4CBDB2D152C834B00521FB9 /* button_marker.png */,
				E4CBDB2E152C834B00521FB9 /* button_marker@2x.png */,
				E4CBDB2F152C834B00521FB9 /* button_move.png */,
				E4CBDB30152C834B00521FB9 /* button_move@2x.png */,
				E4CBDB31152C834B00521FB9 /* button_notes.png */,
				E4CBDB32152C834B00521FB9 /* button_notes@2x.png */,
				E4CBDB33152C834B00521FB9 /* button_pencil.png */,
				E4CBDB34152C834B00521FB9 /* button_pencil@2x.png */,
				E4CBDB35152C834B00521FB9 /* button_root.png */,
				E4CBDB36152C834B00521FB9 /* button_root3.png */,
				E4CBDB37152C834B00521FB9 /* button_root3@2x.png */,
				E4CBDB38152C834B00521FB9 /* button_root@2x.png */,
				E4CBDB39152C834B00521FB9 /* button_rootx.png */,
				E4CBDB3A152C834B00521FB9 /* button_rootx@2x.png */,
				E4CBDB3B152C834B00521FB9 /* button_ruler.png */,
				E4CBDB3C152C834B00521FB9 /* button_ruler@2x.png */,
				E4CBDB3D152C834B00521FB9 /* button_selected_bg.png */,
				E4CBDB3E152C834B00521FB9 /* button_selected_bg@2x.png */,
				E4CBDB3F152C834B00521FB9 /* button_share.png */,
				E4CBDB40152C834B00521FB9 /* button_share@2x.png */,
				E4CBDB41152C834B00521FB9 /* button_shownote.png */,
				E4CBDB42152C834B00521FB9 /* button_shownote@2x.png */,
				E4CBDB43152C834B00521FB9 /* button_sin.png */,
				E4CBDB44152C834B00521FB9 /* button_sin@2x.png */,
				E4CBDB45152C834B00521FB9 /* button_sinh.png */,
				E4CBDB46152C834B00521FB9 /* button_sinh@2x.png */,
				E4CBDB47152C834B00521FB9 /* button_tan.png */,
				E4CBDB48152C834B00521FB9 /* button_tan@2x.png */,
				E4CBDB49152C834B00521FB9 /* button_tanh.png */,
				E4CBDB4A152C834B00521FB9 /* button_tanh@2x.png */,
				E4CBDB4B152C834B00521FB9 /* button_x2.png */,
				E4CBDB4C152C834B00521FB9 /* button_x2@2x.png */,
				E4CBDB4D152C834B00521FB9 /* button_x3.png */,
				E4CBDB4E152C834B00521FB9 /* button_x3@2x.png */,
				E4CBDB4F152C834B00521FB9 /* button_xy.png */,
				E4CBDB50152C834B00521FB9 /* button_xy@2x.png */,
				E4CBDB51152C834B00521FB9 /* cell_bg.png */,
				E4CBDB52152C834B00521FB9 /* cell_bg@2x.png */,
				E4CBDB53152C834B00521FB9 /* cell_seperator.png */,
				E4CBDB54152C834B00521FB9 /* cell_seperator@2x.png */,
				E4CBDB55152C834B00521FB9 /* Default-Landscape@2x~ipad.png */,
				E4CBDB56152C834B00521FB9 /* Default-Landscape~ipad.png */,
				E4CBDB57152C834B00521FB9 /* emgx_bg.png */,
				E4CBDB58152C834B00521FB9 /* emgx_bg@2x.png */,
				E4CBDB59152C834B00521FB9 /* launchimage.png */,
				E4CBDB5A152C834B00521FB9 /* launchimage@2x.png */,
				E4CBDB5B152C834B00521FB9 /* light_l.png */,
				E4CBDB5C152C834B00521FB9 /* light_l@2x.png */,
				E4CBDB5D152C834B00521FB9 /* light_r.png */,
				E4CBDB5E152C834B00521FB9 /* light_r@2x.png */,
				E4CBDB5F152C834B00521FB9 /* marker_head_black.png */,
				E4CBDB60152C834B00521FB9 /* marker_head_black@2x.png */,
				E4CBDB61152C834B00521FB9 /* marker_head_blue.png */,
				E4CBDB62152C834B00521FB9 /* marker_head_blue@2x.png */,
				E4CBDB63152C834B00521FB9 /* marker_head_green.png */,
				E4CBDB64152C834B00521FB9 /* marker_head_green@2x.png */,
				E4CBDB65152C834B00521FB9 /* marker_head_red.png */,
				E4CBDB66152C834B00521FB9 /* marker_head_red@2x.png */,
				E4CBDB67152C834B00521FB9 /* marker_head_yellow.png */,
				E4CBDB68152C834B00521FB9 /* marker_head_yellow@2x.png */,
				E4CBDB69152C834B00521FB9 /* marker_large.png */,
				E4CBDB6A152C834B00521FB9 /* marker_large@2x.png */,
				E4CBDB6B152C834B00521FB9 /* numpad_up.png */,
				E4CBDB6C152C834B00521FB9 /* numpad_up@2x.png */,
				E4CBDB6D152C834B00521FB9 /* pencil_large.png */,
				E4CBDB6E152C834B00521FB9 /* pencil_large@2x.png */,
				E4CBDB6F152C834B00521FB9 /* popover_brashes_bg.png */,
				E4CBDB70152C834B00521FB9 /* popover_brashes_bg@2x.png */,
				E4CBDB71152C834B00521FB9 /* popover_brashes_color_selected.png */,
				E4CBDB72152C834B00521FB9 /* popover_brashes_color_selected@2x.png */,
				E4CBDB73152C834B00521FB9 /* popover_brashes_selected_bg.png */,
				E4CBDB74152C834B00521FB9 /* popover_brashes_selected_bg@2x.png */,
				E4CBDB75152C834B00521FB9 /* popover_brashes_shadow_up.png */,
				E4CBDB76152C834B00521FB9 /* popover_brashes_shadow_up@2x.png */,
				E4CBDB77152C834B00521FB9 /* ruler_large.png */,
				E4CBDB78152C834B00521FB9 /* ruler_large@2x.png */,
			);
			name = Images;
			path = Resources;
			sourceTree = "<group>";
		};
		E4CBDBE8152C850800521FB9 /* MultipleButton */ = {
			isa = PBXGroup;
			children = (
				E4AB243E152368CB005D2443 /* MultipleButtonViewController.h */,
				E4AB243F152368CB005D2443 /* MultipleButtonViewController.m */,
				E4AB2441152368FC005D2443 /* MultipleButtonDataSource.h */,
			);
			name = MultipleButton;
			sourceTree = "<group>";
		};
/* End PBXGroup section */

/* Begin PBXNativeTarget section */
		E41ED908151F6DCC00F4D87F /* UltraCalc */ = {
			isa = PBXNativeTarget;
			buildConfigurationList = E41ED93C151F6DCD00F4D87F /* Build configuration list for PBXNativeTarget "UltraCalc" */;
			buildPhases = (
				E41ED905151F6DCC00F4D87F /* Sources */,
				E41ED906151F6DCC00F4D87F /* Frameworks */,
				E41ED907151F6DCC00F4D87F /* Resources */,
			);
			buildRules = (
			);
			dependencies = (
			);
			name = UltraCalc;
			productName = UltraCalc;
			productReference = E41ED909151F6DCC00F4D87F /* UltraCalc.app */;
			productType = "com.apple.product-type.application";
		};
		E41ED929151F6DCD00F4D87F /* UltraCalcTests */ = {
			isa = PBXNativeTarget;
			buildConfigurationList = E41ED93F151F6DCD00F4D87F /* Build configuration list for PBXNativeTarget "UltraCalcTests" */;
			buildPhases = (
				E41ED925151F6DCD00F4D87F /* Sources */,
				E41ED926151F6DCD00F4D87F /* Frameworks */,
				E41ED927151F6DCD00F4D87F /* Resources */,
				E41ED928151F6DCD00F4D87F /* ShellScript */,
			);
			buildRules = (
			);
			dependencies = (
				E41ED930151F6DCD00F4D87F /* PBXTargetDependency */,
			);
			name = UltraCalcTests;
			productName = UltraCalcTests;
			productReference = E41ED92A151F6DCD00F4D87F /* UltraCalcTests.octest */;
			productType = "com.apple.product-type.bundle";
		};
/* End PBXNativeTarget section */

/* Begin PBXProject section */
		E41ED900151F6DCC00F4D87F /* Project object */ = {
			isa = PBXProject;
			attributes = {
				LastUpgradeCheck = 0430;
			};
			buildConfigurationList = E41ED903151F6DCC00F4D87F /* Build configuration list for PBXProject "UltraCalc" */;
			compatibilityVersion = "Xcode 3.2";
			developmentRegion = English;
			hasScannedForEncodings = 0;
			knownRegions = (
				en,
			);
			mainGroup = E41ED8FE151F6DCC00F4D87F;
			productRefGroup = E41ED90A151F6DCC00F4D87F /* Products */;
			projectDirPath = "";
			projectRoot = "";
			targets = (
				E41ED908151F6DCC00F4D87F /* UltraCalc */,
				E41ED929151F6DCD00F4D87F /* UltraCalcTests */,
			);
		};
/* End PBXProject section */

/* Begin PBXResourcesBuildPhase section */
		E41ED907151F6DCC00F4D87F /* Resources */ = {
			isa = PBXResourcesBuildPhase;
			buildActionMask = 2147483647;
			files = (
				E45EF500152D56CF00E9F48A /* Eurostile.ttf in Resources */,
				E41ED918151F6DCC00F4D87F /* InfoPlist.strings in Resources */,
				E41ED921151F6DCC00F4D87F /* MainStoryboard.storyboard in Resources */,
				E4CBDB79152C834B00521FB9 /* brashes_color_black.png in Resources */,
				E4CBDB7A152C834B00521FB9 /* brashes_color_black@2x.png in Resources */,
				E4CBDB7B152C834B00521FB9 /* brashes_color_blue.png in Resources */,
				E4CBDB7C152C834B00521FB9 /* brashes_color_blue@2x.png in Resources */,
				E4CBDB7D152C834B00521FB9 /* brashes_color_green.png in Resources */,
				E4CBDB7E152C834B00521FB9 /* brashes_color_green@2x.png in Resources */,
				E4CBDB7F152C834B00521FB9 /* brashes_color_red.png in Resources */,
				E4CBDB80152C834B00521FB9 /* brashes_color_red@2x.png in Resources */,
				E4CBDB81152C834B00521FB9 /* brashes_color_yellow.png in Resources */,
				E4CBDB82152C834B00521FB9 /* brashes_color_yellow@2x.png in Resources */,
				E4CBDB83152C834B00521FB9 /* button_arccos.png in Resources */,
				E4CBDB84152C834B00521FB9 /* button_arccos@2x.png in Resources */,
				E4CBDB85152C834B00521FB9 /* button_arcsin.png in Resources */,
				E4CBDB86152C834B00521FB9 /* button_arcsin@2x.png in Resources */,
				E4CBDB87152C834B00521FB9 /* button_arctan.png in Resources */,
				E4CBDB88152C834B00521FB9 /* button_arctan@2x.png in Resources */,
				E4CBDB89152C834B00521FB9 /* button_cos.png in Resources */,
				E4CBDB8A152C834B00521FB9 /* button_cos@2x.png in Resources */,
				E4CBDB8B152C834B00521FB9 /* button_cosh.png in Resources */,
				E4CBDB8C152C834B00521FB9 /* button_cosh@2x.png in Resources */,
				E4CBDB8D152C834B00521FB9 /* button_drawer.png in Resources */,
				E4CBDB8E152C834B00521FB9 /* button_drawer@2x.png in Resources */,
				E4CBDB8F152C834B00521FB9 /* button_edit.png in Resources */,
				E4CBDB90152C834B00521FB9 /* button_edit@2x.png in Resources */,
				E4CBDB91152C834B00521FB9 /* button_eraser.png in Resources */,
				E4CBDB92152C834B00521FB9 /* button_eraser@2x.png in Resources */,
				E4CBDB93152C834B00521FB9 /* button_hover.png in Resources */,
				E4CBDB94152C834B00521FB9 /* button_hover@2x.png in Resources */,
				E4CBDB95152C834B00521FB9 /* button_ln.png in Resources */,
				E4CBDB96152C834B00521FB9 /* button_ln@2x.png in Resources */,
				E4CBDB97152C834B00521FB9 /* button_log.png in Resources */,
				E4CBDB98152C834B00521FB9 /* button_log@2x.png in Resources */,
				E4CBDB99152C834B00521FB9 /* button_logxy.png in Resources */,
				E4CBDB9A152C834B00521FB9 /* button_logxy@2x.png in Resources */,
				E4CBDB9B152C834B00521FB9 /* button_marker.png in Resources */,
				E4CBDB9C152C834B00521FB9 /* button_marker@2x.png in Resources */,
				E4CBDB9D152C834B00521FB9 /* button_move.png in Resources */,
				E4CBDB9E152C834B00521FB9 /* button_move@2x.png in Resources */,
				E4CBDB9F152C834B00521FB9 /* button_notes.png in Resources */,
				E4CBDBA0152C834B00521FB9 /* button_notes@2x.png in Resources */,
				E4CBDBA1152C834B00521FB9 /* button_pencil.png in Resources */,
				E4CBDBA2152C834B00521FB9 /* button_pencil@2x.png in Resources */,
				E4CBDBA3152C834B00521FB9 /* button_root.png in Resources */,
				E4CBDBA4152C834B00521FB9 /* button_root3.png in Resources */,
				E4CBDBA5152C834B00521FB9 /* button_root3@2x.png in Resources */,
				E4CBDBA6152C834B00521FB9 /* button_root@2x.png in Resources */,
				E4CBDBA7152C834B00521FB9 /* button_rootx.png in Resources */,
				E4CBDBA8152C834B00521FB9 /* button_rootx@2x.png in Resources */,
				E4CBDBA9152C834B00521FB9 /* button_ruler.png in Resources */,
				E4CBDBAA152C834B00521FB9 /* button_ruler@2x.png in Resources */,
				E4CBDBAB152C834B00521FB9 /* button_selected_bg.png in Resources */,
				E4CBDBAC152C834B00521FB9 /* button_selected_bg@2x.png in Resources */,
				E4CBDBAD152C834B00521FB9 /* button_share.png in Resources */,
				E4CBDBAE152C834B00521FB9 /* button_share@2x.png in Resources */,
				E4CBDBAF152C834B00521FB9 /* button_shownote.png in Resources */,
				E4CBDBB0152C834B00521FB9 /* button_shownote@2x.png in Resources */,
				E4CBDBB1152C834B00521FB9 /* button_sin.png in Resources */,
				E4CBDBB2152C834B00521FB9 /* button_sin@2x.png in Resources */,
				E4CBDBB3152C834B00521FB9 /* button_sinh.png in Resources */,
				E4CBDBB4152C834B00521FB9 /* button_sinh@2x.png in Resources */,
				E4CBDBB5152C834B00521FB9 /* button_tan.png in Resources */,
				E4CBDBB6152C834B00521FB9 /* button_tan@2x.png in Resources */,
				E4CBDBB7152C834B00521FB9 /* button_tanh.png in Resources */,
				E4CBDBB8152C834B00521FB9 /* button_tanh@2x.png in Resources */,
				E4CBDBB9152C834B00521FB9 /* button_x2.png in Resources */,
				E4CBDBBA152C834B00521FB9 /* button_x2@2x.png in Resources */,
				E4CBDBBB152C834B00521FB9 /* button_x3.png in Resources */,
				E4CBDBBC152C834B00521FB9 /* button_x3@2x.png in Resources */,
				E4CBDBBD152C834B00521FB9 /* button_xy.png in Resources */,
				E4CBDBBE152C834B00521FB9 /* button_xy@2x.png in Resources */,
				E4CBDBBF152C834B00521FB9 /* cell_bg.png in Resources */,
				E4CBDBC0152C834B00521FB9 /* cell_bg@2x.png in Resources */,
				E4CBDBC1152C834B00521FB9 /* cell_seperator.png in Resources */,
				E4CBDBC2152C834B00521FB9 /* cell_seperator@2x.png in Resources */,
				E4CBDBC3152C834B00521FB9 /* Default-Landscape@2x~ipad.png in Resources */,
				E4CBDBC4152C834B00521FB9 /* Default-Landscape~ipad.png in Resources */,
				E4CBDBC5152C834B00521FB9 /* emgx_bg.png in Resources */,
				E4CBDBC6152C834B00521FB9 /* emgx_bg@2x.png in Resources */,
				E4CBDBC7152C834B00521FB9 /* launchimage.png in Resources */,
				E4CBDBC8152C834B00521FB9 /* launchimage@2x.png in Resources */,
				E4CBDBC9152C834B00521FB9 /* light_l.png in Resources */,
				E4CBDBCA152C834B00521FB9 /* light_l@2x.png in Resources */,
				E4CBDBCB152C834B00521FB9 /* light_r.png in Resources */,
				E4CBDBCC152C834B00521FB9 /* light_r@2x.png in Resources */,
				E4CBDBCD152C834B00521FB9 /* marker_head_black.png in Resources */,
				E4CBDBCE152C834B00521FB9 /* marker_head_black@2x.png in Resources */,
				E4CBDBCF152C834B00521FB9 /* marker_head_blue.png in Resources */,
				E4CBDBD0152C834B00521FB9 /* marker_head_blue@2x.png in Resources */,
				E4CBDBD1152C834B00521FB9 /* marker_head_green.png in Resources */,
				E4CBDBD2152C834B00521FB9 /* marker_head_green@2x.png in Resources */,
				E4CBDBD3152C834B00521FB9 /* marker_head_red.png in Resources */,
				E4CBDBD4152C834B00521FB9 /* marker_head_red@2x.png in Resources */,
				E4CBDBD5152C834B00521FB9 /* marker_head_yellow.png in Resources */,
				E4CBDBD6152C834B00521FB9 /* marker_head_yellow@2x.png in Resources */,
				E4CBDBD7152C834B00521FB9 /* marker_large.png in Resources */,
				E4CBDBD8152C834B00521FB9 /* marker_large@2x.png in Resources */,
				E4CBDBD9152C834B00521FB9 /* numpad_up.png in Resources */,
				E4CBDBDA152C834B00521FB9 /* numpad_up@2x.png in Resources */,
				E4CBDBDB152C834B00521FB9 /* pencil_large.png in Resources */,
				E4CBDBDC152C834B00521FB9 /* pencil_large@2x.png in Resources */,
				E4CBDBDD152C834B00521FB9 /* popover_brashes_bg.png in Resources */,
				E4CBDBDE152C834B00521FB9 /* popover_brashes_bg@2x.png in Resources */,
				E4CBDBDF152C834B00521FB9 /* popover_brashes_color_selected.png in Resources */,
				E4CBDBE0152C834B00521FB9 /* popover_brashes_color_selected@2x.png in Resources */,
				E4CBDBE1152C834B00521FB9 /* popover_brashes_selected_bg.png in Resources */,
				E4CBDBE2152C834B00521FB9 /* popover_brashes_selected_bg@2x.png in Resources */,
				E4CBDBE3152C834B00521FB9 /* popover_brashes_shadow_up.png in Resources */,
				E4CBDBE4152C834B00521FB9 /* popover_brashes_shadow_up@2x.png in Resources */,
				E4CBDBE5152C834B00521FB9 /* ruler_large.png in Resources */,
				E4CBDBE6152C834B00521FB9 /* ruler_large@2x.png in Resources */,
				E45F3A6015399E27004CAC5B /* screen_bracket_body.png in Resources */,
				E45F3A6115399E27004CAC5B /* screen_bracket_body@2x.png in Resources */,
				E45F3A6215399E27004CAC5B /* screen_bracket_left.png in Resources */,
				E45F3A6315399E27004CAC5B /* screen_bracket_left@2x.png in Resources */,
				E45F3A6415399E27004CAC5B /* screen_bracket_right.png in Resources */,
				E45F3A6515399E27004CAC5B /* screen_bracket_right@2x.png in Resources */,
			);
			runOnlyForDeploymentPostprocessing = 0;
		};
		E41ED927151F6DCD00F4D87F /* Resources */ = {
			isa = PBXResourcesBuildPhase;
			buildActionMask = 2147483647;
			files = (
				E41ED936151F6DCD00F4D87F /* InfoPlist.strings in Resources */,
				E42AD39E152D2C2A0049546F /* Eurostile.ttf in Resources */,
			);
			runOnlyForDeploymentPostprocessing = 0;
		};
/* End PBXResourcesBuildPhase section */

/* Begin PBXShellScriptBuildPhase section */
		E41ED928151F6DCD00F4D87F /* ShellScript */ = {
			isa = PBXShellScriptBuildPhase;
			buildActionMask = 2147483647;
			files = (
			);
			inputPaths = (
			);
			outputPaths = (
			);
			runOnlyForDeploymentPostprocessing = 0;
			shellPath = /bin/sh;
			shellScript = "# Run the unit tests in this test bundle.\n\"${SYSTEM_DEVELOPER_DIR}/Tools/RunUnitTests\"\n";
		};
/* End PBXShellScriptBuildPhase section */

/* Begin PBXSourcesBuildPhase section */
		E41ED905151F6DCC00F4D87F /* Sources */ = {
			isa = PBXSourcesBuildPhase;
			buildActionMask = 2147483647;
			files = (
				E41ED91A151F6DCC00F4D87F /* main.m in Sources */,
				E41ED91E151F6DCC00F4D87F /* AppDelegate.m in Sources */,
				E41ED924151F6DCC00F4D87F /* ViewController.m in Sources */,
				E41ED9B8151F6E7800F4D87F /* _DDFunctionContainer.m in Sources */,
				E41ED9B9151F6E7800F4D87F /* _DDFunctionExpression.m in Sources */,
				E41ED9BA151F6E7800F4D87F /* _DDFunctionTerm.m in Sources */,
				E41ED9BB151F6E7800F4D87F /* _DDFunctionUtilities.m in Sources */,
				E41ED9BC151F6E7800F4D87F /* _DDGroupTerm.m in Sources */,
				E41ED9BD151F6E7800F4D87F /* _DDNumberExpression.m in Sources */,
				E41ED9BE151F6E7800F4D87F /* _DDNumberTerm.m in Sources */,
				E41ED9BF151F6E7800F4D87F /* _DDOperatorInfo.m in Sources */,
				E41ED9C0151F6E7800F4D87F /* _DDOperatorTerm.m in Sources */,
				E41ED9C1151F6E7800F4D87F /* _DDParserTerm.m in Sources */,
				E41ED9C2151F6E7800F4D87F /* _DDRewriteRule.m in Sources */,
				E41ED9C3151F6E7800F4D87F /* _DDVariableExpression.m in Sources */,
				E41ED9C4151F6E7800F4D87F /* _DDVariableTerm.m in Sources */,
				E41ED9C5151F6E7800F4D87F /* DDExpression.m in Sources */,
				E41ED9C6151F6E7800F4D87F /* DDMathEvaluator.m in Sources */,
				E41ED9C7151F6E7800F4D87F /* DDMathStringToken.m in Sources */,
				E41ED9C8151F6E7800F4D87F /* DDMathStringTokenizer.m in Sources */,
				E41ED9C9151F6E7800F4D87F /* DDParser.m in Sources */,
				E41ED9CA151F6E7800F4D87F /* DDParserTypes.m in Sources */,
				E41ED9CB151F6E7800F4D87F /* DDTypes.m in Sources */,
				E41ED9CC151F6E7800F4D87F /* NSString+DDMathParsing.m in Sources */,
				E4AB2440152368CB005D2443 /* MultipleButtonViewController.m in Sources */,
				E4CBDBEB152C853C00521FB9 /* AnswerCellModel.m in Sources */,
				E4CBDBEE152C862A00521FB9 /* AnswerTableModel.m in Sources */,
				E48918A315356CC300398B17 /* InputScrollViewController.m in Sources */,
				E43B232D1535C74E00B7B52A /* FXLabel.m in Sources */,
				E45F3A5915398923004CAC5B /* Brain.m in Sources */,
			);
			runOnlyForDeploymentPostprocessing = 0;
		};
		E41ED925151F6DCD00F4D87F /* Sources */ = {
			isa = PBXSourcesBuildPhase;
			buildActionMask = 2147483647;
			files = (
				E41ED939151F6DCD00F4D87F /* UltraCalcTests.m in Sources */,
			);
			runOnlyForDeploymentPostprocessing = 0;
		};
/* End PBXSourcesBuildPhase section */

/* Begin PBXTargetDependency section */
		E41ED930151F6DCD00F4D87F /* PBXTargetDependency */ = {
			isa = PBXTargetDependency;
			target = E41ED908151F6DCC00F4D87F /* UltraCalc */;
			targetProxy = E41ED92F151F6DCD00F4D87F /* PBXContainerItemProxy */;
		};
/* End PBXTargetDependency section */

/* Begin PBXVariantGroup section */
		E41ED916151F6DCC00F4D87F /* InfoPlist.strings */ = {
			isa = PBXVariantGroup;
			children = (
				E41ED917151F6DCC00F4D87F /* en */,
			);
			name = InfoPlist.strings;
			sourceTree = "<group>";
		};
		E41ED91F151F6DCC00F4D87F /* MainStoryboard.storyboard */ = {
			isa = PBXVariantGroup;
			children = (
				E41ED920151F6DCC00F4D87F /* en */,
			);
			name = MainStoryboard.storyboard;
			sourceTree = "<group>";
		};
		E41ED934151F6DCD00F4D87F /* InfoPlist.strings */ = {
			isa = PBXVariantGroup;
			children = (
				E41ED935151F6DCD00F4D87F /* en */,
			);
			name = InfoPlist.strings;
			sourceTree = "<group>";
		};
/* End PBXVariantGroup section */

/* Begin XCBuildConfiguration section */
		E41ED93A151F6DCD00F4D87F /* Debug */ = {
			isa = XCBuildConfiguration;
			buildSettings = {
				ALWAYS_SEARCH_USER_PATHS = NO;
				ARCHS = "$(ARCHS_STANDARD_32_BIT)";
				CLANG_ENABLE_OBJC_ARC = YES;
				"CODE_SIGN_IDENTITY[sdk=iphoneos*]" = "iPhone Developer";
				COPY_PHASE_STRIP = NO;
				GCC_C_LANGUAGE_STANDARD = gnu99;
				GCC_DYNAMIC_NO_PIC = NO;
				GCC_OPTIMIZATION_LEVEL = 0;
				GCC_PREPROCESSOR_DEFINITIONS = (
					"DEBUG=1",
					"$(inherited)",
				);
				GCC_SYMBOLS_PRIVATE_EXTERN = NO;
				GCC_VERSION = com.apple.compilers.llvm.clang.1_0;
				GCC_WARN_ABOUT_RETURN_TYPE = YES;
				GCC_WARN_UNINITIALIZED_AUTOS = YES;
				GCC_WARN_UNUSED_VARIABLE = YES;
				IPHONEOS_DEPLOYMENT_TARGET = 5.1;
				SDKROOT = iphoneos;
				TARGETED_DEVICE_FAMILY = 2;
			};
			name = Debug;
		};
		E41ED93B151F6DCD00F4D87F /* Release */ = {
			isa = XCBuildConfiguration;
			buildSettings = {
				ALWAYS_SEARCH_USER_PATHS = NO;
				ARCHS = "$(ARCHS_STANDARD_32_BIT)";
				CLANG_ENABLE_OBJC_ARC = YES;
				"CODE_SIGN_IDENTITY[sdk=iphoneos*]" = "iPhone Developer";
				COPY_PHASE_STRIP = YES;
				GCC_C_LANGUAGE_STANDARD = gnu99;
				GCC_VERSION = com.apple.compilers.llvm.clang.1_0;
				GCC_WARN_ABOUT_RETURN_TYPE = YES;
				GCC_WARN_UNINITIALIZED_AUTOS = YES;
				GCC_WARN_UNUSED_VARIABLE = YES;
				IPHONEOS_DEPLOYMENT_TARGET = 5.1;
				OTHER_CFLAGS = "-DNS_BLOCK_ASSERTIONS=1";
				SDKROOT = iphoneos;
				TARGETED_DEVICE_FAMILY = 2;
				VALIDATE_PRODUCT = YES;
			};
			name = Release;
		};
		E41ED93D151F6DCD00F4D87F /* Debug */ = {
			isa = XCBuildConfiguration;
			buildSettings = {
				GCC_PRECOMPILE_PREFIX_HEADER = YES;
				GCC_PREFIX_HEADER = "UltraCalc/UltraCalc-Prefix.pch";
				INFOPLIST_FILE = "UltraCalc/UltraCalc-Info.plist";
				IPHONEOS_DEPLOYMENT_TARGET = 5.0;
				PRODUCT_NAME = "$(TARGET_NAME)";
				WRAPPER_EXTENSION = app;
			};
			name = Debug;
		};
		E41ED93E151F6DCD00F4D87F /* Release */ = {
			isa = XCBuildConfiguration;
			buildSettings = {
				GCC_PRECOMPILE_PREFIX_HEADER = YES;
				GCC_PREFIX_HEADER = "UltraCalc/UltraCalc-Prefix.pch";
				INFOPLIST_FILE = "UltraCalc/UltraCalc-Info.plist";
				IPHONEOS_DEPLOYMENT_TARGET = 5.0;
				PRODUCT_NAME = "$(TARGET_NAME)";
				WRAPPER_EXTENSION = app;
			};
			name = Release;
		};
		E41ED940151F6DCD00F4D87F /* Debug */ = {
			isa = XCBuildConfiguration;
			buildSettings = {
				BUNDLE_LOADER = "$(BUILT_PRODUCTS_DIR)/UltraCalc.app/UltraCalc";
				FRAMEWORK_SEARCH_PATHS = (
					"$(SDKROOT)/Developer/Library/Frameworks",
					"$(DEVELOPER_LIBRARY_DIR)/Frameworks",
				);
				GCC_PRECOMPILE_PREFIX_HEADER = YES;
				GCC_PREFIX_HEADER = "UltraCalc/UltraCalc-Prefix.pch";
				INFOPLIST_FILE = "UltraCalcTests/UltraCalcTests-Info.plist";
				PRODUCT_NAME = "$(TARGET_NAME)";
				TEST_HOST = "$(BUNDLE_LOADER)";
				WRAPPER_EXTENSION = octest;
			};
			name = Debug;
		};
		E41ED941151F6DCD00F4D87F /* Release */ = {
			isa = XCBuildConfiguration;
			buildSettings = {
				BUNDLE_LOADER = "$(BUILT_PRODUCTS_DIR)/UltraCalc.app/UltraCalc";
				FRAMEWORK_SEARCH_PATHS = (
					"$(SDKROOT)/Developer/Library/Frameworks",
					"$(DEVELOPER_LIBRARY_DIR)/Frameworks",
				);
				GCC_PRECOMPILE_PREFIX_HEADER = YES;
				GCC_PREFIX_HEADER = "UltraCalc/UltraCalc-Prefix.pch";
				INFOPLIST_FILE = "UltraCalcTests/UltraCalcTests-Info.plist";
				PRODUCT_NAME = "$(TARGET_NAME)";
				TEST_HOST = "$(BUNDLE_LOADER)";
				WRAPPER_EXTENSION = octest;
			};
			name = Release;
		};
/* End XCBuildConfiguration section */

/* Begin XCConfigurationList section */
		E41ED903151F6DCC00F4D87F /* Build configuration list for PBXProject "UltraCalc" */ = {
			isa = XCConfigurationList;
			buildConfigurations = (
				E41ED93A151F6DCD00F4D87F /* Debug */,
				E41ED93B151F6DCD00F4D87F /* Release */,
			);
			defaultConfigurationIsVisible = 0;
			defaultConfigurationName = Release;
		};
		E41ED93C151F6DCD00F4D87F /* Build configuration list for PBXNativeTarget "UltraCalc" */ = {
			isa = XCConfigurationList;
			buildConfigurations = (
				E41ED93D151F6DCD00F4D87F /* Debug */,
				E41ED93E151F6DCD00F4D87F /* Release */,
			);
			defaultConfigurationIsVisible = 0;
			defaultConfigurationName = Release;
		};
		E41ED93F151F6DCD00F4D87F /* Build configuration list for PBXNativeTarget "UltraCalcTests" */ = {
			isa = XCConfigurationList;
			buildConfigurations = (
				E41ED940151F6DCD00F4D87F /* Debug */,
				E41ED941151F6DCD00F4D87F /* Release */,
			);
			defaultConfigurationIsVisible = 0;
			defaultConfigurationName = Release;
		};
/* End XCConfigurationList section */
	};
	rootObject = E41ED900151F6DCC00F4D87F /* Project object */;
}
