// !$*UTF8*$!
{
	archiveVersion = 1;
	classes = {
	};
	objectVersion = 46;
	objects = {

/* Begin PBXBuildFile section */
		E41ED90E151F6DCC00F4D87F /* UIKit.framework in Frameworks */ = {isa = PBXBuildFile; fileRef = E41ED90D151F6DCC00F4D87F /* UIKit.framework */; };
		E41ED910151F6DCC00F4D87F /* Foundation.framework in Frameworks */ = {isa = PBXBuildFile; fileRef = E41ED90F151F6DCC00F4D87F /* Foundation.framework */; };
		E41ED912151F6DCC00F4D87F /* CoreGraphics.framework in Frameworks */ = {isa = PBXBuildFile; fileRef = E41ED911151F6DCC00F4D87F /* CoreGraphics.framework */; };
		E41ED918151F6DCC00F4D87F /* InfoPlist.strings in Resources */ = {isa = PBXBuildFile; fileRef = E41ED916151F6DCC00F4D87F /* InfoPlist.strings */; };
		E41ED91A151F6DCC00F4D87F /* main.m in Sources */ = {isa = PBXBuildFile; fileRef = E41ED919151F6DCC00F4D87F /* main.m */; };
		E41ED91E151F6DCC00F4D87F /* AppDelegate.m in Sources */ = {isa = PBXBuildFile; fileRef = E41ED91D151F6DCC00F4D87F /* AppDelegate.m */; };
		E41ED921151F6DCC00F4D87F /* MainStoryboard.storyboard in Resources */ = {isa = PBXBuildFile; fileRef = E41ED91F151F6DCC00F4D87F /* MainStoryboard.storyboard */; };
		E41ED924151F6DCC00F4D87F /* ViewController.m in Sources */ = {isa = PBXBuildFile; fileRef = E41ED923151F6DCC00F4D87F /* ViewController.m */; };
		E41ED92C151F6DCD00F4D87F /* SenTestingKit.framework in Frameworks */ = {isa = PBXBuildFile; fileRef = E41ED92B151F6DCD00F4D87F /* SenTestingKit.framework */; };
		E41ED92D151F6DCD00F4D87F /* UIKit.framework in Frameworks */ = {isa = PBXBuildFile; fileRef = E41ED90D151F6DCC00F4D87F /* UIKit.framework */; };
		E41ED92E151F6DCD00F4D87F /* Foundation.framework in Frameworks */ = {isa = PBXBuildFile; fileRef = E41ED90F151F6DCC00F4D87F /* Foundation.framework */; };
		E41ED936151F6DCD00F4D87F /* InfoPlist.strings in Resources */ = {isa = PBXBuildFile; fileRef = E41ED934151F6DCD00F4D87F /* InfoPlist.strings */; };
		E41ED939151F6DCD00F4D87F /* UltraCalcTests.m in Sources */ = {isa = PBXBuildFile; fileRef = E41ED938151F6DCD00F4D87F /* UltraCalcTests.m */; };
		E41ED9B8151F6E7800F4D87F /* _DDFunctionContainer.m in Sources */ = {isa = PBXBuildFile; fileRef = E41ED98C151F6E7800F4D87F /* _DDFunctionContainer.m */; };
		E41ED9B9151F6E7800F4D87F /* _DDFunctionExpression.m in Sources */ = {isa = PBXBuildFile; fileRef = E41ED98E151F6E7800F4D87F /* _DDFunctionExpression.m */; };
		E41ED9BA151F6E7800F4D87F /* _DDFunctionTerm.m in Sources */ = {isa = PBXBuildFile; fileRef = E41ED990151F6E7800F4D87F /* _DDFunctionTerm.m */; };
		E41ED9BB151F6E7800F4D87F /* _DDFunctionUtilities.m in Sources */ = {isa = PBXBuildFile; fileRef = E41ED992151F6E7800F4D87F /* _DDFunctionUtilities.m */; };
		E41ED9BC151F6E7800F4D87F /* _DDGroupTerm.m in Sources */ = {isa = PBXBuildFile; fileRef = E41ED994151F6E7800F4D87F /* _DDGroupTerm.m */; };
		E41ED9BD151F6E7800F4D87F /* _DDNumberExpression.m in Sources */ = {isa = PBXBuildFile; fileRef = E41ED996151F6E7800F4D87F /* _DDNumberExpression.m */; };
		E41ED9BE151F6E7800F4D87F /* _DDNumberTerm.m in Sources */ = {isa = PBXBuildFile; fileRef = E41ED998151F6E7800F4D87F /* _DDNumberTerm.m */; };
		E41ED9BF151F6E7800F4D87F /* _DDOperatorInfo.m in Sources */ = {isa = PBXBuildFile; fileRef = E41ED99A151F6E7800F4D87F /* _DDOperatorInfo.m */; };
		E41ED9C0151F6E7800F4D87F /* _DDOperatorTerm.m in Sources */ = {isa = PBXBuildFile; fileRef = E41ED99C151F6E7800F4D87F /* _DDOperatorTerm.m */; };
		E41ED9C1151F6E7800F4D87F /* _DDParserTerm.m in Sources */ = {isa = PBXBuildFile; fileRef = E41ED99E151F6E7800F4D87F /* _DDParserTerm.m */; };
		E41ED9C2151F6E7800F4D87F /* _DDRewriteRule.m in Sources */ = {isa = PBXBuildFile; fileRef = E41ED9A0151F6E7800F4D87F /* _DDRewriteRule.m */; };
		E41ED9C3151F6E7800F4D87F /* _DDVariableExpression.m in Sources */ = {isa = PBXBuildFile; fileRef = E41ED9A2151F6E7800F4D87F /* _DDVariableExpression.m */; };
		E41ED9C4151F6E7800F4D87F /* _DDVariableTerm.m in Sources */ = {isa = PBXBuildFile; fileRef = E41ED9A4151F6E7800F4D87F /* _DDVariableTerm.m */; };
		E41ED9C5151F6E7800F4D87F /* DDExpression.m in Sources */ = {isa = PBXBuildFile; fileRef = E41ED9A6151F6E7800F4D87F /* DDExpression.m */; };
		E41ED9C6151F6E7800F4D87F /* DDMathEvaluator.m in Sources */ = {isa = PBXBuildFile; fileRef = E41ED9A9151F6E7800F4D87F /* DDMathEvaluator.m */; };
		E41ED9C7151F6E7800F4D87F /* DDMathStringToken.m in Sources */ = {isa = PBXBuildFile; fileRef = E41ED9AD151F6E7800F4D87F /* DDMathStringToken.m */; };
		E41ED9C8151F6E7800F4D87F /* DDMathStringTokenizer.m in Sources */ = {isa = PBXBuildFile; fileRef = E41ED9AF151F6E7800F4D87F /* DDMathStringTokenizer.m */; };
		E41ED9C9151F6E7800F4D87F /* DDParser.m in Sources */ = {isa = PBXBuildFile; fileRef = E41ED9B1151F6E7800F4D87F /* DDParser.m */; };
		E41ED9CA151F6E7800F4D87F /* DDParserTypes.m in Sources */ = {isa = PBXBuildFile; fileRef = E41ED9B3151F6E7800F4D87F /* DDParserTypes.m */; };
		E41ED9CB151F6E7800F4D87F /* DDTypes.m in Sources */ = {isa = PBXBuildFile; fileRef = E41ED9B5151F6E7800F4D87F /* DDTypes.m */; };
		E41ED9CC151F6E7800F4D87F /* NSString+DDMathParsing.m in Sources */ = {isa = PBXBuildFile; fileRef = E41ED9B7151F6E7800F4D87F /* NSString+DDMathParsing.m */; };
		E42679951522FE9A0005B1B9 /* emgx_bg.png in Resources */ = {isa = PBXBuildFile; fileRef = E42679291522FE9A0005B1B9 /* emgx_bg.png */; };
		E42679961522FE9A0005B1B9 /* launchimage.png in Resources */ = {isa = PBXBuildFile; fileRef = E426792A1522FE9A0005B1B9 /* launchimage.png */; };
		E42679971522FE9A0005B1B9 /* light_l.png in Resources */ = {isa = PBXBuildFile; fileRef = E426792B1522FE9A0005B1B9 /* light_l.png */; };
		E42679981522FE9A0005B1B9 /* light_r.png in Resources */ = {isa = PBXBuildFile; fileRef = E426792C1522FE9A0005B1B9 /* light_r.png */; };
		E42679991522FE9A0005B1B9 /* marker_head_black.png in Resources */ = {isa = PBXBuildFile; fileRef = E426792D1522FE9A0005B1B9 /* marker_head_black.png */; };
		E426799A1522FE9A0005B1B9 /* marker_head_blue.png in Resources */ = {isa = PBXBuildFile; fileRef = E426792E1522FE9A0005B1B9 /* marker_head_blue.png */; };
		E426799B1522FE9A0005B1B9 /* marker_head_green.png in Resources */ = {isa = PBXBuildFile; fileRef = E426792F1522FE9A0005B1B9 /* marker_head_green.png */; };
		E426799C1522FE9A0005B1B9 /* marker_head_red.png in Resources */ = {isa = PBXBuildFile; fileRef = E42679301522FE9A0005B1B9 /* marker_head_red.png */; };
		E426799D1522FE9A0005B1B9 /* marker_head_yellow.png in Resources */ = {isa = PBXBuildFile; fileRef = E42679311522FE9A0005B1B9 /* marker_head_yellow.png */; };
		E426799E1522FE9A0005B1B9 /* marker_large.png in Resources */ = {isa = PBXBuildFile; fileRef = E42679321522FE9A0005B1B9 /* marker_large.png */; };
		E426799F1522FE9A0005B1B9 /* numpad_up.png in Resources */ = {isa = PBXBuildFile; fileRef = E42679331522FE9A0005B1B9 /* numpad_up.png */; };
		E42679A01522FE9A0005B1B9 /* pencil_large.png in Resources */ = {isa = PBXBuildFile; fileRef = E42679341522FE9A0005B1B9 /* pencil_large.png */; };
		E42679A11522FE9A0005B1B9 /* popover_brashes_bg.png in Resources */ = {isa = PBXBuildFile; fileRef = E42679351522FE9A0005B1B9 /* popover_brashes_bg.png */; };
		E42679A21522FE9A0005B1B9 /* popover_brashes_color_selected.png in Resources */ = {isa = PBXBuildFile; fileRef = E42679361522FE9A0005B1B9 /* popover_brashes_color_selected.png */; };
		E42679A31522FE9A0005B1B9 /* popover_brashes_selected_bg.png in Resources */ = {isa = PBXBuildFile; fileRef = E42679371522FE9A0005B1B9 /* popover_brashes_selected_bg.png */; };
		E42679A41522FE9A0005B1B9 /* popover_brashes_shadow_up.png in Resources */ = {isa = PBXBuildFile; fileRef = E42679381522FE9A0005B1B9 /* popover_brashes_shadow_up.png */; };
		E42679A51522FE9A0005B1B9 /* ruler_large.png in Resources */ = {isa = PBXBuildFile; fileRef = E42679391522FE9A0005B1B9 /* ruler_large.png */; };
		E42679A61522FE9A0005B1B9 /* brashes_color_black@2x.png in Resources */ = {isa = PBXBuildFile; fileRef = E426793A1522FE9A0005B1B9 /* brashes_color_black@2x.png */; };
		E42679A71522FE9A0005B1B9 /* brashes_color_blue@2x.png in Resources */ = {isa = PBXBuildFile; fileRef = E426793B1522FE9A0005B1B9 /* brashes_color_blue@2x.png */; };
		E42679A81522FE9A0005B1B9 /* brashes_color_green@2x.png in Resources */ = {isa = PBXBuildFile; fileRef = E426793C1522FE9A0005B1B9 /* brashes_color_green@2x.png */; };
		E42679A91522FE9A0005B1B9 /* brashes_color_red@2x.png in Resources */ = {isa = PBXBuildFile; fileRef = E426793D1522FE9A0005B1B9 /* brashes_color_red@2x.png */; };
		E42679AA1522FE9A0005B1B9 /* brashes_color_yellow@2x.png in Resources */ = {isa = PBXBuildFile; fileRef = E426793E1522FE9A0005B1B9 /* brashes_color_yellow@2x.png */; };
		E42679AB1522FE9A0005B1B9 /* button_arccos@2x.png in Resources */ = {isa = PBXBuildFile; fileRef = E426793F1522FE9A0005B1B9 /* button_arccos@2x.png */; };
		E42679AC1522FE9A0005B1B9 /* button_arctan.png in Resources */ = {isa = PBXBuildFile; fileRef = E42679401522FE9A0005B1B9 /* button_arctan.png */; };
		E42679AD1522FE9A0005B1B9 /* button_arctan@2x.png in Resources */ = {isa = PBXBuildFile; fileRef = E42679411522FE9A0005B1B9 /* button_arctan@2x.png */; };
		E42679AE1522FE9A0005B1B9 /* button_cos@2x.png in Resources */ = {isa = PBXBuildFile; fileRef = E42679421522FE9A0005B1B9 /* button_cos@2x.png */; };
		E42679AF1522FE9A0005B1B9 /* button_cosh.png in Resources */ = {isa = PBXBuildFile; fileRef = E42679431522FE9A0005B1B9 /* button_cosh.png */; };
		E42679B01522FE9A0005B1B9 /* button_drawer.png in Resources */ = {isa = PBXBuildFile; fileRef = E42679441522FE9A0005B1B9 /* button_drawer.png */; };
		E42679B11522FE9A0005B1B9 /* button_drawer@2x.png in Resources */ = {isa = PBXBuildFile; fileRef = E42679451522FE9A0005B1B9 /* button_drawer@2x.png */; };
		E42679B21522FE9A0005B1B9 /* button_edit.png in Resources */ = {isa = PBXBuildFile; fileRef = E42679461522FE9A0005B1B9 /* button_edit.png */; };
		E42679B31522FE9A0005B1B9 /* button_edit@2x.png in Resources */ = {isa = PBXBuildFile; fileRef = E42679471522FE9A0005B1B9 /* button_edit@2x.png */; };
		E42679B41522FE9A0005B1B9 /* button_eraser.png in Resources */ = {isa = PBXBuildFile; fileRef = E42679481522FE9A0005B1B9 /* button_eraser.png */; };
		E42679B51522FE9A0005B1B9 /* button_eraser@2x.png in Resources */ = {isa = PBXBuildFile; fileRef = E42679491522FE9A0005B1B9 /* button_eraser@2x.png */; };
		E42679B61522FE9A0005B1B9 /* button_hover.png in Resources */ = {isa = PBXBuildFile; fileRef = E426794A1522FE9A0005B1B9 /* button_hover.png */; };
		E42679B71522FE9A0005B1B9 /* button_hover@2x.png in Resources */ = {isa = PBXBuildFile; fileRef = E426794B1522FE9A0005B1B9 /* button_hover@2x.png */; };
		E42679B81522FE9A0005B1B9 /* button_ln.png in Resources */ = {isa = PBXBuildFile; fileRef = E426794C1522FE9A0005B1B9 /* button_ln.png */; };
		E42679B91522FE9A0005B1B9 /* button_ln@2x.png in Resources */ = {isa = PBXBuildFile; fileRef = E426794D1522FE9A0005B1B9 /* button_ln@2x.png */; };
		E42679BA1522FE9A0005B1B9 /* button_log.png in Resources */ = {isa = PBXBuildFile; fileRef = E426794E1522FE9A0005B1B9 /* button_log.png */; };
		E42679BB1522FE9A0005B1B9 /* button_logxy.png in Resources */ = {isa = PBXBuildFile; fileRef = E426794F1522FE9A0005B1B9 /* button_logxy.png */; };
		E42679BC1522FE9A0005B1B9 /* button_logxy@2x.png in Resources */ = {isa = PBXBuildFile; fileRef = E42679501522FE9A0005B1B9 /* button_logxy@2x.png */; };
		E42679BD1522FE9A0005B1B9 /* button_marker.png in Resources */ = {isa = PBXBuildFile; fileRef = E42679511522FE9A0005B1B9 /* button_marker.png */; };
		E42679BE1522FE9A0005B1B9 /* button_marker@2x.png in Resources */ = {isa = PBXBuildFile; fileRef = E42679521522FE9A0005B1B9 /* button_marker@2x.png */; };
		E42679BF1522FE9A0005B1B9 /* button_move.png in Resources */ = {isa = PBXBuildFile; fileRef = E42679531522FE9A0005B1B9 /* button_move.png */; };
		E42679C01522FE9A0005B1B9 /* button_move@2x.png in Resources */ = {isa = PBXBuildFile; fileRef = E42679541522FE9A0005B1B9 /* button_move@2x.png */; };
		E42679C11522FE9A0005B1B9 /* button_notes.png in Resources */ = {isa = PBXBuildFile; fileRef = E42679551522FE9A0005B1B9 /* button_notes.png */; };
		E42679C21522FE9A0005B1B9 /* button_notes@2x.png in Resources */ = {isa = PBXBuildFile; fileRef = E42679561522FE9A0005B1B9 /* button_notes@2x.png */; };
		E42679C31522FE9A0005B1B9 /* button_pencil.png in Resources */ = {isa = PBXBuildFile; fileRef = E42679571522FE9A0005B1B9 /* button_pencil.png */; };
		E42679C41522FE9A0005B1B9 /* button_pencil@2x.png in Resources */ = {isa = PBXBuildFile; fileRef = E42679581522FE9A0005B1B9 /* button_pencil@2x.png */; };
		E42679C51522FE9A0005B1B9 /* button_root.png in Resources */ = {isa = PBXBuildFile; fileRef = E42679591522FE9A0005B1B9 /* button_root.png */; };
		E42679C61522FE9A0005B1B9 /* button_root3.png in Resources */ = {isa = PBXBuildFile; fileRef = E426795A1522FE9A0005B1B9 /* button_root3.png */; };
		E42679C71522FE9A0005B1B9 /* button_root3@2x.png in Resources */ = {isa = PBXBuildFile; fileRef = E426795B1522FE9A0005B1B9 /* button_root3@2x.png */; };
		E42679C81522FE9A0005B1B9 /* button_rootx.png in Resources */ = {isa = PBXBuildFile; fileRef = E426795C1522FE9A0005B1B9 /* button_rootx.png */; };
		E42679C91522FE9A0005B1B9 /* button_rootx@2x.png in Resources */ = {isa = PBXBuildFile; fileRef = E426795D1522FE9A0005B1B9 /* button_rootx@2x.png */; };
		E42679CA1522FE9A0005B1B9 /* button_ruler.png in Resources */ = {isa = PBXBuildFile; fileRef = E426795E1522FE9A0005B1B9 /* button_ruler.png */; };
		E42679CB1522FE9A0005B1B9 /* button_ruler@2x.png in Resources */ = {isa = PBXBuildFile; fileRef = E426795F1522FE9A0005B1B9 /* button_ruler@2x.png */; };
		E42679CC1522FE9A0005B1B9 /* button_selected_bg.png in Resources */ = {isa = PBXBuildFile; fileRef = E42679601522FE9A0005B1B9 /* button_selected_bg.png */; };
		E42679CD1522FE9A0005B1B9 /* button_selected_bg@2x.png in Resources */ = {isa = PBXBuildFile; fileRef = E42679611522FE9A0005B1B9 /* button_selected_bg@2x.png */; };
		E42679CE1522FE9A0005B1B9 /* button_share.png in Resources */ = {isa = PBXBuildFile; fileRef = E42679621522FE9A0005B1B9 /* button_share.png */; };
		E42679CF1522FE9A0005B1B9 /* button_share@2x.png in Resources */ = {isa = PBXBuildFile; fileRef = E42679631522FE9A0005B1B9 /* button_share@2x.png */; };
		E42679D01522FE9A0005B1B9 /* button_shownote.png in Resources */ = {isa = PBXBuildFile; fileRef = E42679641522FE9A0005B1B9 /* button_shownote.png */; };
		E42679D11522FE9A0005B1B9 /* button_shownote@2x.png in Resources */ = {isa = PBXBuildFile; fileRef = E42679651522FE9A0005B1B9 /* button_shownote@2x.png */; };
		E42679D21522FE9A0005B1B9 /* button_sin.png in Resources */ = {isa = PBXBuildFile; fileRef = E42679661522FE9A0005B1B9 /* button_sin.png */; };
		E42679D31522FE9A0005B1B9 /* button_sinh.png in Resources */ = {isa = PBXBuildFile; fileRef = E42679671522FE9A0005B1B9 /* button_sinh.png */; };
		E42679D41522FE9A0005B1B9 /* button_tan.png in Resources */ = {isa = PBXBuildFile; fileRef = E42679681522FE9A0005B1B9 /* button_tan.png */; };
		E42679D51522FE9A0005B1B9 /* button_tan@2x.png in Resources */ = {isa = PBXBuildFile; fileRef = E42679691522FE9A0005B1B9 /* button_tan@2x.png */; };
		E42679D61522FE9A0005B1B9 /* button_tanh.png in Resources */ = {isa = PBXBuildFile; fileRef = E426796A1522FE9A0005B1B9 /* button_tanh.png */; };
		E42679D71522FE9A0005B1B9 /* button_tanh@2x.png in Resources */ = {isa = PBXBuildFile; fileRef = E426796B1522FE9A0005B1B9 /* button_tanh@2x.png */; };
		E42679D81522FE9A0005B1B9 /* button_x2.png in Resources */ = {isa = PBXBuildFile; fileRef = E426796C1522FE9A0005B1B9 /* button_x2.png */; };
		E42679D91522FE9A0005B1B9 /* button_x3.png in Resources */ = {isa = PBXBuildFile; fileRef = E426796D1522FE9A0005B1B9 /* button_x3.png */; };
		E42679DA1522FE9A0005B1B9 /* button_xy.png in Resources */ = {isa = PBXBuildFile; fileRef = E426796E1522FE9A0005B1B9 /* button_xy.png */; };
		E42679DB1522FE9A0005B1B9 /* cell_bg.png in Resources */ = {isa = PBXBuildFile; fileRef = E426796F1522FE9A0005B1B9 /* cell_bg.png */; };
		E42679DC1522FE9A0005B1B9 /* cell_seperator.png in Resources */ = {isa = PBXBuildFile; fileRef = E42679701522FE9A0005B1B9 /* cell_seperator.png */; };
		E42679DD1522FE9A0005B1B9 /* cell_seperator@2x.png in Resources */ = {isa = PBXBuildFile; fileRef = E42679711522FE9A0005B1B9 /* cell_seperator@2x.png */; };
		E42679DE1522FE9A0005B1B9 /* marker_head_black@2x.png in Resources */ = {isa = PBXBuildFile; fileRef = E42679721522FE9A0005B1B9 /* marker_head_black@2x.png */; };
		E42679DF1522FE9A0005B1B9 /* marker_head_blue@2x.png in Resources */ = {isa = PBXBuildFile; fileRef = E42679731522FE9A0005B1B9 /* marker_head_blue@2x.png */; };
		E42679E01522FE9A0005B1B9 /* marker_head_green@2x.png in Resources */ = {isa = PBXBuildFile; fileRef = E42679741522FE9A0005B1B9 /* marker_head_green@2x.png */; };
		E42679E11522FE9A0005B1B9 /* marker_head_red@2x.png in Resources */ = {isa = PBXBuildFile; fileRef = E42679751522FE9A0005B1B9 /* marker_head_red@2x.png */; };
		E42679E21522FE9A0005B1B9 /* marker_head_yellow@2x.png in Resources */ = {isa = PBXBuildFile; fileRef = E42679761522FE9A0005B1B9 /* marker_head_yellow@2x.png */; };
		E42679E31522FE9A0005B1B9 /* marker_large@2x.png in Resources */ = {isa = PBXBuildFile; fileRef = E42679771522FE9A0005B1B9 /* marker_large@2x.png */; };
		E42679E41522FE9A0005B1B9 /* pencil_large@2x.png in Resources */ = {isa = PBXBuildFile; fileRef = E42679781522FE9A0005B1B9 /* pencil_large@2x.png */; };
		E42679E51522FE9A0005B1B9 /* popover_brashes_bg@2x.png in Resources */ = {isa = PBXBuildFile; fileRef = E42679791522FE9A0005B1B9 /* popover_brashes_bg@2x.png */; };
		E42679E61522FE9A0005B1B9 /* popover_brashes_color_selected@2x.png in Resources */ = {isa = PBXBuildFile; fileRef = E426797A1522FE9A0005B1B9 /* popover_brashes_color_selected@2x.png */; };
		E42679E71522FE9A0005B1B9 /* popover_brashes_selected_bg@2x.png in Resources */ = {isa = PBXBuildFile; fileRef = E426797B1522FE9A0005B1B9 /* popover_brashes_selected_bg@2x.png */; };
		E42679E81522FE9A0005B1B9 /* popover_brashes_shadow_up@2x.png in Resources */ = {isa = PBXBuildFile; fileRef = E426797C1522FE9A0005B1B9 /* popover_brashes_shadow_up@2x.png */; };
		E42679E91522FE9A0005B1B9 /* ruler_large@2x.png in Resources */ = {isa = PBXBuildFile; fileRef = E426797D1522FE9A0005B1B9 /* ruler_large@2x.png */; };
		E42679EA1522FE9A0005B1B9 /* brashes_color_blue.png in Resources */ = {isa = PBXBuildFile; fileRef = E426797E1522FE9A0005B1B9 /* brashes_color_blue.png */; };
		E42679EB1522FE9A0005B1B9 /* brashes_color_green.png in Resources */ = {isa = PBXBuildFile; fileRef = E426797F1522FE9A0005B1B9 /* brashes_color_green.png */; };
		E42679EC1522FE9A0005B1B9 /* brashes_color_red.png in Resources */ = {isa = PBXBuildFile; fileRef = E42679801522FE9A0005B1B9 /* brashes_color_red.png */; };
		E42679ED1522FE9A0005B1B9 /* brashes_color_yellow.png in Resources */ = {isa = PBXBuildFile; fileRef = E42679811522FE9A0005B1B9 /* brashes_color_yellow.png */; };
		E42679EE1522FE9A0005B1B9 /* button_arccos.png in Resources */ = {isa = PBXBuildFile; fileRef = E42679821522FE9A0005B1B9 /* button_arccos.png */; };
		E42679EF1522FE9A0005B1B9 /* button_arcsin.png in Resources */ = {isa = PBXBuildFile; fileRef = E42679831522FE9A0005B1B9 /* button_arcsin.png */; };
		E42679F01522FE9A0005B1B9 /* button_arcsin@2x.png in Resources */ = {isa = PBXBuildFile; fileRef = E42679841522FE9A0005B1B9 /* button_arcsin@2x.png */; };
		E42679F11522FE9A0005B1B9 /* button_cosh@2x.png in Resources */ = {isa = PBXBuildFile; fileRef = E42679851522FE9A0005B1B9 /* button_cosh@2x.png */; };
		E42679F21522FE9A0005B1B9 /* button_sin@2x.png in Resources */ = {isa = PBXBuildFile; fileRef = E42679861522FE9A0005B1B9 /* button_sin@2x.png */; };
		E42679F31522FE9A0005B1B9 /* button_sinh@2x.png in Resources */ = {isa = PBXBuildFile; fileRef = E42679871522FE9A0005B1B9 /* button_sinh@2x.png */; };
		E42679F41522FE9A0005B1B9 /* button_x2@2x.png in Resources */ = {isa = PBXBuildFile; fileRef = E42679881522FE9A0005B1B9 /* button_x2@2x.png */; };
		E42679F51522FE9A0005B1B9 /* button_x3@2x.png in Resources */ = {isa = PBXBuildFile; fileRef = E42679891522FE9A0005B1B9 /* button_x3@2x.png */; };
		E42679F61522FE9A0005B1B9 /* button_xy@2x.png in Resources */ = {isa = PBXBuildFile; fileRef = E426798A1522FE9A0005B1B9 /* button_xy@2x.png */; };
		E42679F71522FE9A0005B1B9 /* cell_bg@2x.png in Resources */ = {isa = PBXBuildFile; fileRef = E426798B1522FE9A0005B1B9 /* cell_bg@2x.png */; };
		E42679F81522FE9A0005B1B9 /* launchimage@2x.png in Resources */ = {isa = PBXBuildFile; fileRef = E426798C1522FE9A0005B1B9 /* launchimage@2x.png */; };
		E42679F91522FE9A0005B1B9 /* light_l@2x.png in Resources */ = {isa = PBXBuildFile; fileRef = E426798D1522FE9A0005B1B9 /* light_l@2x.png */; };
		E42679FA1522FE9A0005B1B9 /* light_r@2x.png in Resources */ = {isa = PBXBuildFile; fileRef = E426798E1522FE9A0005B1B9 /* light_r@2x.png */; };
		E42679FB1522FE9A0005B1B9 /* brashes_color_black.png in Resources */ = {isa = PBXBuildFile; fileRef = E426798F1522FE9A0005B1B9 /* brashes_color_black.png */; };
		E42679FC1522FE9A0005B1B9 /* emgx_bg@2x.png in Resources */ = {isa = PBXBuildFile; fileRef = E42679901522FE9A0005B1B9 /* emgx_bg@2x.png */; };
		E42679FD1522FE9A0005B1B9 /* numpad_up@2x.png in Resources */ = {isa = PBXBuildFile; fileRef = E42679911522FE9A0005B1B9 /* numpad_up@2x.png */; };
		E42679FE1522FE9A0005B1B9 /* button_cos.png in Resources */ = {isa = PBXBuildFile; fileRef = E42679921522FE9A0005B1B9 /* button_cos.png */; };
		E42679FF1522FE9A0005B1B9 /* button_log@2x.png in Resources */ = {isa = PBXBuildFile; fileRef = E42679931522FE9A0005B1B9 /* button_log@2x.png */; };
		E4267A001522FE9A0005B1B9 /* button_root@2x.png in Resources */ = {isa = PBXBuildFile; fileRef = E42679941522FE9A0005B1B9 /* button_root@2x.png */; };
		E4267A021522FF450005B1B9 /* Default-Landscape~ipad.png in Resources */ = {isa = PBXBuildFile; fileRef = E4267A011522FF450005B1B9 /* Default-Landscape~ipad.png */; };
		E4267A041522FF4F0005B1B9 /* Default-Landscape@2x~ipad.png in Resources */ = {isa = PBXBuildFile; fileRef = E4267A031522FF4F0005B1B9 /* Default-Landscape@2x~ipad.png */; };
		E43FCA6A1524563B00D36B2E /* Eurostile.ttf in Resources */ = {isa = PBXBuildFile; fileRef = E43FCA691524563B00D36B2E /* Eurostile.ttf */; };
		E43FCA721524ABB700D36B2E /* AnswerCellCell.m in Sources */ = {isa = PBXBuildFile; fileRef = E43FCA711524ABB700D36B2E /* AnswerCellCell.m */; };
		E43FCA751524AED000D36B2E /* ThinTableView.m in Sources */ = {isa = PBXBuildFile; fileRef = E43FCA741524AED000D36B2E /* ThinTableView.m */; };
		E4AB2440152368CB005D2443 /* MultipleButtonViewController.m in Sources */ = {isa = PBXBuildFile; fileRef = E4AB243F152368CB005D2443 /* MultipleButtonViewController.m */; };
/* End PBXBuildFile section */

/* Begin PBXContainerItemProxy section */
		E41ED92F151F6DCD00F4D87F /* PBXContainerItemProxy */ = {
			isa = PBXContainerItemProxy;
			containerPortal = E41ED900151F6DCC00F4D87F /* Project object */;
			proxyType = 1;
			remoteGlobalIDString = E41ED908151F6DCC00F4D87F;
			remoteInfo = UltraCalc;
		};
/* End PBXContainerItemProxy section */

/* Begin PBXFileReference section */
		E41ED909151F6DCC00F4D87F /* UltraCalc.app */ = {isa = PBXFileReference; explicitFileType = wrapper.application; includeInIndex = 0; path = UltraCalc.app; sourceTree = BUILT_PRODUCTS_DIR; };
		E41ED90D151F6DCC00F4D87F /* UIKit.framework */ = {isa = PBXFileReference; lastKnownFileType = wrapper.framework; name = UIKit.framework; path = System/Library/Frameworks/UIKit.framework; sourceTree = SDKROOT; };
		E41ED90F151F6DCC00F4D87F /* Foundation.framework */ = {isa = PBXFileReference; lastKnownFileType = wrapper.framework; name = Foundation.framework; path = System/Library/Frameworks/Foundation.framework; sourceTree = SDKROOT; };
		E41ED911151F6DCC00F4D87F /* CoreGraphics.framework */ = {isa = PBXFileReference; lastKnownFileType = wrapper.framework; name = CoreGraphics.framework; path = System/Library/Frameworks/CoreGraphics.framework; sourceTree = SDKROOT; };
		E41ED915151F6DCC00F4D87F /* UltraCalc-Info.plist */ = {isa = PBXFileReference; lastKnownFileType = text.plist.xml; path = "UltraCalc-Info.plist"; sourceTree = "<group>"; };
		E41ED917151F6DCC00F4D87F /* en */ = {isa = PBXFileReference; lastKnownFileType = text.plist.strings; name = en; path = en.lproj/InfoPlist.strings; sourceTree = "<group>"; };
		E41ED919151F6DCC00F4D87F /* main.m */ = {isa = PBXFileReference; lastKnownFileType = sourcecode.c.objc; path = main.m; sourceTree = "<group>"; };
		E41ED91B151F6DCC00F4D87F /* UltraCalc-Prefix.pch */ = {isa = PBXFileReference; lastKnownFileType = sourcecode.c.h; path = "UltraCalc-Prefix.pch"; sourceTree = "<group>"; };
		E41ED91C151F6DCC00F4D87F /* AppDelegate.h */ = {isa = PBXFileReference; lastKnownFileType = sourcecode.c.h; path = AppDelegate.h; sourceTree = "<group>"; };
		E41ED91D151F6DCC00F4D87F /* AppDelegate.m */ = {isa = PBXFileReference; lastKnownFileType = sourcecode.c.objc; path = AppDelegate.m; sourceTree = "<group>"; };
		E41ED920151F6DCC00F4D87F /* en */ = {isa = PBXFileReference; lastKnownFileType = file.storyboard; name = en; path = en.lproj/MainStoryboard.storyboard; sourceTree = "<group>"; };
		E41ED922151F6DCC00F4D87F /* ViewController.h */ = {isa = PBXFileReference; lastKnownFileType = sourcecode.c.h; path = ViewController.h; sourceTree = "<group>"; };
		E41ED923151F6DCC00F4D87F /* ViewController.m */ = {isa = PBXFileReference; lastKnownFileType = sourcecode.c.objc; path = ViewController.m; sourceTree = "<group>"; };
		E41ED92A151F6DCD00F4D87F /* UltraCalcTests.octest */ = {isa = PBXFileReference; explicitFileType = wrapper.cfbundle; includeInIndex = 0; path = UltraCalcTests.octest; sourceTree = BUILT_PRODUCTS_DIR; };
		E41ED92B151F6DCD00F4D87F /* SenTestingKit.framework */ = {isa = PBXFileReference; lastKnownFileType = wrapper.framework; name = SenTestingKit.framework; path = Library/Frameworks/SenTestingKit.framework; sourceTree = DEVELOPER_DIR; };
		E41ED933151F6DCD00F4D87F /* UltraCalcTests-Info.plist */ = {isa = PBXFileReference; lastKnownFileType = text.plist.xml; path = "UltraCalcTests-Info.plist"; sourceTree = "<group>"; };
		E41ED935151F6DCD00F4D87F /* en */ = {isa = PBXFileReference; lastKnownFileType = text.plist.strings; name = en; path = en.lproj/InfoPlist.strings; sourceTree = "<group>"; };
		E41ED937151F6DCD00F4D87F /* UltraCalcTests.h */ = {isa = PBXFileReference; lastKnownFileType = sourcecode.c.h; path = UltraCalcTests.h; sourceTree = "<group>"; };
		E41ED938151F6DCD00F4D87F /* UltraCalcTests.m */ = {isa = PBXFileReference; lastKnownFileType = sourcecode.c.objc; path = UltraCalcTests.m; sourceTree = "<group>"; };
		E41ED98B151F6E7800F4D87F /* _DDFunctionContainer.h */ = {isa = PBXFileReference; fileEncoding = 4; lastKnownFileType = sourcecode.c.h; path = _DDFunctionContainer.h; sourceTree = "<group>"; };
		E41ED98C151F6E7800F4D87F /* _DDFunctionContainer.m */ = {isa = PBXFileReference; fileEncoding = 4; lastKnownFileType = sourcecode.c.objc; path = _DDFunctionContainer.m; sourceTree = "<group>"; };
		E41ED98D151F6E7800F4D87F /* _DDFunctionExpression.h */ = {isa = PBXFileReference; fileEncoding = 4; lastKnownFileType = sourcecode.c.h; path = _DDFunctionExpression.h; sourceTree = "<group>"; };
		E41ED98E151F6E7800F4D87F /* _DDFunctionExpression.m */ = {isa = PBXFileReference; fileEncoding = 4; lastKnownFileType = sourcecode.c.objc; path = _DDFunctionExpression.m; sourceTree = "<group>"; };
		E41ED98F151F6E7800F4D87F /* _DDFunctionTerm.h */ = {isa = PBXFileReference; fileEncoding = 4; lastKnownFileType = sourcecode.c.h; path = _DDFunctionTerm.h; sourceTree = "<group>"; };
		E41ED990151F6E7800F4D87F /* _DDFunctionTerm.m */ = {isa = PBXFileReference; fileEncoding = 4; lastKnownFileType = sourcecode.c.objc; path = _DDFunctionTerm.m; sourceTree = "<group>"; };
		E41ED991151F6E7800F4D87F /* _DDFunctionUtilities.h */ = {isa = PBXFileReference; fileEncoding = 4; lastKnownFileType = sourcecode.c.h; path = _DDFunctionUtilities.h; sourceTree = "<group>"; };
		E41ED992151F6E7800F4D87F /* _DDFunctionUtilities.m */ = {isa = PBXFileReference; fileEncoding = 4; lastKnownFileType = sourcecode.c.objc; path = _DDFunctionUtilities.m; sourceTree = "<group>"; };
		E41ED993151F6E7800F4D87F /* _DDGroupTerm.h */ = {isa = PBXFileReference; fileEncoding = 4; lastKnownFileType = sourcecode.c.h; path = _DDGroupTerm.h; sourceTree = "<group>"; };
		E41ED994151F6E7800F4D87F /* _DDGroupTerm.m */ = {isa = PBXFileReference; fileEncoding = 4; lastKnownFileType = sourcecode.c.objc; path = _DDGroupTerm.m; sourceTree = "<group>"; };
		E41ED995151F6E7800F4D87F /* _DDNumberExpression.h */ = {isa = PBXFileReference; fileEncoding = 4; lastKnownFileType = sourcecode.c.h; path = _DDNumberExpression.h; sourceTree = "<group>"; };
		E41ED996151F6E7800F4D87F /* _DDNumberExpression.m */ = {isa = PBXFileReference; fileEncoding = 4; lastKnownFileType = sourcecode.c.objc; path = _DDNumberExpression.m; sourceTree = "<group>"; };
		E41ED997151F6E7800F4D87F /* _DDNumberTerm.h */ = {isa = PBXFileReference; fileEncoding = 4; lastKnownFileType = sourcecode.c.h; path = _DDNumberTerm.h; sourceTree = "<group>"; };
		E41ED998151F6E7800F4D87F /* _DDNumberTerm.m */ = {isa = PBXFileReference; fileEncoding = 4; lastKnownFileType = sourcecode.c.objc; path = _DDNumberTerm.m; sourceTree = "<group>"; };
		E41ED999151F6E7800F4D87F /* _DDOperatorInfo.h */ = {isa = PBXFileReference; fileEncoding = 4; lastKnownFileType = sourcecode.c.h; path = _DDOperatorInfo.h; sourceTree = "<group>"; };
		E41ED99A151F6E7800F4D87F /* _DDOperatorInfo.m */ = {isa = PBXFileReference; fileEncoding = 4; lastKnownFileType = sourcecode.c.objc; path = _DDOperatorInfo.m; sourceTree = "<group>"; };
		E41ED99B151F6E7800F4D87F /* _DDOperatorTerm.h */ = {isa = PBXFileReference; fileEncoding = 4; lastKnownFileType = sourcecode.c.h; path = _DDOperatorTerm.h; sourceTree = "<group>"; };
		E41ED99C151F6E7800F4D87F /* _DDOperatorTerm.m */ = {isa = PBXFileReference; fileEncoding = 4; lastKnownFileType = sourcecode.c.objc; path = _DDOperatorTerm.m; sourceTree = "<group>"; };
		E41ED99D151F6E7800F4D87F /* _DDParserTerm.h */ = {isa = PBXFileReference; fileEncoding = 4; lastKnownFileType = sourcecode.c.h; path = _DDParserTerm.h; sourceTree = "<group>"; };
		E41ED99E151F6E7800F4D87F /* _DDParserTerm.m */ = {isa = PBXFileReference; fileEncoding = 4; lastKnownFileType = sourcecode.c.objc; path = _DDParserTerm.m; sourceTree = "<group>"; };
		E41ED99F151F6E7800F4D87F /* _DDRewriteRule.h */ = {isa = PBXFileReference; fileEncoding = 4; lastKnownFileType = sourcecode.c.h; path = _DDRewriteRule.h; sourceTree = "<group>"; };
		E41ED9A0151F6E7800F4D87F /* _DDRewriteRule.m */ = {isa = PBXFileReference; fileEncoding = 4; lastKnownFileType = sourcecode.c.objc; path = _DDRewriteRule.m; sourceTree = "<group>"; };
		E41ED9A1151F6E7800F4D87F /* _DDVariableExpression.h */ = {isa = PBXFileReference; fileEncoding = 4; lastKnownFileType = sourcecode.c.h; path = _DDVariableExpression.h; sourceTree = "<group>"; };
		E41ED9A2151F6E7800F4D87F /* _DDVariableExpression.m */ = {isa = PBXFileReference; fileEncoding = 4; lastKnownFileType = sourcecode.c.objc; path = _DDVariableExpression.m; sourceTree = "<group>"; };
		E41ED9A3151F6E7800F4D87F /* _DDVariableTerm.h */ = {isa = PBXFileReference; fileEncoding = 4; lastKnownFileType = sourcecode.c.h; path = _DDVariableTerm.h; sourceTree = "<group>"; };
		E41ED9A4151F6E7800F4D87F /* _DDVariableTerm.m */ = {isa = PBXFileReference; fileEncoding = 4; lastKnownFileType = sourcecode.c.objc; path = _DDVariableTerm.m; sourceTree = "<group>"; };
		E41ED9A5151F6E7800F4D87F /* DDExpression.h */ = {isa = PBXFileReference; fileEncoding = 4; lastKnownFileType = sourcecode.c.h; path = DDExpression.h; sourceTree = "<group>"; };
		E41ED9A6151F6E7800F4D87F /* DDExpression.m */ = {isa = PBXFileReference; fileEncoding = 4; lastKnownFileType = sourcecode.c.objc; path = DDExpression.m; sourceTree = "<group>"; };
		E41ED9A7151F6E7800F4D87F /* DDMathEvaluator+Private.h */ = {isa = PBXFileReference; fileEncoding = 4; lastKnownFileType = sourcecode.c.h; path = "DDMathEvaluator+Private.h"; sourceTree = "<group>"; };
		E41ED9A8151F6E7800F4D87F /* DDMathEvaluator.h */ = {isa = PBXFileReference; fileEncoding = 4; lastKnownFileType = sourcecode.c.h; path = DDMathEvaluator.h; sourceTree = "<group>"; };
		E41ED9A9151F6E7800F4D87F /* DDMathEvaluator.m */ = {isa = PBXFileReference; fileEncoding = 4; lastKnownFileType = sourcecode.c.objc; path = DDMathEvaluator.m; sourceTree = "<group>"; };
		E41ED9AA151F6E7800F4D87F /* DDMathParser.h */ = {isa = PBXFileReference; fileEncoding = 4; lastKnownFileType = sourcecode.c.h; path = DDMathParser.h; sourceTree = "<group>"; };
		E41ED9AB151F6E7800F4D87F /* DDMathParserMacros.h */ = {isa = PBXFileReference; fileEncoding = 4; lastKnownFileType = sourcecode.c.h; path = DDMathParserMacros.h; sourceTree = "<group>"; };
		E41ED9AC151F6E7800F4D87F /* DDMathStringToken.h */ = {isa = PBXFileReference; fileEncoding = 4; lastKnownFileType = sourcecode.c.h; path = DDMathStringToken.h; sourceTree = "<group>"; };
		E41ED9AD151F6E7800F4D87F /* DDMathStringToken.m */ = {isa = PBXFileReference; fileEncoding = 4; lastKnownFileType = sourcecode.c.objc; path = DDMathStringToken.m; sourceTree = "<group>"; };
		E41ED9AE151F6E7800F4D87F /* DDMathStringTokenizer.h */ = {isa = PBXFileReference; fileEncoding = 4; lastKnownFileType = sourcecode.c.h; path = DDMathStringTokenizer.h; sourceTree = "<group>"; };
		E41ED9AF151F6E7800F4D87F /* DDMathStringTokenizer.m */ = {isa = PBXFileReference; fileEncoding = 4; lastKnownFileType = sourcecode.c.objc; path = DDMathStringTokenizer.m; sourceTree = "<group>"; };
		E41ED9B0151F6E7800F4D87F /* DDParser.h */ = {isa = PBXFileReference; fileEncoding = 4; lastKnownFileType = sourcecode.c.h; path = DDParser.h; sourceTree = "<group>"; };
		E41ED9B1151F6E7800F4D87F /* DDParser.m */ = {isa = PBXFileReference; fileEncoding = 4; lastKnownFileType = sourcecode.c.objc; path = DDParser.m; sourceTree = "<group>"; };
		E41ED9B2151F6E7800F4D87F /* DDParserTypes.h */ = {isa = PBXFileReference; fileEncoding = 4; lastKnownFileType = sourcecode.c.h; path = DDParserTypes.h; sourceTree = "<group>"; };
		E41ED9B3151F6E7800F4D87F /* DDParserTypes.m */ = {isa = PBXFileReference; fileEncoding = 4; lastKnownFileType = sourcecode.c.objc; path = DDParserTypes.m; sourceTree = "<group>"; };
		E41ED9B4151F6E7800F4D87F /* DDTypes.h */ = {isa = PBXFileReference; fileEncoding = 4; lastKnownFileType = sourcecode.c.h; path = DDTypes.h; sourceTree = "<group>"; };
		E41ED9B5151F6E7800F4D87F /* DDTypes.m */ = {isa = PBXFileReference; fileEncoding = 4; lastKnownFileType = sourcecode.c.objc; path = DDTypes.m; sourceTree = "<group>"; };
		E41ED9B6151F6E7800F4D87F /* NSString+DDMathParsing.h */ = {isa = PBXFileReference; fileEncoding = 4; lastKnownFileType = sourcecode.c.h; path = "NSString+DDMathParsing.h"; sourceTree = "<group>"; };
		E41ED9B7151F6E7800F4D87F /* NSString+DDMathParsing.m */ = {isa = PBXFileReference; fileEncoding = 4; lastKnownFileType = sourcecode.c.objc; path = "NSString+DDMathParsing.m"; sourceTree = "<group>"; };
		E42679291522FE9A0005B1B9 /* emgx_bg.png */ = {isa = PBXFileReference; lastKnownFileType = image.png; path = emgx_bg.png; sourceTree = "<group>"; };
		E426792A1522FE9A0005B1B9 /* launchimage.png */ = {isa = PBXFileReference; lastKnownFileType = image.png; path = launchimage.png; sourceTree = "<group>"; };
		E426792B1522FE9A0005B1B9 /* light_l.png */ = {isa = PBXFileReference; lastKnownFileType = image.png; path = light_l.png; sourceTree = "<group>"; };
		E426792C1522FE9A0005B1B9 /* light_r.png */ = {isa = PBXFileReference; lastKnownFileType = image.png; path = light_r.png; sourceTree = "<group>"; };
		E426792D1522FE9A0005B1B9 /* marker_head_black.png */ = {isa = PBXFileReference; lastKnownFileType = image.png; path = marker_head_black.png; sourceTree = "<group>"; };
		E426792E1522FE9A0005B1B9 /* marker_head_blue.png */ = {isa = PBXFileReference; lastKnownFileType = image.png; path = marker_head_blue.png; sourceTree = "<group>"; };
		E426792F1522FE9A0005B1B9 /* marker_head_green.png */ = {isa = PBXFileReference; lastKnownFileType = image.png; path = marker_head_green.png; sourceTree = "<group>"; };
		E42679301522FE9A0005B1B9 /* marker_head_red.png */ = {isa = PBXFileReference; lastKnownFileType = image.png; path = marker_head_red.png; sourceTree = "<group>"; };
		E42679311522FE9A0005B1B9 /* marker_head_yellow.png */ = {isa = PBXFileReference; lastKnownFileType = image.png; path = marker_head_yellow.png; sourceTree = "<group>"; };
		E42679321522FE9A0005B1B9 /* marker_large.png */ = {isa = PBXFileReference; lastKnownFileType = image.png; path = marker_large.png; sourceTree = "<group>"; };
		E42679331522FE9A0005B1B9 /* numpad_up.png */ = {isa = PBXFileReference; lastKnownFileType = image.png; path = numpad_up.png; sourceTree = "<group>"; };
		E42679341522FE9A0005B1B9 /* pencil_large.png */ = {isa = PBXFileReference; lastKnownFileType = image.png; path = pencil_large.png; sourceTree = "<group>"; };
		E42679351522FE9A0005B1B9 /* popover_brashes_bg.png */ = {isa = PBXFileReference; lastKnownFileType = image.png; path = popover_brashes_bg.png; sourceTree = "<group>"; };
		E42679361522FE9A0005B1B9 /* popover_brashes_color_selected.png */ = {isa = PBXFileReference; lastKnownFileType = image.png; path = popover_brashes_color_selected.png; sourceTree = "<group>"; };
		E42679371522FE9A0005B1B9 /* popover_brashes_selected_bg.png */ = {isa = PBXFileReference; lastKnownFileType = image.png; path = popover_brashes_selected_bg.png; sourceTree = "<group>"; };
		E42679381522FE9A0005B1B9 /* popover_brashes_shadow_up.png */ = {isa = PBXFileReference; lastKnownFileType = image.png; path = popover_brashes_shadow_up.png; sourceTree = "<group>"; };
		E42679391522FE9A0005B1B9 /* ruler_large.png */ = {isa = PBXFileReference; lastKnownFileType = image.png; path = ruler_large.png; sourceTree = "<group>"; };
		E426793A1522FE9A0005B1B9 /* brashes_color_black@2x.png */ = {isa = PBXFileReference; lastKnownFileType = image.png; path = "brashes_color_black@2x.png"; sourceTree = "<group>"; };
		E426793B1522FE9A0005B1B9 /* brashes_color_blue@2x.png */ = {isa = PBXFileReference; lastKnownFileType = image.png; path = "brashes_color_blue@2x.png"; sourceTree = "<group>"; };
		E426793C1522FE9A0005B1B9 /* brashes_color_green@2x.png */ = {isa = PBXFileReference; lastKnownFileType = image.png; path = "brashes_color_green@2x.png"; sourceTree = "<group>"; };
		E426793D1522FE9A0005B1B9 /* brashes_color_red@2x.png */ = {isa = PBXFileReference; lastKnownFileType = image.png; path = "brashes_color_red@2x.png"; sourceTree = "<group>"; };
		E426793E1522FE9A0005B1B9 /* brashes_color_yellow@2x.png */ = {isa = PBXFileReference; lastKnownFileType = image.png; path = "brashes_color_yellow@2x.png"; sourceTree = "<group>"; };
		E426793F1522FE9A0005B1B9 /* button_arccos@2x.png */ = {isa = PBXFileReference; lastKnownFileType = image.png; path = "button_arccos@2x.png"; sourceTree = "<group>"; };
		E42679401522FE9A0005B1B9 /* button_arctan.png */ = {isa = PBXFileReference; lastKnownFileType = image.png; path = button_arctan.png; sourceTree = "<group>"; };
		E42679411522FE9A0005B1B9 /* button_arctan@2x.png */ = {isa = PBXFileReference; lastKnownFileType = image.png; path = "button_arctan@2x.png"; sourceTree = "<group>"; };
		E42679421522FE9A0005B1B9 /* button_cos@2x.png */ = {isa = PBXFileReference; lastKnownFileType = image.png; path = "button_cos@2x.png"; sourceTree = "<group>"; };
		E42679431522FE9A0005B1B9 /* button_cosh.png */ = {isa = PBXFileReference; lastKnownFileType = image.png; path = button_cosh.png; sourceTree = "<group>"; };
		E42679441522FE9A0005B1B9 /* button_drawer.png */ = {isa = PBXFileReference; lastKnownFileType = image.png; path = button_drawer.png; sourceTree = "<group>"; };
		E42679451522FE9A0005B1B9 /* button_drawer@2x.png */ = {isa = PBXFileReference; lastKnownFileType = image.png; path = "button_drawer@2x.png"; sourceTree = "<group>"; };
		E42679461522FE9A0005B1B9 /* button_edit.png */ = {isa = PBXFileReference; lastKnownFileType = image.png; path = button_edit.png; sourceTree = "<group>"; };
		E42679471522FE9A0005B1B9 /* button_edit@2x.png */ = {isa = PBXFileReference; lastKnownFileType = image.png; path = "button_edit@2x.png"; sourceTree = "<group>"; };
		E42679481522FE9A0005B1B9 /* button_eraser.png */ = {isa = PBXFileReference; lastKnownFileType = image.png; path = button_eraser.png; sourceTree = "<group>"; };
		E42679491522FE9A0005B1B9 /* button_eraser@2x.png */ = {isa = PBXFileReference; lastKnownFileType = image.png; path = "button_eraser@2x.png"; sourceTree = "<group>"; };
		E426794A1522FE9A0005B1B9 /* button_hover.png */ = {isa = PBXFileReference; lastKnownFileType = image.png; path = button_hover.png; sourceTree = "<group>"; };
		E426794B1522FE9A0005B1B9 /* button_hover@2x.png */ = {isa = PBXFileReference; lastKnownFileType = image.png; path = "button_hover@2x.png"; sourceTree = "<group>"; };
		E426794C1522FE9A0005B1B9 /* button_ln.png */ = {isa = PBXFileReference; lastKnownFileType = image.png; path = button_ln.png; sourceTree = "<group>"; };
		E426794D1522FE9A0005B1B9 /* button_ln@2x.png */ = {isa = PBXFileReference; lastKnownFileType = image.png; path = "button_ln@2x.png"; sourceTree = "<group>"; };
		E426794E1522FE9A0005B1B9 /* button_log.png */ = {isa = PBXFileReference; lastKnownFileType = image.png; path = button_log.png; sourceTree = "<group>"; };
		E426794F1522FE9A0005B1B9 /* button_logxy.png */ = {isa = PBXFileReference; lastKnownFileType = image.png; path = button_logxy.png; sourceTree = "<group>"; };
		E42679501522FE9A0005B1B9 /* button_logxy@2x.png */ = {isa = PBXFileReference; lastKnownFileType = image.png; path = "button_logxy@2x.png"; sourceTree = "<group>"; };
		E42679511522FE9A0005B1B9 /* button_marker.png */ = {isa = PBXFileReference; lastKnownFileType = image.png; path = button_marker.png; sourceTree = "<group>"; };
		E42679521522FE9A0005B1B9 /* button_marker@2x.png */ = {isa = PBXFileReference; lastKnownFileType = image.png; path = "button_marker@2x.png"; sourceTree = "<group>"; };
		E42679531522FE9A0005B1B9 /* button_move.png */ = {isa = PBXFileReference; lastKnownFileType = image.png; path = button_move.png; sourceTree = "<group>"; };
		E42679541522FE9A0005B1B9 /* button_move@2x.png */ = {isa = PBXFileReference; lastKnownFileType = image.png; path = "button_move@2x.png"; sourceTree = "<group>"; };
		E42679551522FE9A0005B1B9 /* button_notes.png */ = {isa = PBXFileReference; lastKnownFileType = image.png; path = button_notes.png; sourceTree = "<group>"; };
		E42679561522FE9A0005B1B9 /* button_notes@2x.png */ = {isa = PBXFileReference; lastKnownFileType = image.png; path = "button_notes@2x.png"; sourceTree = "<group>"; };
		E42679571522FE9A0005B1B9 /* button_pencil.png */ = {isa = PBXFileReference; lastKnownFileType = image.png; path = button_pencil.png; sourceTree = "<group>"; };
		E42679581522FE9A0005B1B9 /* button_pencil@2x.png */ = {isa = PBXFileReference; lastKnownFileType = image.png; path = "button_pencil@2x.png"; sourceTree = "<group>"; };
		E42679591522FE9A0005B1B9 /* button_root.png */ = {isa = PBXFileReference; lastKnownFileType = image.png; path = button_root.png; sourceTree = "<group>"; };
		E426795A1522FE9A0005B1B9 /* button_root3.png */ = {isa = PBXFileReference; lastKnownFileType = image.png; path = button_root3.png; sourceTree = "<group>"; };
		E426795B1522FE9A0005B1B9 /* button_root3@2x.png */ = {isa = PBXFileReference; lastKnownFileType = image.png; path = "button_root3@2x.png"; sourceTree = "<group>"; };
		E426795C1522FE9A0005B1B9 /* button_rootx.png */ = {isa = PBXFileReference; lastKnownFileType = image.png; path = button_rootx.png; sourceTree = "<group>"; };
		E426795D1522FE9A0005B1B9 /* button_rootx@2x.png */ = {isa = PBXFileReference; lastKnownFileType = image.png; path = "button_rootx@2x.png"; sourceTree = "<group>"; };
		E426795E1522FE9A0005B1B9 /* button_ruler.png */ = {isa = PBXFileReference; lastKnownFileType = image.png; path = button_ruler.png; sourceTree = "<group>"; };
		E426795F1522FE9A0005B1B9 /* button_ruler@2x.png */ = {isa = PBXFileReference; lastKnownFileType = image.png; path = "button_ruler@2x.png"; sourceTree = "<group>"; };
		E42679601522FE9A0005B1B9 /* button_selected_bg.png */ = {isa = PBXFileReference; lastKnownFileType = image.png; path = button_selected_bg.png; sourceTree = "<group>"; };
		E42679611522FE9A0005B1B9 /* button_selected_bg@2x.png */ = {isa = PBXFileReference; lastKnownFileType = image.png; path = "button_selected_bg@2x.png"; sourceTree = "<group>"; };
		E42679621522FE9A0005B1B9 /* button_share.png */ = {isa = PBXFileReference; lastKnownFileType = image.png; path = button_share.png; sourceTree = "<group>"; };
		E42679631522FE9A0005B1B9 /* button_share@2x.png */ = {isa = PBXFileReference; lastKnownFileType = image.png; path = "button_share@2x.png"; sourceTree = "<group>"; };
		E42679641522FE9A0005B1B9 /* button_shownote.png */ = {isa = PBXFileReference; lastKnownFileType = image.png; path = button_shownote.png; sourceTree = "<group>"; };
		E42679651522FE9A0005B1B9 /* button_shownote@2x.png */ = {isa = PBXFileReference; lastKnownFileType = image.png; path = "button_shownote@2x.png"; sourceTree = "<group>"; };
		E42679661522FE9A0005B1B9 /* button_sin.png */ = {isa = PBXFileReference; lastKnownFileType = image.png; path = button_sin.png; sourceTree = "<group>"; };
		E42679671522FE9A0005B1B9 /* button_sinh.png */ = {isa = PBXFileReference; lastKnownFileType = image.png; path = button_sinh.png; sourceTree = "<group>"; };
		E42679681522FE9A0005B1B9 /* button_tan.png */ = {isa = PBXFileReference; lastKnownFileType = image.png; path = button_tan.png; sourceTree = "<group>"; };
		E42679691522FE9A0005B1B9 /* button_tan@2x.png */ = {isa = PBXFileReference; lastKnownFileType = image.png; path = "button_tan@2x.png"; sourceTree = "<group>"; };
		E426796A1522FE9A0005B1B9 /* button_tanh.png */ = {isa = PBXFileReference; lastKnownFileType = image.png; path = button_tanh.png; sourceTree = "<group>"; };
		E426796B1522FE9A0005B1B9 /* button_tanh@2x.png */ = {isa = PBXFileReference; lastKnownFileType = image.png; path = "button_tanh@2x.png"; sourceTree = "<group>"; };
		E426796C1522FE9A0005B1B9 /* button_x2.png */ = {isa = PBXFileReference; lastKnownFileType = image.png; path = button_x2.png; sourceTree = "<group>"; };
		E426796D1522FE9A0005B1B9 /* button_x3.png */ = {isa = PBXFileReference; lastKnownFileType = image.png; path = button_x3.png; sourceTree = "<group>"; };
		E426796E1522FE9A0005B1B9 /* button_xy.png */ = {isa = PBXFileReference; lastKnownFileType = image.png; path = button_xy.png; sourceTree = "<group>"; };
		E426796F1522FE9A0005B1B9 /* cell_bg.png */ = {isa = PBXFileReference; lastKnownFileType = image.png; path = cell_bg.png; sourceTree = "<group>"; };
		E42679701522FE9A0005B1B9 /* cell_seperator.png */ = {isa = PBXFileReference; lastKnownFileType = image.png; path = cell_seperator.png; sourceTree = "<group>"; };
		E42679711522FE9A0005B1B9 /* cell_seperator@2x.png */ = {isa = PBXFileReference; lastKnownFileType = image.png; path = "cell_seperator@2x.png"; sourceTree = "<group>"; };
		E42679721522FE9A0005B1B9 /* marker_head_black@2x.png */ = {isa = PBXFileReference; lastKnownFileType = image.png; path = "marker_head_black@2x.png"; sourceTree = "<group>"; };
		E42679731522FE9A0005B1B9 /* marker_head_blue@2x.png */ = {isa = PBXFileReference; lastKnownFileType = image.png; path = "marker_head_blue@2x.png"; sourceTree = "<group>"; };
		E42679741522FE9A0005B1B9 /* marker_head_green@2x.png */ = {isa = PBXFileReference; lastKnownFileType = image.png; path = "marker_head_green@2x.png"; sourceTree = "<group>"; };
		E42679751522FE9A0005B1B9 /* marker_head_red@2x.png */ = {isa = PBXFileReference; lastKnownFileType = image.png; path = "marker_head_red@2x.png"; sourceTree = "<group>"; };
		E42679761522FE9A0005B1B9 /* marker_head_yellow@2x.png */ = {isa = PBXFileReference; lastKnownFileType = image.png; path = "marker_head_yellow@2x.png"; sourceTree = "<group>"; };
		E42679771522FE9A0005B1B9 /* marker_large@2x.png */ = {isa = PBXFileReference; lastKnownFileType = image.png; path = "marker_large@2x.png"; sourceTree = "<group>"; };
		E42679781522FE9A0005B1B9 /* pencil_large@2x.png */ = {isa = PBXFileReference; lastKnownFileType = image.png; path = "pencil_large@2x.png"; sourceTree = "<group>"; };
		E42679791522FE9A0005B1B9 /* popover_brashes_bg@2x.png */ = {isa = PBXFileReference; lastKnownFileType = image.png; path = "popover_brashes_bg@2x.png"; sourceTree = "<group>"; };
		E426797A1522FE9A0005B1B9 /* popover_brashes_color_selected@2x.png */ = {isa = PBXFileReference; lastKnownFileType = image.png; path = "popover_brashes_color_selected@2x.png"; sourceTree = "<group>"; };
		E426797B1522FE9A0005B1B9 /* popover_brashes_selected_bg@2x.png */ = {isa = PBXFileReference; lastKnownFileType = image.png; path = "popover_brashes_selected_bg@2x.png"; sourceTree = "<group>"; };
		E426797C1522FE9A0005B1B9 /* popover_brashes_shadow_up@2x.png */ = {isa = PBXFileReference; lastKnownFileType = image.png; path = "popover_brashes_shadow_up@2x.png"; sourceTree = "<group>"; };
		E426797D1522FE9A0005B1B9 /* ruler_large@2x.png */ = {isa = PBXFileReference; lastKnownFileType = image.png; path = "ruler_large@2x.png"; sourceTree = "<group>"; };
		E426797E1522FE9A0005B1B9 /* brashes_color_blue.png */ = {isa = PBXFileReference; lastKnownFileType = image.png; path = brashes_color_blue.png; sourceTree = "<group>"; };
		E426797F1522FE9A0005B1B9 /* brashes_color_green.png */ = {isa = PBXFileReference; lastKnownFileType = image.png; path = brashes_color_green.png; sourceTree = "<group>"; };
		E42679801522FE9A0005B1B9 /* brashes_color_red.png */ = {isa = PBXFileReference; lastKnownFileType = image.png; path = brashes_color_red.png; sourceTree = "<group>"; };
		E42679811522FE9A0005B1B9 /* brashes_color_yellow.png */ = {isa = PBXFileReference; lastKnownFileType = image.png; path = brashes_color_yellow.png; sourceTree = "<group>"; };
		E42679821522FE9A0005B1B9 /* button_arccos.png */ = {isa = PBXFileReference; lastKnownFileType = image.png; path = button_arccos.png; sourceTree = "<group>"; };
		E42679831522FE9A0005B1B9 /* button_arcsin.png */ = {isa = PBXFileReference; lastKnownFileType = image.png; path = button_arcsin.png; sourceTree = "<group>"; };
		E42679841522FE9A0005B1B9 /* button_arcsin@2x.png */ = {isa = PBXFileReference; lastKnownFileType = image.png; path = "button_arcsin@2x.png"; sourceTree = "<group>"; };
		E42679851522FE9A0005B1B9 /* button_cosh@2x.png */ = {isa = PBXFileReference; lastKnownFileType = image.png; path = "button_cosh@2x.png"; sourceTree = "<group>"; };
		E42679861522FE9A0005B1B9 /* button_sin@2x.png */ = {isa = PBXFileReference; lastKnownFileType = image.png; path = "button_sin@2x.png"; sourceTree = "<group>"; };
		E42679871522FE9A0005B1B9 /* button_sinh@2x.png */ = {isa = PBXFileReference; lastKnownFileType = image.png; path = "button_sinh@2x.png"; sourceTree = "<group>"; };
		E42679881522FE9A0005B1B9 /* button_x2@2x.png */ = {isa = PBXFileReference; lastKnownFileType = image.png; path = "button_x2@2x.png"; sourceTree = "<group>"; };
		E42679891522FE9A0005B1B9 /* button_x3@2x.png */ = {isa = PBXFileReference; lastKnownFileType = image.png; path = "button_x3@2x.png"; sourceTree = "<group>"; };
		E426798A1522FE9A0005B1B9 /* button_xy@2x.png */ = {isa = PBXFileReference; lastKnownFileType = image.png; path = "button_xy@2x.png"; sourceTree = "<group>"; };
		E426798B1522FE9A0005B1B9 /* cell_bg@2x.png */ = {isa = PBXFileReference; lastKnownFileType = image.png; path = "cell_bg@2x.png"; sourceTree = "<group>"; };
		E426798C1522FE9A0005B1B9 /* launchimage@2x.png */ = {isa = PBXFileReference; lastKnownFileType = image.png; path = "launchimage@2x.png"; sourceTree = "<group>"; };
		E426798D1522FE9A0005B1B9 /* light_l@2x.png */ = {isa = PBXFileReference; lastKnownFileType = image.png; path = "light_l@2x.png"; sourceTree = "<group>"; };
		E426798E1522FE9A0005B1B9 /* light_r@2x.png */ = {isa = PBXFileReference; lastKnownFileType = image.png; path = "light_r@2x.png"; sourceTree = "<group>"; };
		E426798F1522FE9A0005B1B9 /* brashes_color_black.png */ = {isa = PBXFileReference; lastKnownFileType = image.png; path = brashes_color_black.png; sourceTree = "<group>"; };
		E42679901522FE9A0005B1B9 /* emgx_bg@2x.png */ = {isa = PBXFileReference; lastKnownFileType = image.png; path = "emgx_bg@2x.png"; sourceTree = "<group>"; };
		E42679911522FE9A0005B1B9 /* numpad_up@2x.png */ = {isa = PBXFileReference; lastKnownFileType = image.png; path = "numpad_up@2x.png"; sourceTree = "<group>"; };
		E42679921522FE9A0005B1B9 /* button_cos.png */ = {isa = PBXFileReference; lastKnownFileType = image.png; path = button_cos.png; sourceTree = "<group>"; };
		E42679931522FE9A0005B1B9 /* button_log@2x.png */ = {isa = PBXFileReference; lastKnownFileType = image.png; path = "button_log@2x.png"; sourceTree = "<group>"; };
		E42679941522FE9A0005B1B9 /* button_root@2x.png */ = {isa = PBXFileReference; lastKnownFileType = image.png; path = "button_root@2x.png"; sourceTree = "<group>"; };
		E4267A011522FF450005B1B9 /* Default-Landscape~ipad.png */ = {isa = PBXFileReference; lastKnownFileType = image.png; path = "Default-Landscape~ipad.png"; sourceTree = "<group>"; };
		E4267A031522FF4F0005B1B9 /* Default-Landscape@2x~ipad.png */ = {isa = PBXFileReference; lastKnownFileType = image.png; path = "Default-Landscape@2x~ipad.png"; sourceTree = "<group>"; };
		E43FCA691524563B00D36B2E /* Eurostile.ttf */ = {isa = PBXFileReference; fileEncoding = 4; lastKnownFileType = text; path = Eurostile.ttf; sourceTree = "<group>"; };
		E43FCA701524ABB700D36B2E /* AnswerCellCell.h */ = {isa = PBXFileReference; fileEncoding = 4; lastKnownFileType = sourcecode.c.h; path = AnswerCellCell.h; sourceTree = "<group>"; };
		E43FCA711524ABB700D36B2E /* AnswerCellCell.m */ = {isa = PBXFileReference; fileEncoding = 4; lastKnownFileType = sourcecode.c.objc; path = AnswerCellCell.m; sourceTree = "<group>"; };
		E43FCA731524AED000D36B2E /* ThinTableView.h */ = {isa = PBXFileReference; fileEncoding = 4; lastKnownFileType = sourcecode.c.h; path = ThinTableView.h; sourceTree = "<group>"; };
		E43FCA741524AED000D36B2E /* ThinTableView.m */ = {isa = PBXFileReference; fileEncoding = 4; lastKnownFileType = sourcecode.c.objc; path = ThinTableView.m; sourceTree = "<group>"; };
		E4AB243E152368CB005D2443 /* MultipleButtonViewController.h */ = {isa = PBXFileReference; fileEncoding = 4; lastKnownFileType = sourcecode.c.h; path = MultipleButtonViewController.h; sourceTree = "<group>"; };
		E4AB243F152368CB005D2443 /* MultipleButtonViewController.m */ = {isa = PBXFileReference; fileEncoding = 4; lastKnownFileType = sourcecode.c.objc; path = MultipleButtonViewController.m; sourceTree = "<group>"; };
		E4AB2441152368FC005D2443 /* MultipleButtonDataSource.h */ = {isa = PBXFileReference; lastKnownFileType = sourcecode.c.h; path = MultipleButtonDataSource.h; sourceTree = "<group>"; };
/* End PBXFileReference section */

/* Begin PBXFrameworksBuildPhase section */
		E41ED906151F6DCC00F4D87F /* Frameworks */ = {
			isa = PBXFrameworksBuildPhase;
			buildActionMask = 2147483647;
			files = (
				E41ED90E151F6DCC00F4D87F /* UIKit.framework in Frameworks */,
				E41ED910151F6DCC00F4D87F /* Foundation.framework in Frameworks */,
				E41ED912151F6DCC00F4D87F /* CoreGraphics.framework in Frameworks */,
			);
			runOnlyForDeploymentPostprocessing = 0;
		};
		E41ED926151F6DCD00F4D87F /* Frameworks */ = {
			isa = PBXFrameworksBuildPhase;
			buildActionMask = 2147483647;
			files = (
				E41ED92C151F6DCD00F4D87F /* SenTestingKit.framework in Frameworks */,
				E41ED92D151F6DCD00F4D87F /* UIKit.framework in Frameworks */,
				E41ED92E151F6DCD00F4D87F /* Foundation.framework in Frameworks */,
			);
			runOnlyForDeploymentPostprocessing = 0;
		};
/* End PBXFrameworksBuildPhase section */

/* Begin PBXGroup section */
		E41ED8FE151F6DCC00F4D87F = {
			isa = PBXGroup;
			children = (
				E4267A031522FF4F0005B1B9 /* Default-Landscape@2x~ipad.png */,
				E4267A011522FF450005B1B9 /* Default-Landscape~ipad.png */,
				E4A4ADA51522062D006B5977 /* Resouces */,
				E41ED98A151F6E7800F4D87F /* DDMathParser */,
				E41ED913151F6DCC00F4D87F /* UltraCalc */,
				E41ED931151F6DCD00F4D87F /* UltraCalcTests */,
				E41ED90C151F6DCC00F4D87F /* Frameworks */,
				E41ED90A151F6DCC00F4D87F /* Products */,
			);
			sourceTree = "<group>";
		};
		E41ED90A151F6DCC00F4D87F /* Products */ = {
			isa = PBXGroup;
			children = (
				E41ED909151F6DCC00F4D87F /* UltraCalc.app */,
				E41ED92A151F6DCD00F4D87F /* UltraCalcTests.octest */,
			);
			name = Products;
			sourceTree = "<group>";
		};
		E41ED90C151F6DCC00F4D87F /* Frameworks */ = {
			isa = PBXGroup;
			children = (
				E41ED90D151F6DCC00F4D87F /* UIKit.framework */,
				E41ED90F151F6DCC00F4D87F /* Foundation.framework */,
				E41ED911151F6DCC00F4D87F /* CoreGraphics.framework */,
				E41ED92B151F6DCD00F4D87F /* SenTestingKit.framework */,
			);
			name = Frameworks;
			sourceTree = "<group>";
		};
		E41ED913151F6DCC00F4D87F /* UltraCalc */ = {
			isa = PBXGroup;
			children = (
				E41ED91C151F6DCC00F4D87F /* AppDelegate.h */,
				E41ED91D151F6DCC00F4D87F /* AppDelegate.m */,
				E41ED91F151F6DCC00F4D87F /* MainStoryboard.storyboard */,
				E41ED922151F6DCC00F4D87F /* ViewController.h */,
				E41ED923151F6DCC00F4D87F /* ViewController.m */,
				E4AB243E152368CB005D2443 /* MultipleButtonViewController.h */,
				E4AB243F152368CB005D2443 /* MultipleButtonViewController.m */,
				E4AB2441152368FC005D2443 /* MultipleButtonDataSource.h */,
				E43FCA701524ABB700D36B2E /* AnswerCellCell.h */,
				E43FCA711524ABB700D36B2E /* AnswerCellCell.m */,
				E43FCA731524AED000D36B2E /* ThinTableView.h */,
				E43FCA741524AED000D36B2E /* ThinTableView.m */,
				E41ED914151F6DCC00F4D87F /* Supporting Files */,
			);
			path = UltraCalc;
			sourceTree = "<group>";
		};
		E41ED914151F6DCC00F4D87F /* Supporting Files */ = {
			isa = PBXGroup;
			children = (
				E41ED915151F6DCC00F4D87F /* UltraCalc-Info.plist */,
				E41ED916151F6DCC00F4D87F /* InfoPlist.strings */,
				E41ED919151F6DCC00F4D87F /* main.m */,
				E41ED91B151F6DCC00F4D87F /* UltraCalc-Prefix.pch */,
			);
			name = "Supporting Files";
			sourceTree = "<group>";
		};
		E41ED931151F6DCD00F4D87F /* UltraCalcTests */ = {
			isa = PBXGroup;
			children = (
				E41ED937151F6DCD00F4D87F /* UltraCalcTests.h */,
				E41ED938151F6DCD00F4D87F /* UltraCalcTests.m */,
				E41ED932151F6DCD00F4D87F /* Supporting Files */,
			);
			path = UltraCalcTests;
			sourceTree = "<group>";
		};
		E41ED932151F6DCD00F4D87F /* Supporting Files */ = {
			isa = PBXGroup;
			children = (
				E41ED933151F6DCD00F4D87F /* UltraCalcTests-Info.plist */,
				E41ED934151F6DCD00F4D87F /* InfoPlist.strings */,
			);
			name = "Supporting Files";
			sourceTree = "<group>";
		};
		E41ED98A151F6E7800F4D87F /* DDMathParser */ = {
			isa = PBXGroup;
			children = (
				E41ED98B151F6E7800F4D87F /* _DDFunctionContainer.h */,
				E41ED98C151F6E7800F4D87F /* _DDFunctionContainer.m */,
				E41ED98D151F6E7800F4D87F /* _DDFunctionExpression.h */,
				E41ED98E151F6E7800F4D87F /* _DDFunctionExpression.m */,
				E41ED98F151F6E7800F4D87F /* _DDFunctionTerm.h */,
				E41ED990151F6E7800F4D87F /* _DDFunctionTerm.m */,
				E41ED991151F6E7800F4D87F /* _DDFunctionUtilities.h */,
				E41ED992151F6E7800F4D87F /* _DDFunctionUtilities.m */,
				E41ED993151F6E7800F4D87F /* _DDGroupTerm.h */,
				E41ED994151F6E7800F4D87F /* _DDGroupTerm.m */,
				E41ED995151F6E7800F4D87F /* _DDNumberExpression.h */,
				E41ED996151F6E7800F4D87F /* _DDNumberExpression.m */,
				E41ED997151F6E7800F4D87F /* _DDNumberTerm.h */,
				E41ED998151F6E7800F4D87F /* _DDNumberTerm.m */,
				E41ED999151F6E7800F4D87F /* _DDOperatorInfo.h */,
				E41ED99A151F6E7800F4D87F /* _DDOperatorInfo.m */,
				E41ED99B151F6E7800F4D87F /* _DDOperatorTerm.h */,
				E41ED99C151F6E7800F4D87F /* _DDOperatorTerm.m */,
				E41ED99D151F6E7800F4D87F /* _DDParserTerm.h */,
				E41ED99E151F6E7800F4D87F /* _DDParserTerm.m */,
				E41ED99F151F6E7800F4D87F /* _DDRewriteRule.h */,
				E41ED9A0151F6E7800F4D87F /* _DDRewriteRule.m */,
				E41ED9A1151F6E7800F4D87F /* _DDVariableExpression.h */,
				E41ED9A2151F6E7800F4D87F /* _DDVariableExpression.m */,
				E41ED9A3151F6E7800F4D87F /* _DDVariableTerm.h */,
				E41ED9A4151F6E7800F4D87F /* _DDVariableTerm.m */,
				E41ED9A5151F6E7800F4D87F /* DDExpression.h */,
				E41ED9A6151F6E7800F4D87F /* DDExpression.m */,
				E41ED9A7151F6E7800F4D87F /* DDMathEvaluator+Private.h */,
				E41ED9A8151F6E7800F4D87F /* DDMathEvaluator.h */,
				E41ED9A9151F6E7800F4D87F /* DDMathEvaluator.m */,
				E41ED9AA151F6E7800F4D87F /* DDMathParser.h */,
				E41ED9AB151F6E7800F4D87F /* DDMathParserMacros.h */,
				E41ED9AC151F6E7800F4D87F /* DDMathStringToken.h */,
				E41ED9AD151F6E7800F4D87F /* DDMathStringToken.m */,
				E41ED9AE151F6E7800F4D87F /* DDMathStringTokenizer.h */,
				E41ED9AF151F6E7800F4D87F /* DDMathStringTokenizer.m */,
				E41ED9B0151F6E7800F4D87F /* DDParser.h */,
				E41ED9B1151F6E7800F4D87F /* DDParser.m */,
				E41ED9B2151F6E7800F4D87F /* DDParserTypes.h */,
				E41ED9B3151F6E7800F4D87F /* DDParserTypes.m */,
				E41ED9B4151F6E7800F4D87F /* DDTypes.h */,
				E41ED9B5151F6E7800F4D87F /* DDTypes.m */,
				E41ED9B6151F6E7800F4D87F /* NSString+DDMathParsing.h */,
				E41ED9B7151F6E7800F4D87F /* NSString+DDMathParsing.m */,
			);
			path = DDMathParser;
			sourceTree = "<group>";
		};
		E4A4ADA51522062D006B5977 /* Resouces */ = {
			isa = PBXGroup;
			children = (
				E43FCA691524563B00D36B2E /* Eurostile.ttf */,
				E42679291522FE9A0005B1B9 /* emgx_bg.png */,
				E426792A1522FE9A0005B1B9 /* launchimage.png */,
				E426792B1522FE9A0005B1B9 /* light_l.png */,
				E426792C1522FE9A0005B1B9 /* light_r.png */,
				E426792D1522FE9A0005B1B9 /* marker_head_black.png */,
				E426792E1522FE9A0005B1B9 /* marker_head_blue.png */,
				E426792F1522FE9A0005B1B9 /* marker_head_green.png */,
				E42679301522FE9A0005B1B9 /* marker_head_red.png */,
				E42679311522FE9A0005B1B9 /* marker_head_yellow.png */,
				E42679321522FE9A0005B1B9 /* marker_large.png */,
				E42679331522FE9A0005B1B9 /* numpad_up.png */,
				E42679341522FE9A0005B1B9 /* pencil_large.png */,
				E42679351522FE9A0005B1B9 /* popover_brashes_bg.png */,
				E42679361522FE9A0005B1B9 /* popover_brashes_color_selected.png */,
				E42679371522FE9A0005B1B9 /* popover_brashes_selected_bg.png */,
				E42679381522FE9A0005B1B9 /* popover_brashes_shadow_up.png */,
				E42679391522FE9A0005B1B9 /* ruler_large.png */,
				E426793A1522FE9A0005B1B9 /* brashes_color_black@2x.png */,
				E426793B1522FE9A0005B1B9 /* brashes_color_blue@2x.png */,
				E426793C1522FE9A0005B1B9 /* brashes_color_green@2x.png */,
				E426793D1522FE9A0005B1B9 /* brashes_color_red@2x.png */,
				E426793E1522FE9A0005B1B9 /* brashes_color_yellow@2x.png */,
				E426793F1522FE9A0005B1B9 /* button_arccos@2x.png */,
				E42679401522FE9A0005B1B9 /* button_arctan.png */,
				E42679411522FE9A0005B1B9 /* button_arctan@2x.png */,
				E42679421522FE9A0005B1B9 /* button_cos@2x.png */,
				E42679431522FE9A0005B1B9 /* button_cosh.png */,
				E42679441522FE9A0005B1B9 /* button_drawer.png */,
				E42679451522FE9A0005B1B9 /* button_drawer@2x.png */,
				E42679461522FE9A0005B1B9 /* button_edit.png */,
				E42679471522FE9A0005B1B9 /* button_edit@2x.png */,
				E42679481522FE9A0005B1B9 /* button_eraser.png */,
				E42679491522FE9A0005B1B9 /* button_eraser@2x.png */,
				E426794A1522FE9A0005B1B9 /* button_hover.png */,
				E426794B1522FE9A0005B1B9 /* button_hover@2x.png */,
				E426794C1522FE9A0005B1B9 /* button_ln.png */,
				E426794D1522FE9A0005B1B9 /* button_ln@2x.png */,
				E426794E1522FE9A0005B1B9 /* button_log.png */,
				E426794F1522FE9A0005B1B9 /* button_logxy.png */,
				E42679501522FE9A0005B1B9 /* button_logxy@2x.png */,
				E42679511522FE9A0005B1B9 /* button_marker.png */,
				E42679521522FE9A0005B1B9 /* button_marker@2x.png */,
				E42679531522FE9A0005B1B9 /* button_move.png */,
				E42679541522FE9A0005B1B9 /* button_move@2x.png */,
				E42679551522FE9A0005B1B9 /* button_notes.png */,
				E42679561522FE9A0005B1B9 /* button_notes@2x.png */,
				E42679571522FE9A0005B1B9 /* button_pencil.png */,
				E42679581522FE9A0005B1B9 /* button_pencil@2x.png */,
				E42679591522FE9A0005B1B9 /* button_root.png */,
				E426795A1522FE9A0005B1B9 /* button_root3.png */,
				E426795B1522FE9A0005B1B9 /* button_root3@2x.png */,
				E426795C1522FE9A0005B1B9 /* button_rootx.png */,
				E426795D1522FE9A0005B1B9 /* button_rootx@2x.png */,
				E426795E1522FE9A0005B1B9 /* button_ruler.png */,
				E426795F1522FE9A0005B1B9 /* button_ruler@2x.png */,
				E42679601522FE9A0005B1B9 /* button_selected_bg.png */,
				E42679611522FE9A0005B1B9 /* button_selected_bg@2x.png */,
				E42679621522FE9A0005B1B9 /* button_share.png */,
				E42679631522FE9A0005B1B9 /* button_share@2x.png */,
				E42679641522FE9A0005B1B9 /* button_shownote.png */,
				E42679651522FE9A0005B1B9 /* button_shownote@2x.png */,
				E42679661522FE9A0005B1B9 /* button_sin.png */,
				E42679671522FE9A0005B1B9 /* button_sinh.png */,
				E42679681522FE9A0005B1B9 /* button_tan.png */,
				E42679691522FE9A0005B1B9 /* button_tan@2x.png */,
				E426796A1522FE9A0005B1B9 /* button_tanh.png */,
				E426796B1522FE9A0005B1B9 /* button_tanh@2x.png */,
				E426796C1522FE9A0005B1B9 /* button_x2.png */,
				E426796D1522FE9A0005B1B9 /* button_x3.png */,
				E426796E1522FE9A0005B1B9 /* button_xy.png */,
				E426796F1522FE9A0005B1B9 /* cell_bg.png */,
				E42679701522FE9A0005B1B9 /* cell_seperator.png */,
				E42679711522FE9A0005B1B9 /* cell_seperator@2x.png */,
				E42679721522FE9A0005B1B9 /* marker_head_black@2x.png */,
				E42679731522FE9A0005B1B9 /* marker_head_blue@2x.png */,
				E42679741522FE9A0005B1B9 /* marker_head_green@2x.png */,
				E42679751522FE9A0005B1B9 /* marker_head_red@2x.png */,
				E42679761522FE9A0005B1B9 /* marker_head_yellow@2x.png */,
				E42679771522FE9A0005B1B9 /* marker_large@2x.png */,
				E42679781522FE9A0005B1B9 /* pencil_large@2x.png */,
				E42679791522FE9A0005B1B9 /* popover_brashes_bg@2x.png */,
				E426797A1522FE9A0005B1B9 /* popover_brashes_color_selected@2x.png */,
				E426797B1522FE9A0005B1B9 /* popover_brashes_selected_bg@2x.png */,
				E426797C1522FE9A0005B1B9 /* popover_brashes_shadow_up@2x.png */,
				E426797D1522FE9A0005B1B9 /* ruler_large@2x.png */,
				E426797E1522FE9A0005B1B9 /* brashes_color_blue.png */,
				E426797F1522FE9A0005B1B9 /* brashes_color_green.png */,
				E42679801522FE9A0005B1B9 /* brashes_color_red.png */,
				E42679811522FE9A0005B1B9 /* brashes_color_yellow.png */,
				E42679821522FE9A0005B1B9 /* button_arccos.png */,
				E42679831522FE9A0005B1B9 /* button_arcsin.png */,
				E42679841522FE9A0005B1B9 /* button_arcsin@2x.png */,
				E42679851522FE9A0005B1B9 /* button_cosh@2x.png */,
				E42679861522FE9A0005B1B9 /* button_sin@2x.png */,
				E42679871522FE9A0005B1B9 /* button_sinh@2x.png */,
				E42679881522FE9A0005B1B9 /* button_x2@2x.png */,
				E42679891522FE9A0005B1B9 /* button_x3@2x.png */,
				E426798A1522FE9A0005B1B9 /* button_xy@2x.png */,
				E426798B1522FE9A0005B1B9 /* cell_bg@2x.png */,
				E426798C1522FE9A0005B1B9 /* launchimage@2x.png */,
				E426798D1522FE9A0005B1B9 /* light_l@2x.png */,
				E426798E1522FE9A0005B1B9 /* light_r@2x.png */,
				E426798F1522FE9A0005B1B9 /* brashes_color_black.png */,
				E42679901522FE9A0005B1B9 /* emgx_bg@2x.png */,
				E42679911522FE9A0005B1B9 /* numpad_up@2x.png */,
				E42679921522FE9A0005B1B9 /* button_cos.png */,
				E42679931522FE9A0005B1B9 /* button_log@2x.png */,
				E42679941522FE9A0005B1B9 /* button_root@2x.png */,
			);
			name = Resouces;
			sourceTree = "<group>";
		};
/* End PBXGroup section */

/* Begin PBXNativeTarget section */
		E41ED908151F6DCC00F4D87F /* UltraCalc */ = {
			isa = PBXNativeTarget;
			buildConfigurationList = E41ED93C151F6DCD00F4D87F /* Build configuration list for PBXNativeTarget "UltraCalc" */;
			buildPhases = (
				E41ED905151F6DCC00F4D87F /* Sources */,
				E41ED906151F6DCC00F4D87F /* Frameworks */,
				E41ED907151F6DCC00F4D87F /* Resources */,
			);
			buildRules = (
			);
			dependencies = (
			);
			name = UltraCalc;
			productName = UltraCalc;
			productReference = E41ED909151F6DCC00F4D87F /* UltraCalc.app */;
			productType = "com.apple.product-type.application";
		};
		E41ED929151F6DCD00F4D87F /* UltraCalcTests */ = {
			isa = PBXNativeTarget;
			buildConfigurationList = E41ED93F151F6DCD00F4D87F /* Build configuration list for PBXNativeTarget "UltraCalcTests" */;
			buildPhases = (
				E41ED925151F6DCD00F4D87F /* Sources */,
				E41ED926151F6DCD00F4D87F /* Frameworks */,
				E41ED927151F6DCD00F4D87F /* Resources */,
				E41ED928151F6DCD00F4D87F /* ShellScript */,
			);
			buildRules = (
			);
			dependencies = (
				E41ED930151F6DCD00F4D87F /* PBXTargetDependency */,
			);
			name = UltraCalcTests;
			productName = UltraCalcTests;
			productReference = E41ED92A151F6DCD00F4D87F /* UltraCalcTests.octest */;
			productType = "com.apple.product-type.bundle";
		};
/* End PBXNativeTarget section */

/* Begin PBXProject section */
		E41ED900151F6DCC00F4D87F /* Project object */ = {
			isa = PBXProject;
			attributes = {
				LastUpgradeCheck = 0430;
			};
			buildConfigurationList = E41ED903151F6DCC00F4D87F /* Build configuration list for PBXProject "UltraCalc" */;
			compatibilityVersion = "Xcode 3.2";
			developmentRegion = English;
			hasScannedForEncodings = 0;
			knownRegions = (
				en,
			);
			mainGroup = E41ED8FE151F6DCC00F4D87F;
			productRefGroup = E41ED90A151F6DCC00F4D87F /* Products */;
			projectDirPath = "";
			projectRoot = "";
			targets = (
				E41ED908151F6DCC00F4D87F /* UltraCalc */,
				E41ED929151F6DCD00F4D87F /* UltraCalcTests */,
			);
		};
/* End PBXProject section */

/* Begin PBXResourcesBuildPhase section */
		E41ED907151F6DCC00F4D87F /* Resources */ = {
			isa = PBXResourcesBuildPhase;
			buildActionMask = 2147483647;
			files = (
				E41ED918151F6DCC00F4D87F /* InfoPlist.strings in Resources */,
				E41ED921151F6DCC00F4D87F /* MainStoryboard.storyboard in Resources */,
				E42679951522FE9A0005B1B9 /* emgx_bg.png in Resources */,
				E42679961522FE9A0005B1B9 /* launchimage.png in Resources */,
				E42679971522FE9A0005B1B9 /* light_l.png in Resources */,
				E42679981522FE9A0005B1B9 /* light_r.png in Resources */,
				E42679991522FE9A0005B1B9 /* marker_head_black.png in Resources */,
				E426799A1522FE9A0005B1B9 /* marker_head_blue.png in Resources */,
				E426799B1522FE9A0005B1B9 /* marker_head_green.png in Resources */,
				E426799C1522FE9A0005B1B9 /* marker_head_red.png in Resources */,
				E426799D1522FE9A0005B1B9 /* marker_head_yellow.png in Resources */,
				E426799E1522FE9A0005B1B9 /* marker_large.png in Resources */,
				E426799F1522FE9A0005B1B9 /* numpad_up.png in Resources */,
				E42679A01522FE9A0005B1B9 /* pencil_large.png in Resources */,
				E42679A11522FE9A0005B1B9 /* popover_brashes_bg.png in Resources */,
				E42679A21522FE9A0005B1B9 /* popover_brashes_color_selected.png in Resources */,
				E42679A31522FE9A0005B1B9 /* popover_brashes_selected_bg.png in Resources */,
				E42679A41522FE9A0005B1B9 /* popover_brashes_shadow_up.png in Resources */,
				E42679A51522FE9A0005B1B9 /* ruler_large.png in Resources */,
				E42679A61522FE9A0005B1B9 /* brashes_color_black@2x.png in Resources */,
				E42679A71522FE9A0005B1B9 /* brashes_color_blue@2x.png in Resources */,
				E42679A81522FE9A0005B1B9 /* brashes_color_green@2x.png in Resources */,
				E42679A91522FE9A0005B1B9 /* brashes_color_red@2x.png in Resources */,
				E42679AA1522FE9A0005B1B9 /* brashes_color_yellow@2x.png in Resources */,
				E42679AB1522FE9A0005B1B9 /* button_arccos@2x.png in Resources */,
				E42679AC1522FE9A0005B1B9 /* button_arctan.png in Resources */,
				E42679AD1522FE9A0005B1B9 /* button_arctan@2x.png in Resources */,
				E42679AE1522FE9A0005B1B9 /* button_cos@2x.png in Resources */,
				E42679AF1522FE9A0005B1B9 /* button_cosh.png in Resources */,
				E42679B01522FE9A0005B1B9 /* button_drawer.png in Resources */,
				E42679B11522FE9A0005B1B9 /* button_drawer@2x.png in Resources */,
				E42679B21522FE9A0005B1B9 /* button_edit.png in Resources */,
				E42679B31522FE9A0005B1B9 /* button_edit@2x.png in Resources */,
				E42679B41522FE9A0005B1B9 /* button_eraser.png in Resources */,
				E42679B51522FE9A0005B1B9 /* button_eraser@2x.png in Resources */,
				E42679B61522FE9A0005B1B9 /* button_hover.png in Resources */,
				E42679B71522FE9A0005B1B9 /* button_hover@2x.png in Resources */,
				E42679B81522FE9A0005B1B9 /* button_ln.png in Resources */,
				E42679B91522FE9A0005B1B9 /* button_ln@2x.png in Resources */,
				E42679BA1522FE9A0005B1B9 /* button_log.png in Resources */,
				E42679BB1522FE9A0005B1B9 /* button_logxy.png in Resources */,
				E42679BC1522FE9A0005B1B9 /* button_logxy@2x.png in Resources */,
				E42679BD1522FE9A0005B1B9 /* button_marker.png in Resources */,
				E42679BE1522FE9A0005B1B9 /* button_marker@2x.png in Resources */,
				E42679BF1522FE9A0005B1B9 /* button_move.png in Resources */,
				E42679C01522FE9A0005B1B9 /* button_move@2x.png in Resources */,
				E42679C11522FE9A0005B1B9 /* button_notes.png in Resources */,
				E42679C21522FE9A0005B1B9 /* button_notes@2x.png in Resources */,
				E42679C31522FE9A0005B1B9 /* button_pencil.png in Resources */,
				E42679C41522FE9A0005B1B9 /* button_pencil@2x.png in Resources */,
				E42679C51522FE9A0005B1B9 /* button_root.png in Resources */,
				E42679C61522FE9A0005B1B9 /* button_root3.png in Resources */,
				E42679C71522FE9A0005B1B9 /* button_root3@2x.png in Resources */,
				E42679C81522FE9A0005B1B9 /* button_rootx.png in Resources */,
				E42679C91522FE9A0005B1B9 /* button_rootx@2x.png in Resources */,
				E42679CA1522FE9A0005B1B9 /* button_ruler.png in Resources */,
				E42679CB1522FE9A0005B1B9 /* button_ruler@2x.png in Resources */,
				E42679CC1522FE9A0005B1B9 /* button_selected_bg.png in Resources */,
				E42679CD1522FE9A0005B1B9 /* button_selected_bg@2x.png in Resources */,
				E42679CE1522FE9A0005B1B9 /* button_share.png in Resources */,
				E42679CF1522FE9A0005B1B9 /* button_share@2x.png in Resources */,
				E42679D01522FE9A0005B1B9 /* button_shownote.png in Resources */,
				E42679D11522FE9A0005B1B9 /* button_shownote@2x.png in Resources */,
				E42679D21522FE9A0005B1B9 /* button_sin.png in Resources */,
				E42679D31522FE9A0005B1B9 /* button_sinh.png in Resources */,
				E42679D41522FE9A0005B1B9 /* button_tan.png in Resources */,
				E42679D51522FE9A0005B1B9 /* button_tan@2x.png in Resources */,
				E42679D61522FE9A0005B1B9 /* button_tanh.png in Resources */,
				E42679D71522FE9A0005B1B9 /* button_tanh@2x.png in Resources */,
				E42679D81522FE9A0005B1B9 /* button_x2.png in Resources */,
				E42679D91522FE9A0005B1B9 /* button_x3.png in Resources */,
				E42679DA1522FE9A0005B1B9 /* button_xy.png in Resources */,
				E42679DB1522FE9A0005B1B9 /* cell_bg.png in Resources */,
				E42679DC1522FE9A0005B1B9 /* cell_seperator.png in Resources */,
				E42679DD1522FE9A0005B1B9 /* cell_seperator@2x.png in Resources */,
				E42679DE1522FE9A0005B1B9 /* marker_head_black@2x.png in Resources */,
				E42679DF1522FE9A0005B1B9 /* marker_head_blue@2x.png in Resources */,
				E42679E01522FE9A0005B1B9 /* marker_head_green@2x.png in Resources */,
				E42679E11522FE9A0005B1B9 /* marker_head_red@2x.png in Resources */,
				E42679E21522FE9A0005B1B9 /* marker_head_yellow@2x.png in Resources */,
				E42679E31522FE9A0005B1B9 /* marker_large@2x.png in Resources */,
				E42679E41522FE9A0005B1B9 /* pencil_large@2x.png in Resources */,
				E42679E51522FE9A0005B1B9 /* popover_brashes_bg@2x.png in Resources */,
				E42679E61522FE9A0005B1B9 /* popover_brashes_color_selected@2x.png in Resources */,
				E42679E71522FE9A0005B1B9 /* popover_brashes_selected_bg@2x.png in Resources */,
				E42679E81522FE9A0005B1B9 /* popover_brashes_shadow_up@2x.png in Resources */,
				E42679E91522FE9A0005B1B9 /* ruler_large@2x.png in Resources */,
				E42679EA1522FE9A0005B1B9 /* brashes_color_blue.png in Resources */,
				E42679EB1522FE9A0005B1B9 /* brashes_color_green.png in Resources */,
				E42679EC1522FE9A0005B1B9 /* brashes_color_red.png in Resources */,
				E42679ED1522FE9A0005B1B9 /* brashes_color_yellow.png in Resources */,
				E42679EE1522FE9A0005B1B9 /* button_arccos.png in Resources */,
				E42679EF1522FE9A0005B1B9 /* button_arcsin.png in Resources */,
				E42679F01522FE9A0005B1B9 /* button_arcsin@2x.png in Resources */,
				E42679F11522FE9A0005B1B9 /* button_cosh@2x.png in Resources */,
				E42679F21522FE9A0005B1B9 /* button_sin@2x.png in Resources */,
				E42679F31522FE9A0005B1B9 /* button_sinh@2x.png in Resources */,
				E42679F41522FE9A0005B1B9 /* button_x2@2x.png in Resources */,
				E42679F51522FE9A0005B1B9 /* button_x3@2x.png in Resources */,
				E42679F61522FE9A0005B1B9 /* button_xy@2x.png in Resources */,
				E42679F71522FE9A0005B1B9 /* cell_bg@2x.png in Resources */,
				E42679F81522FE9A0005B1B9 /* launchimage@2x.png in Resources */,
				E42679F91522FE9A0005B1B9 /* light_l@2x.png in Resources */,
				E42679FA1522FE9A0005B1B9 /* light_r@2x.png in Resources */,
				E42679FB1522FE9A0005B1B9 /* brashes_color_black.png in Resources */,
				E42679FC1522FE9A0005B1B9 /* emgx_bg@2x.png in Resources */,
				E42679FD1522FE9A0005B1B9 /* numpad_up@2x.png in Resources */,
				E42679FE1522FE9A0005B1B9 /* button_cos.png in Resources */,
				E42679FF1522FE9A0005B1B9 /* button_log@2x.png in Resources */,
				E4267A001522FE9A0005B1B9 /* button_root@2x.png in Resources */,
				E4267A021522FF450005B1B9 /* Default-Landscape~ipad.png in Resources */,
				E4267A041522FF4F0005B1B9 /* Default-Landscape@2x~ipad.png in Resources */,
				E43FCA6A1524563B00D36B2E /* Eurostile.ttf in Resources */,
			);
			runOnlyForDeploymentPostprocessing = 0;
		};
		E41ED927151F6DCD00F4D87F /* Resources */ = {
			isa = PBXResourcesBuildPhase;
			buildActionMask = 2147483647;
			files = (
				E41ED936151F6DCD00F4D87F /* InfoPlist.strings in Resources */,
			);
			runOnlyForDeploymentPostprocessing = 0;
		};
/* End PBXResourcesBuildPhase section */

/* Begin PBXShellScriptBuildPhase section */
		E41ED928151F6DCD00F4D87F /* ShellScript */ = {
			isa = PBXShellScriptBuildPhase;
			buildActionMask = 2147483647;
			files = (
			);
			inputPaths = (
			);
			outputPaths = (
			);
			runOnlyForDeploymentPostprocessing = 0;
			shellPath = /bin/sh;
			shellScript = "# Run the unit tests in this test bundle.\n\"${SYSTEM_DEVELOPER_DIR}/Tools/RunUnitTests\"\n";
		};
/* End PBXShellScriptBuildPhase section */

/* Begin PBXSourcesBuildPhase section */
		E41ED905151F6DCC00F4D87F /* Sources */ = {
			isa = PBXSourcesBuildPhase;
			buildActionMask = 2147483647;
			files = (
				E41ED91A151F6DCC00F4D87F /* main.m in Sources */,
				E41ED91E151F6DCC00F4D87F /* AppDelegate.m in Sources */,
				E41ED924151F6DCC00F4D87F /* ViewController.m in Sources */,
				E41ED9B8151F6E7800F4D87F /* _DDFunctionContainer.m in Sources */,
				E41ED9B9151F6E7800F4D87F /* _DDFunctionExpression.m in Sources */,
				E41ED9BA151F6E7800F4D87F /* _DDFunctionTerm.m in Sources */,
				E41ED9BB151F6E7800F4D87F /* _DDFunctionUtilities.m in Sources */,
				E41ED9BC151F6E7800F4D87F /* _DDGroupTerm.m in Sources */,
				E41ED9BD151F6E7800F4D87F /* _DDNumberExpression.m in Sources */,
				E41ED9BE151F6E7800F4D87F /* _DDNumberTerm.m in Sources */,
				E41ED9BF151F6E7800F4D87F /* _DDOperatorInfo.m in Sources */,
				E41ED9C0151F6E7800F4D87F /* _DDOperatorTerm.m in Sources */,
				E41ED9C1151F6E7800F4D87F /* _DDParserTerm.m in Sources */,
				E41ED9C2151F6E7800F4D87F /* _DDRewriteRule.m in Sources */,
				E41ED9C3151F6E7800F4D87F /* _DDVariableExpression.m in Sources */,
				E41ED9C4151F6E7800F4D87F /* _DDVariableTerm.m in Sources */,
				E41ED9C5151F6E7800F4D87F /* DDExpression.m in Sources */,
				E41ED9C6151F6E7800F4D87F /* DDMathEvaluator.m in Sources */,
				E41ED9C7151F6E7800F4D87F /* DDMathStringToken.m in Sources */,
				E41ED9C8151F6E7800F4D87F /* DDMathStringTokenizer.m in Sources */,
				E41ED9C9151F6E7800F4D87F /* DDParser.m in Sources */,
				E41ED9CA151F6E7800F4D87F /* DDParserTypes.m in Sources */,
				E41ED9CB151F6E7800F4D87F /* DDTypes.m in Sources */,
				E41ED9CC151F6E7800F4D87F /* NSString+DDMathParsing.m in Sources */,
				E4AB2440152368CB005D2443 /* MultipleButtonViewController.m in Sources */,
				E43FCA721524ABB700D36B2E /* AnswerCellCell.m in Sources */,
				E43FCA751524AED000D36B2E /* ThinTableView.m in Sources */,
			);
			runOnlyForDeploymentPostprocessing = 0;
		};
		E41ED925151F6DCD00F4D87F /* Sources */ = {
			isa = PBXSourcesBuildPhase;
			buildActionMask = 2147483647;
			files = (
				E41ED939151F6DCD00F4D87F /* UltraCalcTests.m in Sources */,
			);
			runOnlyForDeploymentPostprocessing = 0;
		};
/* End PBXSourcesBuildPhase section */

/* Begin PBXTargetDependency section */
		E41ED930151F6DCD00F4D87F /* PBXTargetDependency */ = {
			isa = PBXTargetDependency;
			target = E41ED908151F6DCC00F4D87F /* UltraCalc */;
			targetProxy = E41ED92F151F6DCD00F4D87F /* PBXContainerItemProxy */;
		};
/* End PBXTargetDependency section */

/* Begin PBXVariantGroup section */
		E41ED916151F6DCC00F4D87F /* InfoPlist.strings */ = {
			isa = PBXVariantGroup;
			children = (
				E41ED917151F6DCC00F4D87F /* en */,
			);
			name = InfoPlist.strings;
			sourceTree = "<group>";
		};
		E41ED91F151F6DCC00F4D87F /* MainStoryboard.storyboard */ = {
			isa = PBXVariantGroup;
			children = (
				E41ED920151F6DCC00F4D87F /* en */,
			);
			name = MainStoryboard.storyboard;
			sourceTree = "<group>";
		};
		E41ED934151F6DCD00F4D87F /* InfoPlist.strings */ = {
			isa = PBXVariantGroup;
			children = (
				E41ED935151F6DCD00F4D87F /* en */,
			);
			name = InfoPlist.strings;
			sourceTree = "<group>";
		};
/* End PBXVariantGroup section */

/* Begin XCBuildConfiguration section */
		E41ED93A151F6DCD00F4D87F /* Debug */ = {
			isa = XCBuildConfiguration;
			buildSettings = {
				ALWAYS_SEARCH_USER_PATHS = NO;
				ARCHS = "$(ARCHS_STANDARD_32_BIT)";
				CLANG_ENABLE_OBJC_ARC = YES;
				"CODE_SIGN_IDENTITY[sdk=iphoneos*]" = "iPhone Developer";
				COPY_PHASE_STRIP = NO;
				GCC_C_LANGUAGE_STANDARD = gnu99;
				GCC_DYNAMIC_NO_PIC = NO;
				GCC_OPTIMIZATION_LEVEL = 0;
				GCC_PREPROCESSOR_DEFINITIONS = (
					"DEBUG=1",
					"$(inherited)",
				);
				GCC_SYMBOLS_PRIVATE_EXTERN = NO;
				GCC_VERSION = com.apple.compilers.llvm.clang.1_0;
				GCC_WARN_ABOUT_RETURN_TYPE = YES;
				GCC_WARN_UNINITIALIZED_AUTOS = YES;
				GCC_WARN_UNUSED_VARIABLE = YES;
				IPHONEOS_DEPLOYMENT_TARGET = 5.1;
				SDKROOT = iphoneos;
				TARGETED_DEVICE_FAMILY = 2;
			};
			name = Debug;
		};
		E41ED93B151F6DCD00F4D87F /* Release */ = {
			isa = XCBuildConfiguration;
			buildSettings = {
				ALWAYS_SEARCH_USER_PATHS = NO;
				ARCHS = "$(ARCHS_STANDARD_32_BIT)";
				CLANG_ENABLE_OBJC_ARC = YES;
				"CODE_SIGN_IDENTITY[sdk=iphoneos*]" = "iPhone Developer";
				COPY_PHASE_STRIP = YES;
				GCC_C_LANGUAGE_STANDARD = gnu99;
				GCC_VERSION = com.apple.compilers.llvm.clang.1_0;
				GCC_WARN_ABOUT_RETURN_TYPE = YES;
				GCC_WARN_UNINITIALIZED_AUTOS = YES;
				GCC_WARN_UNUSED_VARIABLE = YES;
				IPHONEOS_DEPLOYMENT_TARGET = 5.1;
				OTHER_CFLAGS = "-DNS_BLOCK_ASSERTIONS=1";
				SDKROOT = iphoneos;
				TARGETED_DEVICE_FAMILY = 2;
				VALIDATE_PRODUCT = YES;
			};
			name = Release;
		};
		E41ED93D151F6DCD00F4D87F /* Debug */ = {
			isa = XCBuildConfiguration;
			buildSettings = {
				GCC_PRECOMPILE_PREFIX_HEADER = YES;
				GCC_PREFIX_HEADER = "UltraCalc/UltraCalc-Prefix.pch";
				INFOPLIST_FILE = "UltraCalc/UltraCalc-Info.plist";
				IPHONEOS_DEPLOYMENT_TARGET = 5.0;
				PRODUCT_NAME = "$(TARGET_NAME)";
				WRAPPER_EXTENSION = app;
			};
			name = Debug;
		};
		E41ED93E151F6DCD00F4D87F /* Release */ = {
			isa = XCBuildConfiguration;
			buildSettings = {
				GCC_PRECOMPILE_PREFIX_HEADER = YES;
				GCC_PREFIX_HEADER = "UltraCalc/UltraCalc-Prefix.pch";
				INFOPLIST_FILE = "UltraCalc/UltraCalc-Info.plist";
				IPHONEOS_DEPLOYMENT_TARGET = 5.0;
				PRODUCT_NAME = "$(TARGET_NAME)";
				WRAPPER_EXTENSION = app;
			};
			name = Release;
		};
		E41ED940151F6DCD00F4D87F /* Debug */ = {
			isa = XCBuildConfiguration;
			buildSettings = {
				BUNDLE_LOADER = "$(BUILT_PRODUCTS_DIR)/UltraCalc.app/UltraCalc";
				FRAMEWORK_SEARCH_PATHS = (
					"$(SDKROOT)/Developer/Library/Frameworks",
					"$(DEVELOPER_LIBRARY_DIR)/Frameworks",
				);
				GCC_PRECOMPILE_PREFIX_HEADER = YES;
				GCC_PREFIX_HEADER = "UltraCalc/UltraCalc-Prefix.pch";
				INFOPLIST_FILE = "UltraCalcTests/UltraCalcTests-Info.plist";
				PRODUCT_NAME = "$(TARGET_NAME)";
				TEST_HOST = "$(BUNDLE_LOADER)";
				WRAPPER_EXTENSION = octest;
			};
			name = Debug;
		};
		E41ED941151F6DCD00F4D87F /* Release */ = {
			isa = XCBuildConfiguration;
			buildSettings = {
				BUNDLE_LOADER = "$(BUILT_PRODUCTS_DIR)/UltraCalc.app/UltraCalc";
				FRAMEWORK_SEARCH_PATHS = (
					"$(SDKROOT)/Developer/Library/Frameworks",
					"$(DEVELOPER_LIBRARY_DIR)/Frameworks",
				);
				GCC_PRECOMPILE_PREFIX_HEADER = YES;
				GCC_PREFIX_HEADER = "UltraCalc/UltraCalc-Prefix.pch";
				INFOPLIST_FILE = "UltraCalcTests/UltraCalcTests-Info.plist";
				PRODUCT_NAME = "$(TARGET_NAME)";
				TEST_HOST = "$(BUNDLE_LOADER)";
				WRAPPER_EXTENSION = octest;
			};
			name = Release;
		};
/* End XCBuildConfiguration section */

/* Begin XCConfigurationList section */
		E41ED903151F6DCC00F4D87F /* Build configuration list for PBXProject "UltraCalc" */ = {
			isa = XCConfigurationList;
			buildConfigurations = (
				E41ED93A151F6DCD00F4D87F /* Debug */,
				E41ED93B151F6DCD00F4D87F /* Release */,
			);
			defaultConfigurationIsVisible = 0;
			defaultConfigurationName = Release;
		};
		E41ED93C151F6DCD00F4D87F /* Build configuration list for PBXNativeTarget "UltraCalc" */ = {
			isa = XCConfigurationList;
			buildConfigurations = (
				E41ED93D151F6DCD00F4D87F /* Debug */,
				E41ED93E151F6DCD00F4D87F /* Release */,
			);
			defaultConfigurationIsVisible = 0;
			defaultConfigurationName = Release;
		};
		E41ED93F151F6DCD00F4D87F /* Build configuration list for PBXNativeTarget "UltraCalcTests" */ = {
			isa = XCConfigurationList;
			buildConfigurations = (
				E41ED940151F6DCD00F4D87F /* Debug */,
				E41ED941151F6DCD00F4D87F /* Release */,
			);
			defaultConfigurationIsVisible = 0;
			defaultConfigurationName = Release;
		};
/* End XCConfigurationList section */
	};
	rootObject = E41ED900151F6DCC00F4D87F /* Project object */;
}
